
Microsoft Visual Studio Solution File, Format Version 12.00
# Visual Studio Version 16
VisualStudioVersion = 16.0.29009.5
MinimumVisualStudioVersion = 10.0.40219.1
Project("{2150E333-8FDC-42A3-9474-1A3956D46DE8}") = "_solution Items", "_solution Items", "{F02BD296-187F-4C67-A229-3B66E321C764}"
	ProjectSection(SolutionItems) = preProject
		..\.gitattributes = ..\.gitattributes
		..\.gitignore = ..\.gitignore
		Auxiliary Files\Texts\Graph - Map.txt = Auxiliary Files\Texts\Graph - Map.txt
		Auxiliary Files\Texts\How should it  be.txt = Auxiliary Files\Texts\How should it  be.txt
		Auxiliary Files\Texts\Links.txt = Auxiliary Files\Texts\Links.txt
		Auxiliary Files\responsibility zones.txt = Auxiliary Files\responsibility zones.txt
		Auxiliary Files\Texts\todo.txt = Auxiliary Files\Texts\todo.txt
	EndProjectSection
EndProject
Project("{FAE04EC0-301F-11D3-BF4B-00C04F79EFBC}") = "GMap.NET.Core", "GMap.NET.Core\GMap.NET.Core.csproj", "{D0C39D9D-BED0-418B-9A5E-713176CAF40C}"
EndProject
Project("{FAE04EC0-301F-11D3-BF4B-00C04F79EFBC}") = "GMap.NET.WindowsPresentation", "GMap.NET.WindowsPresentation\GMap.NET.WindowsPresentation.csproj", "{644FE7D4-0184-400F-B2D7-99CB41360658}"
EndProject
Project("{2150E333-8FDC-42A3-9474-1A3956D46DE8}") = "Client", "Client", "{30F780F4-2EC3-46E4-B4A5-285511FA269D}"
EndProject
Project("{2150E333-8FDC-42A3-9474-1A3956D46DE8}") = "RTU", "RTU", "{42AA9301-85D4-4443-8326-367AAEC4A258}"
EndProject
Project("{FAE04EC0-301F-11D3-BF4B-00C04F79EFBC}") = "DirectCharonLibrary", "RTU\DirectCharonLibrary\DirectCharonLibrary.csproj", "{AED4A94A-A19E-4625-8037-4F5D9489E04C}"
EndProject
Project("{FAE04EC0-301F-11D3-BF4B-00C04F79EFBC}") = "IitOtdrLibrary", "RTU\IitOtdrLibrary\IitOtdrLibrary.csproj", "{E9122BBB-B015-4710-BDD3-03243EE8CBCD}"
EndProject
Project("{FAE04EC0-301F-11D3-BF4B-00C04F79EFBC}") = "RtuManagement", "RTU\RtuManagement\RtuManagement.csproj", "{277C2787-8886-4B77-B81C-6FC8526803DC}"
EndProject
Project("{FAE04EC0-301F-11D3-BF4B-00C04F79EFBC}") = "RtuService", "RTU\RtuService\RtuService.csproj", "{922C03AE-B0D7-4007-8788-D16FFAB89F05}"
EndProject
Project("{FAE04EC0-301F-11D3-BF4B-00C04F79EFBC}") = "RtuWatchdog", "RTU\RtuWatchdog\RtuWatchdog.csproj", "{521CB593-76D9-40A5-A5AD-C8845BDF103B}"
EndProject
Project("{2150E333-8FDC-42A3-9474-1A3956D46DE8}") = "DataCenter", "DataCenter", "{8D9C27AA-A0E9-4F25-A8F9-EC180BACC347}"
EndProject
Project("{2150E333-8FDC-42A3-9474-1A3956D46DE8}") = "Shared", "Shared", "{B846E623-4E4F-4781-B4A4-D598397CF672}"
EndProject
Project("{FAE04EC0-301F-11D3-BF4B-00C04F79EFBC}") = "WpfCommonViews", "Client\WpfCommonViews\WpfCommonViews.csproj", "{E98E6CC5-94E4-44B7-AF5C-7F4F74746467}"
EndProject
Project("{FAE04EC0-301F-11D3-BF4B-00C04F79EFBC}") = "DirectRtuClient", "Client\DirectRtuClient\DirectRtuClient.csproj", "{4A0D2396-FFD3-4E2A-82D8-35F2C46DF6F9}"
EndProject
Project("{FAE04EC0-301F-11D3-BF4B-00C04F79EFBC}") = "WpfClient", "Client\WpfClient\WpfClient.csproj", "{0A6DFC12-DC4A-4C44-923F-CEE3DD6B3521}"
EndProject
Project("{FAE04EC0-301F-11D3-BF4B-00C04F79EFBC}") = "Graph", "Client\Graph\Graph.csproj", "{A734876E-977B-4DDA-B6A4-AD1DD525C6D1}"
EndProject
Project("{FAE04EC0-301F-11D3-BF4B-00C04F79EFBC}") = "RtuWcfServiceInterface", "RTU\RtuWcfService\RtuWcfServiceInterface.csproj", "{D7C82E5D-E536-4684-B18F-9E1A341324D6}"
EndProject
Project("{FAE04EC0-301F-11D3-BF4B-00C04F79EFBC}") = "LicenseMaker", "Client\LicenseMaker\LicenseMaker.csproj", "{81DC7363-7379-4C23-8970-3CFEE77DB44C}"
EndProject
Project("{FAE04EC0-301F-11D3-BF4B-00C04F79EFBC}") = "DbMigrationWpf", "Client\DbMigrationWpf\DbMigrationWpf.csproj", "{032C090B-3597-4749-AD9E-64AF380EF254}"
EndProject
Project("{FAE04EC0-301F-11D3-BF4B-00C04F79EFBC}") = "Dto", "Shared\Dto\Dto.csproj", "{86A00748-2A4E-4180-B04E-0E1F6A62A258}"
EndProject
Project("{FAE04EC0-301F-11D3-BF4B-00C04F79EFBC}") = "StringResources", "Shared\StringResources\StringResources.csproj", "{0CB0EA37-4A27-45F0-BB01-4C0E064E8962}"
EndProject
Project("{FAE04EC0-301F-11D3-BF4B-00C04F79EFBC}") = "UtilsLib", "Shared\Utils35\UtilsLib.csproj", "{716240FF-D1E8-4BD3-9E63-431382617398}"
EndProject
Project("{FAE04EC0-301F-11D3-BF4B-00C04F79EFBC}") = "WcfConnections", "Shared\WcfConnections\WcfConnections.csproj", "{5194AD3B-E031-4F61-ADED-C1E92999ACF2}"
EndProject
Project("{FAE04EC0-301F-11D3-BF4B-00C04F79EFBC}") = "DatabaseLibrary", "DataCenter\DatabaseLibrary\DatabaseLibrary.csproj", "{84EDD696-9478-4CDC-ABD1-E4C83A764072}"
EndProject
Project("{FAE04EC0-301F-11D3-BF4B-00C04F79EFBC}") = "DataCenterCore", "DataCenter\DataCenterCore\DataCenterCore.csproj", "{6BA3EA08-6BDB-4B2D-8729-409E136D4D74}"
EndProject
Project("{FAE04EC0-301F-11D3-BF4B-00C04F79EFBC}") = "DataCenterService", "DataCenter\DataCenterService\DataCenterService.csproj", "{BCA77A87-7253-464B-9721-14673268BA42}"
EndProject
Project("{FAE04EC0-301F-11D3-BF4B-00C04F79EFBC}") = "Tests", "DataCenter\Tests\Tests.csproj", "{7F241F0D-E08D-4A64-92B5-37EB3CE1BC4C}"
EndProject
Project("{FAE04EC0-301F-11D3-BF4B-00C04F79EFBC}") = "Uninstall", "Uninstall\Uninstall.csproj", "{8CF2E31C-D62F-4D57-92B4-733DA2FA28B5}"
EndProject
Project("{FAE04EC0-301F-11D3-BF4B-00C04F79EFBC}") = "SuperClient", "Client\SuperClient\SuperClient.csproj", "{24FD45AB-7511-4652-B675-A3B7CD4684F0}"
EndProject
Project("{FAE04EC0-301F-11D3-BF4B-00C04F79EFBC}") = "KadastrLoader", "Client\KadastrLoader\KadastrLoader.csproj", "{961FD7CC-5434-4530-AD87-E0D05AC28C28}"
EndProject
Project("{FAE04EC0-301F-11D3-BF4B-00C04F79EFBC}") = "Broadcaster", "Client\Broadcaster\Broadcaster.csproj", "{7FEAB0A0-DFBA-453B-A008-5148DC9C4E7A}"
EndProject
Project("{FAE04EC0-301F-11D3-BF4B-00C04F79EFBC}") = "Graph.Tests", "Client\Graph.Tests\Graph.Tests.csproj", "{456F0424-B6BD-452C-A4B9-53DEB92E829C}"
EndProject
Project("{FAE04EC0-301F-11D3-BF4B-00C04F79EFBC}") = "MapLoader", "Client\MapLoader\MapLoader.csproj", "{78128B76-31B3-4F4E-825F-2BD1E25B40E5}"
EndProject
Project("{9A19103F-16F7-4668-BE54-9A1E7A4F7556}") = "DataCenterWebApi", "DataCenter\DataCenterWebApi\DataCenterWebApi.csproj", "{479CD971-95EB-4C29-A4BE-A5694DA96E86}"
EndProject
Project("{FAE04EC0-301F-11D3-BF4B-00C04F79EFBC}") = "D2RtuVeexLibrary", "DataCenter\D2RtuVeexLibrary\D2RtuVeexLibrary.csproj", "{A1BF104B-0D36-4895-81D9-9AC054FC4FAD}"
EndProject
Project("{FAE04EC0-301F-11D3-BF4B-00C04F79EFBC}") = "InstallRtu", "InstallRtu\InstallRtu.csproj", "{4B689711-F327-4C45-AFE0-982F58F21B93}"
EndProject
Project("{FAE04EC0-301F-11D3-BF4B-00C04F79EFBC}") = "Install", "Install\Install.csproj", "{7B8B504D-36D3-4AAF-8201-CB9D2A8A1E38}"
EndProject
Project("{FAE04EC0-301F-11D3-BF4B-00C04F79EFBC}") = "LicenseViewer", "Client\LicenseViewer\LicenseViewer.csproj", "{600584A8-1CDA-48C4-94F0-56225079C684}"
EndProject
Global
	GlobalSection(SolutionConfigurationPlatforms) = preSolution
		Debug|Any CPU = Debug|Any CPU
		Debug|x86 = Debug|x86
		ForRtuXP|Any CPU = ForRtuXP|Any CPU
		ForRtuXP|x86 = ForRtuXP|x86
		Release|Any CPU = Release|Any CPU
		Release|x86 = Release|x86
		v4.0-Debug|Any CPU = v4.0-Debug|Any CPU
		v4.0-Debug|x86 = v4.0-Debug|x86
		v4.0-Release|Any CPU = v4.0-Release|Any CPU
		v4.0-Release|x86 = v4.0-Release|x86
	EndGlobalSection
	GlobalSection(ProjectConfigurationPlatforms) = postSolution
		{D0C39D9D-BED0-418B-9A5E-713176CAF40C}.Debug|Any CPU.ActiveCfg = Debug|Any CPU
		{D0C39D9D-BED0-418B-9A5E-713176CAF40C}.Debug|Any CPU.Build.0 = Debug|Any CPU
		{D0C39D9D-BED0-418B-9A5E-713176CAF40C}.Debug|x86.ActiveCfg = Debug|Any CPU
		{D0C39D9D-BED0-418B-9A5E-713176CAF40C}.Debug|x86.Build.0 = Debug|Any CPU
		{D0C39D9D-BED0-418B-9A5E-713176CAF40C}.ForRtuXP|Any CPU.ActiveCfg = ForRtuXP|Any CPU
		{D0C39D9D-BED0-418B-9A5E-713176CAF40C}.ForRtuXP|Any CPU.Build.0 = ForRtuXP|Any CPU
		{D0C39D9D-BED0-418B-9A5E-713176CAF40C}.ForRtuXP|x86.ActiveCfg = Release|Any CPU
		{D0C39D9D-BED0-418B-9A5E-713176CAF40C}.ForRtuXP|x86.Build.0 = Release|Any CPU
		{D0C39D9D-BED0-418B-9A5E-713176CAF40C}.Release|Any CPU.ActiveCfg = Release|Any CPU
		{D0C39D9D-BED0-418B-9A5E-713176CAF40C}.Release|Any CPU.Build.0 = Release|Any CPU
		{D0C39D9D-BED0-418B-9A5E-713176CAF40C}.Release|x86.ActiveCfg = Release|Any CPU
		{D0C39D9D-BED0-418B-9A5E-713176CAF40C}.Release|x86.Build.0 = Release|Any CPU
		{D0C39D9D-BED0-418B-9A5E-713176CAF40C}.v4.0-Debug|Any CPU.ActiveCfg = v4.0-Debug|Any CPU
		{D0C39D9D-BED0-418B-9A5E-713176CAF40C}.v4.0-Debug|Any CPU.Build.0 = v4.0-Debug|Any CPU
		{D0C39D9D-BED0-418B-9A5E-713176CAF40C}.v4.0-Debug|x86.ActiveCfg = v4.0-Debug|Any CPU
		{D0C39D9D-BED0-418B-9A5E-713176CAF40C}.v4.0-Debug|x86.Build.0 = v4.0-Debug|Any CPU
		{D0C39D9D-BED0-418B-9A5E-713176CAF40C}.v4.0-Release|Any CPU.ActiveCfg = v4.0-Release|Any CPU
		{D0C39D9D-BED0-418B-9A5E-713176CAF40C}.v4.0-Release|Any CPU.Build.0 = v4.0-Release|Any CPU
		{D0C39D9D-BED0-418B-9A5E-713176CAF40C}.v4.0-Release|x86.ActiveCfg = v4.0-Release|Any CPU
		{D0C39D9D-BED0-418B-9A5E-713176CAF40C}.v4.0-Release|x86.Build.0 = v4.0-Release|Any CPU
		{644FE7D4-0184-400F-B2D7-99CB41360658}.Debug|Any CPU.ActiveCfg = Debug|Any CPU
		{644FE7D4-0184-400F-B2D7-99CB41360658}.Debug|Any CPU.Build.0 = Debug|Any CPU
		{644FE7D4-0184-400F-B2D7-99CB41360658}.Debug|x86.ActiveCfg = Debug|Any CPU
		{644FE7D4-0184-400F-B2D7-99CB41360658}.Debug|x86.Build.0 = Debug|Any CPU
		{644FE7D4-0184-400F-B2D7-99CB41360658}.ForRtuXP|Any CPU.ActiveCfg = ForRtuXP|Any CPU
		{644FE7D4-0184-400F-B2D7-99CB41360658}.ForRtuXP|Any CPU.Build.0 = ForRtuXP|Any CPU
		{644FE7D4-0184-400F-B2D7-99CB41360658}.ForRtuXP|x86.ActiveCfg = Release|Any CPU
		{644FE7D4-0184-400F-B2D7-99CB41360658}.ForRtuXP|x86.Build.0 = Release|Any CPU
		{644FE7D4-0184-400F-B2D7-99CB41360658}.Release|Any CPU.ActiveCfg = Release|Any CPU
		{644FE7D4-0184-400F-B2D7-99CB41360658}.Release|Any CPU.Build.0 = Release|Any CPU
		{644FE7D4-0184-400F-B2D7-99CB41360658}.Release|x86.ActiveCfg = Release|Any CPU
		{644FE7D4-0184-400F-B2D7-99CB41360658}.Release|x86.Build.0 = Release|Any CPU
		{644FE7D4-0184-400F-B2D7-99CB41360658}.v4.0-Debug|Any CPU.ActiveCfg = v4.0-Debug|Any CPU
		{644FE7D4-0184-400F-B2D7-99CB41360658}.v4.0-Debug|Any CPU.Build.0 = v4.0-Debug|Any CPU
		{644FE7D4-0184-400F-B2D7-99CB41360658}.v4.0-Debug|x86.ActiveCfg = v4.0-Debug|Any CPU
		{644FE7D4-0184-400F-B2D7-99CB41360658}.v4.0-Debug|x86.Build.0 = v4.0-Debug|Any CPU
		{644FE7D4-0184-400F-B2D7-99CB41360658}.v4.0-Release|Any CPU.ActiveCfg = v4.0-Release|Any CPU
		{644FE7D4-0184-400F-B2D7-99CB41360658}.v4.0-Release|Any CPU.Build.0 = v4.0-Release|Any CPU
		{644FE7D4-0184-400F-B2D7-99CB41360658}.v4.0-Release|x86.ActiveCfg = v4.0-Release|Any CPU
		{644FE7D4-0184-400F-B2D7-99CB41360658}.v4.0-Release|x86.Build.0 = v4.0-Release|Any CPU
		{AED4A94A-A19E-4625-8037-4F5D9489E04C}.Debug|Any CPU.ActiveCfg = Debug|Any CPU
		{AED4A94A-A19E-4625-8037-4F5D9489E04C}.Debug|Any CPU.Build.0 = Debug|Any CPU
		{AED4A94A-A19E-4625-8037-4F5D9489E04C}.Debug|x86.ActiveCfg = Debug|x86
		{AED4A94A-A19E-4625-8037-4F5D9489E04C}.Debug|x86.Build.0 = Debug|x86
		{AED4A94A-A19E-4625-8037-4F5D9489E04C}.ForRtuXP|Any CPU.ActiveCfg = ForRtuXP|Any CPU
		{AED4A94A-A19E-4625-8037-4F5D9489E04C}.ForRtuXP|Any CPU.Build.0 = ForRtuXP|Any CPU
		{AED4A94A-A19E-4625-8037-4F5D9489E04C}.ForRtuXP|x86.ActiveCfg = ForRtuXP|x86
		{AED4A94A-A19E-4625-8037-4F5D9489E04C}.ForRtuXP|x86.Build.0 = ForRtuXP|x86
		{AED4A94A-A19E-4625-8037-4F5D9489E04C}.Release|Any CPU.ActiveCfg = Release|Any CPU
		{AED4A94A-A19E-4625-8037-4F5D9489E04C}.Release|Any CPU.Build.0 = Release|Any CPU
		{AED4A94A-A19E-4625-8037-4F5D9489E04C}.Release|x86.ActiveCfg = Release|x86
		{AED4A94A-A19E-4625-8037-4F5D9489E04C}.Release|x86.Build.0 = Release|x86
		{AED4A94A-A19E-4625-8037-4F5D9489E04C}.v4.0-Debug|Any CPU.ActiveCfg = Debug|Any CPU
		{AED4A94A-A19E-4625-8037-4F5D9489E04C}.v4.0-Debug|Any CPU.Build.0 = Debug|Any CPU
		{AED4A94A-A19E-4625-8037-4F5D9489E04C}.v4.0-Debug|x86.ActiveCfg = Debug|x86
		{AED4A94A-A19E-4625-8037-4F5D9489E04C}.v4.0-Debug|x86.Build.0 = Debug|x86
		{AED4A94A-A19E-4625-8037-4F5D9489E04C}.v4.0-Release|Any CPU.ActiveCfg = Release|Any CPU
		{AED4A94A-A19E-4625-8037-4F5D9489E04C}.v4.0-Release|Any CPU.Build.0 = Release|Any CPU
		{AED4A94A-A19E-4625-8037-4F5D9489E04C}.v4.0-Release|x86.ActiveCfg = Release|x86
		{AED4A94A-A19E-4625-8037-4F5D9489E04C}.v4.0-Release|x86.Build.0 = Release|x86
		{E9122BBB-B015-4710-BDD3-03243EE8CBCD}.Debug|Any CPU.ActiveCfg = Debug|Any CPU
		{E9122BBB-B015-4710-BDD3-03243EE8CBCD}.Debug|Any CPU.Build.0 = Debug|Any CPU
		{E9122BBB-B015-4710-BDD3-03243EE8CBCD}.Debug|x86.ActiveCfg = Debug|x86
		{E9122BBB-B015-4710-BDD3-03243EE8CBCD}.Debug|x86.Build.0 = Debug|x86
		{E9122BBB-B015-4710-BDD3-03243EE8CBCD}.ForRtuXP|Any CPU.ActiveCfg = ForRtuXP|Any CPU
		{E9122BBB-B015-4710-BDD3-03243EE8CBCD}.ForRtuXP|Any CPU.Build.0 = ForRtuXP|Any CPU
		{E9122BBB-B015-4710-BDD3-03243EE8CBCD}.ForRtuXP|x86.ActiveCfg = ForRtuXP|x86
		{E9122BBB-B015-4710-BDD3-03243EE8CBCD}.ForRtuXP|x86.Build.0 = ForRtuXP|x86
		{E9122BBB-B015-4710-BDD3-03243EE8CBCD}.Release|Any CPU.ActiveCfg = Release|Any CPU
		{E9122BBB-B015-4710-BDD3-03243EE8CBCD}.Release|Any CPU.Build.0 = Release|Any CPU
		{E9122BBB-B015-4710-BDD3-03243EE8CBCD}.Release|x86.ActiveCfg = Release|x86
		{E9122BBB-B015-4710-BDD3-03243EE8CBCD}.Release|x86.Build.0 = Release|x86
		{E9122BBB-B015-4710-BDD3-03243EE8CBCD}.v4.0-Debug|Any CPU.ActiveCfg = Debug|Any CPU
		{E9122BBB-B015-4710-BDD3-03243EE8CBCD}.v4.0-Debug|Any CPU.Build.0 = Debug|Any CPU
		{E9122BBB-B015-4710-BDD3-03243EE8CBCD}.v4.0-Debug|x86.ActiveCfg = Debug|x86
		{E9122BBB-B015-4710-BDD3-03243EE8CBCD}.v4.0-Debug|x86.Build.0 = Debug|x86
		{E9122BBB-B015-4710-BDD3-03243EE8CBCD}.v4.0-Release|Any CPU.ActiveCfg = Release|Any CPU
		{E9122BBB-B015-4710-BDD3-03243EE8CBCD}.v4.0-Release|Any CPU.Build.0 = Release|Any CPU
		{E9122BBB-B015-4710-BDD3-03243EE8CBCD}.v4.0-Release|x86.ActiveCfg = Release|x86
		{E9122BBB-B015-4710-BDD3-03243EE8CBCD}.v4.0-Release|x86.Build.0 = Release|x86
		{277C2787-8886-4B77-B81C-6FC8526803DC}.Debug|Any CPU.ActiveCfg = Debug|Any CPU
		{277C2787-8886-4B77-B81C-6FC8526803DC}.Debug|Any CPU.Build.0 = Debug|Any CPU
		{277C2787-8886-4B77-B81C-6FC8526803DC}.Debug|x86.ActiveCfg = Debug|x86
		{277C2787-8886-4B77-B81C-6FC8526803DC}.Debug|x86.Build.0 = Debug|x86
		{277C2787-8886-4B77-B81C-6FC8526803DC}.ForRtuXP|Any CPU.ActiveCfg = ForRtuXP|Any CPU
		{277C2787-8886-4B77-B81C-6FC8526803DC}.ForRtuXP|Any CPU.Build.0 = ForRtuXP|Any CPU
		{277C2787-8886-4B77-B81C-6FC8526803DC}.ForRtuXP|x86.ActiveCfg = ForRtuXP|x86
		{277C2787-8886-4B77-B81C-6FC8526803DC}.ForRtuXP|x86.Build.0 = ForRtuXP|x86
		{277C2787-8886-4B77-B81C-6FC8526803DC}.Release|Any CPU.ActiveCfg = Release|Any CPU
		{277C2787-8886-4B77-B81C-6FC8526803DC}.Release|Any CPU.Build.0 = Release|Any CPU
		{277C2787-8886-4B77-B81C-6FC8526803DC}.Release|x86.ActiveCfg = Release|x86
		{277C2787-8886-4B77-B81C-6FC8526803DC}.Release|x86.Build.0 = Release|x86
		{277C2787-8886-4B77-B81C-6FC8526803DC}.v4.0-Debug|Any CPU.ActiveCfg = Debug|Any CPU
		{277C2787-8886-4B77-B81C-6FC8526803DC}.v4.0-Debug|Any CPU.Build.0 = Debug|Any CPU
		{277C2787-8886-4B77-B81C-6FC8526803DC}.v4.0-Debug|x86.ActiveCfg = Debug|x86
		{277C2787-8886-4B77-B81C-6FC8526803DC}.v4.0-Debug|x86.Build.0 = Debug|x86
		{277C2787-8886-4B77-B81C-6FC8526803DC}.v4.0-Release|Any CPU.ActiveCfg = Release|Any CPU
		{277C2787-8886-4B77-B81C-6FC8526803DC}.v4.0-Release|Any CPU.Build.0 = Release|Any CPU
		{277C2787-8886-4B77-B81C-6FC8526803DC}.v4.0-Release|x86.ActiveCfg = Release|x86
		{277C2787-8886-4B77-B81C-6FC8526803DC}.v4.0-Release|x86.Build.0 = Release|x86
		{922C03AE-B0D7-4007-8788-D16FFAB89F05}.Debug|Any CPU.ActiveCfg = Debug|Any CPU
		{922C03AE-B0D7-4007-8788-D16FFAB89F05}.Debug|Any CPU.Build.0 = Debug|Any CPU
		{922C03AE-B0D7-4007-8788-D16FFAB89F05}.Debug|x86.ActiveCfg = Debug|x86
		{922C03AE-B0D7-4007-8788-D16FFAB89F05}.Debug|x86.Build.0 = Debug|x86
		{922C03AE-B0D7-4007-8788-D16FFAB89F05}.ForRtuXP|Any CPU.ActiveCfg = ForRtuXP|Any CPU
		{922C03AE-B0D7-4007-8788-D16FFAB89F05}.ForRtuXP|Any CPU.Build.0 = ForRtuXP|Any CPU
		{922C03AE-B0D7-4007-8788-D16FFAB89F05}.ForRtuXP|x86.ActiveCfg = ForRtuXP|x86
		{922C03AE-B0D7-4007-8788-D16FFAB89F05}.ForRtuXP|x86.Build.0 = ForRtuXP|x86
		{922C03AE-B0D7-4007-8788-D16FFAB89F05}.Release|Any CPU.ActiveCfg = Release|Any CPU
		{922C03AE-B0D7-4007-8788-D16FFAB89F05}.Release|Any CPU.Build.0 = Release|Any CPU
		{922C03AE-B0D7-4007-8788-D16FFAB89F05}.Release|x86.ActiveCfg = Release|x86
		{922C03AE-B0D7-4007-8788-D16FFAB89F05}.Release|x86.Build.0 = Release|x86
		{922C03AE-B0D7-4007-8788-D16FFAB89F05}.v4.0-Debug|Any CPU.ActiveCfg = Debug|Any CPU
		{922C03AE-B0D7-4007-8788-D16FFAB89F05}.v4.0-Debug|Any CPU.Build.0 = Debug|Any CPU
		{922C03AE-B0D7-4007-8788-D16FFAB89F05}.v4.0-Debug|x86.ActiveCfg = Debug|x86
		{922C03AE-B0D7-4007-8788-D16FFAB89F05}.v4.0-Debug|x86.Build.0 = Debug|x86
		{922C03AE-B0D7-4007-8788-D16FFAB89F05}.v4.0-Release|Any CPU.ActiveCfg = Release|Any CPU
		{922C03AE-B0D7-4007-8788-D16FFAB89F05}.v4.0-Release|Any CPU.Build.0 = Release|Any CPU
		{922C03AE-B0D7-4007-8788-D16FFAB89F05}.v4.0-Release|x86.ActiveCfg = Release|x86
		{922C03AE-B0D7-4007-8788-D16FFAB89F05}.v4.0-Release|x86.Build.0 = Release|x86
		{521CB593-76D9-40A5-A5AD-C8845BDF103B}.Debug|Any CPU.ActiveCfg = Debug|Any CPU
		{521CB593-76D9-40A5-A5AD-C8845BDF103B}.Debug|Any CPU.Build.0 = Debug|Any CPU
		{521CB593-76D9-40A5-A5AD-C8845BDF103B}.Debug|x86.ActiveCfg = Debug|Any CPU
		{521CB593-76D9-40A5-A5AD-C8845BDF103B}.Debug|x86.Build.0 = Debug|Any CPU
		{521CB593-76D9-40A5-A5AD-C8845BDF103B}.ForRtuXP|Any CPU.ActiveCfg = Release|Any CPU
		{521CB593-76D9-40A5-A5AD-C8845BDF103B}.ForRtuXP|Any CPU.Build.0 = Release|Any CPU
		{521CB593-76D9-40A5-A5AD-C8845BDF103B}.ForRtuXP|x86.ActiveCfg = Release|Any CPU
		{521CB593-76D9-40A5-A5AD-C8845BDF103B}.ForRtuXP|x86.Build.0 = Release|Any CPU
		{521CB593-76D9-40A5-A5AD-C8845BDF103B}.Release|Any CPU.ActiveCfg = Release|Any CPU
		{521CB593-76D9-40A5-A5AD-C8845BDF103B}.Release|Any CPU.Build.0 = Release|Any CPU
		{521CB593-76D9-40A5-A5AD-C8845BDF103B}.Release|x86.ActiveCfg = Release|Any CPU
		{521CB593-76D9-40A5-A5AD-C8845BDF103B}.Release|x86.Build.0 = Release|Any CPU
		{521CB593-76D9-40A5-A5AD-C8845BDF103B}.v4.0-Debug|Any CPU.ActiveCfg = Debug|Any CPU
		{521CB593-76D9-40A5-A5AD-C8845BDF103B}.v4.0-Debug|Any CPU.Build.0 = Debug|Any CPU
		{521CB593-76D9-40A5-A5AD-C8845BDF103B}.v4.0-Debug|x86.ActiveCfg = Debug|Any CPU
		{521CB593-76D9-40A5-A5AD-C8845BDF103B}.v4.0-Debug|x86.Build.0 = Debug|Any CPU
		{521CB593-76D9-40A5-A5AD-C8845BDF103B}.v4.0-Release|Any CPU.ActiveCfg = Release|Any CPU
		{521CB593-76D9-40A5-A5AD-C8845BDF103B}.v4.0-Release|Any CPU.Build.0 = Release|Any CPU
		{521CB593-76D9-40A5-A5AD-C8845BDF103B}.v4.0-Release|x86.ActiveCfg = Release|Any CPU
		{521CB593-76D9-40A5-A5AD-C8845BDF103B}.v4.0-Release|x86.Build.0 = Release|Any CPU
		{E98E6CC5-94E4-44B7-AF5C-7F4F74746467}.Debug|Any CPU.ActiveCfg = Debug|Any CPU
		{E98E6CC5-94E4-44B7-AF5C-7F4F74746467}.Debug|Any CPU.Build.0 = Debug|Any CPU
		{E98E6CC5-94E4-44B7-AF5C-7F4F74746467}.Debug|x86.ActiveCfg = Debug|x86
		{E98E6CC5-94E4-44B7-AF5C-7F4F74746467}.Debug|x86.Build.0 = Debug|x86
		{E98E6CC5-94E4-44B7-AF5C-7F4F74746467}.ForRtuXP|Any CPU.ActiveCfg = ForRtuXP|Any CPU
		{E98E6CC5-94E4-44B7-AF5C-7F4F74746467}.ForRtuXP|Any CPU.Build.0 = ForRtuXP|Any CPU
		{E98E6CC5-94E4-44B7-AF5C-7F4F74746467}.ForRtuXP|x86.ActiveCfg = ForRtuXP|x86
		{E98E6CC5-94E4-44B7-AF5C-7F4F74746467}.ForRtuXP|x86.Build.0 = ForRtuXP|x86
		{E98E6CC5-94E4-44B7-AF5C-7F4F74746467}.Release|Any CPU.ActiveCfg = Release|Any CPU
		{E98E6CC5-94E4-44B7-AF5C-7F4F74746467}.Release|Any CPU.Build.0 = Release|Any CPU
		{E98E6CC5-94E4-44B7-AF5C-7F4F74746467}.Release|x86.ActiveCfg = Release|x86
		{E98E6CC5-94E4-44B7-AF5C-7F4F74746467}.Release|x86.Build.0 = Release|x86
		{E98E6CC5-94E4-44B7-AF5C-7F4F74746467}.v4.0-Debug|Any CPU.ActiveCfg = Debug|Any CPU
		{E98E6CC5-94E4-44B7-AF5C-7F4F74746467}.v4.0-Debug|Any CPU.Build.0 = Debug|Any CPU
		{E98E6CC5-94E4-44B7-AF5C-7F4F74746467}.v4.0-Debug|x86.ActiveCfg = Debug|x86
		{E98E6CC5-94E4-44B7-AF5C-7F4F74746467}.v4.0-Debug|x86.Build.0 = Debug|x86
		{E98E6CC5-94E4-44B7-AF5C-7F4F74746467}.v4.0-Release|Any CPU.ActiveCfg = Release|Any CPU
		{E98E6CC5-94E4-44B7-AF5C-7F4F74746467}.v4.0-Release|Any CPU.Build.0 = Release|Any CPU
		{E98E6CC5-94E4-44B7-AF5C-7F4F74746467}.v4.0-Release|x86.ActiveCfg = Release|x86
		{E98E6CC5-94E4-44B7-AF5C-7F4F74746467}.v4.0-Release|x86.Build.0 = Release|x86
		{4A0D2396-FFD3-4E2A-82D8-35F2C46DF6F9}.Debug|Any CPU.ActiveCfg = Debug|Any CPU
		{4A0D2396-FFD3-4E2A-82D8-35F2C46DF6F9}.Debug|Any CPU.Build.0 = Debug|Any CPU
		{4A0D2396-FFD3-4E2A-82D8-35F2C46DF6F9}.Debug|x86.ActiveCfg = Debug|x86
		{4A0D2396-FFD3-4E2A-82D8-35F2C46DF6F9}.Debug|x86.Build.0 = Debug|x86
		{4A0D2396-FFD3-4E2A-82D8-35F2C46DF6F9}.ForRtuXP|Any CPU.ActiveCfg = ForRtuXP|Any CPU
		{4A0D2396-FFD3-4E2A-82D8-35F2C46DF6F9}.ForRtuXP|Any CPU.Build.0 = ForRtuXP|Any CPU
		{4A0D2396-FFD3-4E2A-82D8-35F2C46DF6F9}.ForRtuXP|x86.ActiveCfg = ForRtuXP|x86
		{4A0D2396-FFD3-4E2A-82D8-35F2C46DF6F9}.ForRtuXP|x86.Build.0 = ForRtuXP|x86
		{4A0D2396-FFD3-4E2A-82D8-35F2C46DF6F9}.Release|Any CPU.ActiveCfg = Release|Any CPU
		{4A0D2396-FFD3-4E2A-82D8-35F2C46DF6F9}.Release|Any CPU.Build.0 = Release|Any CPU
		{4A0D2396-FFD3-4E2A-82D8-35F2C46DF6F9}.Release|x86.ActiveCfg = Release|x86
		{4A0D2396-FFD3-4E2A-82D8-35F2C46DF6F9}.Release|x86.Build.0 = Release|x86
		{4A0D2396-FFD3-4E2A-82D8-35F2C46DF6F9}.v4.0-Debug|Any CPU.ActiveCfg = Debug|Any CPU
		{4A0D2396-FFD3-4E2A-82D8-35F2C46DF6F9}.v4.0-Debug|Any CPU.Build.0 = Debug|Any CPU
		{4A0D2396-FFD3-4E2A-82D8-35F2C46DF6F9}.v4.0-Debug|x86.ActiveCfg = Debug|x86
		{4A0D2396-FFD3-4E2A-82D8-35F2C46DF6F9}.v4.0-Debug|x86.Build.0 = Debug|x86
		{4A0D2396-FFD3-4E2A-82D8-35F2C46DF6F9}.v4.0-Release|Any CPU.ActiveCfg = Release|Any CPU
		{4A0D2396-FFD3-4E2A-82D8-35F2C46DF6F9}.v4.0-Release|Any CPU.Build.0 = Release|Any CPU
		{4A0D2396-FFD3-4E2A-82D8-35F2C46DF6F9}.v4.0-Release|x86.ActiveCfg = Release|x86
		{4A0D2396-FFD3-4E2A-82D8-35F2C46DF6F9}.v4.0-Release|x86.Build.0 = Release|x86
		{0A6DFC12-DC4A-4C44-923F-CEE3DD6B3521}.Debug|Any CPU.ActiveCfg = Debug|Any CPU
		{0A6DFC12-DC4A-4C44-923F-CEE3DD6B3521}.Debug|Any CPU.Build.0 = Debug|Any CPU
		{0A6DFC12-DC4A-4C44-923F-CEE3DD6B3521}.Debug|x86.ActiveCfg = Debug|x86
		{0A6DFC12-DC4A-4C44-923F-CEE3DD6B3521}.Debug|x86.Build.0 = Debug|x86
		{0A6DFC12-DC4A-4C44-923F-CEE3DD6B3521}.ForRtuXP|Any CPU.ActiveCfg = ForRtuXP|Any CPU
		{0A6DFC12-DC4A-4C44-923F-CEE3DD6B3521}.ForRtuXP|Any CPU.Build.0 = ForRtuXP|Any CPU
		{0A6DFC12-DC4A-4C44-923F-CEE3DD6B3521}.ForRtuXP|x86.ActiveCfg = ForRtuXP|x86
		{0A6DFC12-DC4A-4C44-923F-CEE3DD6B3521}.ForRtuXP|x86.Build.0 = ForRtuXP|x86
		{0A6DFC12-DC4A-4C44-923F-CEE3DD6B3521}.Release|Any CPU.ActiveCfg = Release|Any CPU
		{0A6DFC12-DC4A-4C44-923F-CEE3DD6B3521}.Release|Any CPU.Build.0 = Release|Any CPU
		{0A6DFC12-DC4A-4C44-923F-CEE3DD6B3521}.Release|x86.ActiveCfg = Release|x86
		{0A6DFC12-DC4A-4C44-923F-CEE3DD6B3521}.Release|x86.Build.0 = Release|x86
		{0A6DFC12-DC4A-4C44-923F-CEE3DD6B3521}.v4.0-Debug|Any CPU.ActiveCfg = Debug|Any CPU
		{0A6DFC12-DC4A-4C44-923F-CEE3DD6B3521}.v4.0-Debug|Any CPU.Build.0 = Debug|Any CPU
		{0A6DFC12-DC4A-4C44-923F-CEE3DD6B3521}.v4.0-Debug|x86.ActiveCfg = Debug|x86
		{0A6DFC12-DC4A-4C44-923F-CEE3DD6B3521}.v4.0-Debug|x86.Build.0 = Debug|x86
		{0A6DFC12-DC4A-4C44-923F-CEE3DD6B3521}.v4.0-Release|Any CPU.ActiveCfg = Release|Any CPU
		{0A6DFC12-DC4A-4C44-923F-CEE3DD6B3521}.v4.0-Release|Any CPU.Build.0 = Release|Any CPU
		{0A6DFC12-DC4A-4C44-923F-CEE3DD6B3521}.v4.0-Release|x86.ActiveCfg = Release|x86
		{0A6DFC12-DC4A-4C44-923F-CEE3DD6B3521}.v4.0-Release|x86.Build.0 = Release|x86
		{A734876E-977B-4DDA-B6A4-AD1DD525C6D1}.Debug|Any CPU.ActiveCfg = Debug|Any CPU
		{A734876E-977B-4DDA-B6A4-AD1DD525C6D1}.Debug|Any CPU.Build.0 = Debug|Any CPU
		{A734876E-977B-4DDA-B6A4-AD1DD525C6D1}.Debug|x86.ActiveCfg = Debug|x86
		{A734876E-977B-4DDA-B6A4-AD1DD525C6D1}.Debug|x86.Build.0 = Debug|x86
		{A734876E-977B-4DDA-B6A4-AD1DD525C6D1}.ForRtuXP|Any CPU.ActiveCfg = ForRtuXP|Any CPU
		{A734876E-977B-4DDA-B6A4-AD1DD525C6D1}.ForRtuXP|Any CPU.Build.0 = ForRtuXP|Any CPU
		{A734876E-977B-4DDA-B6A4-AD1DD525C6D1}.ForRtuXP|x86.ActiveCfg = ForRtuXP|x86
		{A734876E-977B-4DDA-B6A4-AD1DD525C6D1}.ForRtuXP|x86.Build.0 = ForRtuXP|x86
		{A734876E-977B-4DDA-B6A4-AD1DD525C6D1}.Release|Any CPU.ActiveCfg = Release|Any CPU
		{A734876E-977B-4DDA-B6A4-AD1DD525C6D1}.Release|Any CPU.Build.0 = Release|Any CPU
		{A734876E-977B-4DDA-B6A4-AD1DD525C6D1}.Release|x86.ActiveCfg = Release|x86
		{A734876E-977B-4DDA-B6A4-AD1DD525C6D1}.Release|x86.Build.0 = Release|x86
		{A734876E-977B-4DDA-B6A4-AD1DD525C6D1}.v4.0-Debug|Any CPU.ActiveCfg = Debug|Any CPU
		{A734876E-977B-4DDA-B6A4-AD1DD525C6D1}.v4.0-Debug|Any CPU.Build.0 = Debug|Any CPU
		{A734876E-977B-4DDA-B6A4-AD1DD525C6D1}.v4.0-Debug|x86.ActiveCfg = Debug|x86
		{A734876E-977B-4DDA-B6A4-AD1DD525C6D1}.v4.0-Debug|x86.Build.0 = Debug|x86
		{A734876E-977B-4DDA-B6A4-AD1DD525C6D1}.v4.0-Release|Any CPU.ActiveCfg = Release|Any CPU
		{A734876E-977B-4DDA-B6A4-AD1DD525C6D1}.v4.0-Release|Any CPU.Build.0 = Release|Any CPU
		{A734876E-977B-4DDA-B6A4-AD1DD525C6D1}.v4.0-Release|x86.ActiveCfg = Release|x86
		{A734876E-977B-4DDA-B6A4-AD1DD525C6D1}.v4.0-Release|x86.Build.0 = Release|x86
		{D7C82E5D-E536-4684-B18F-9E1A341324D6}.Debug|Any CPU.ActiveCfg = Debug|Any CPU
		{D7C82E5D-E536-4684-B18F-9E1A341324D6}.Debug|Any CPU.Build.0 = Debug|Any CPU
		{D7C82E5D-E536-4684-B18F-9E1A341324D6}.Debug|x86.ActiveCfg = Debug|x86
		{D7C82E5D-E536-4684-B18F-9E1A341324D6}.Debug|x86.Build.0 = Debug|x86
		{D7C82E5D-E536-4684-B18F-9E1A341324D6}.ForRtuXP|Any CPU.ActiveCfg = ForRtuXP|Any CPU
		{D7C82E5D-E536-4684-B18F-9E1A341324D6}.ForRtuXP|Any CPU.Build.0 = ForRtuXP|Any CPU
		{D7C82E5D-E536-4684-B18F-9E1A341324D6}.ForRtuXP|x86.ActiveCfg = ForRtuXP|x86
		{D7C82E5D-E536-4684-B18F-9E1A341324D6}.ForRtuXP|x86.Build.0 = ForRtuXP|x86
		{D7C82E5D-E536-4684-B18F-9E1A341324D6}.Release|Any CPU.ActiveCfg = Release|Any CPU
		{D7C82E5D-E536-4684-B18F-9E1A341324D6}.Release|Any CPU.Build.0 = Release|Any CPU
		{D7C82E5D-E536-4684-B18F-9E1A341324D6}.Release|x86.ActiveCfg = Release|x86
		{D7C82E5D-E536-4684-B18F-9E1A341324D6}.Release|x86.Build.0 = Release|x86
		{D7C82E5D-E536-4684-B18F-9E1A341324D6}.v4.0-Debug|Any CPU.ActiveCfg = Debug|Any CPU
		{D7C82E5D-E536-4684-B18F-9E1A341324D6}.v4.0-Debug|Any CPU.Build.0 = Debug|Any CPU
		{D7C82E5D-E536-4684-B18F-9E1A341324D6}.v4.0-Debug|x86.ActiveCfg = Debug|x86
		{D7C82E5D-E536-4684-B18F-9E1A341324D6}.v4.0-Debug|x86.Build.0 = Debug|x86
		{D7C82E5D-E536-4684-B18F-9E1A341324D6}.v4.0-Release|Any CPU.ActiveCfg = Release|Any CPU
		{D7C82E5D-E536-4684-B18F-9E1A341324D6}.v4.0-Release|Any CPU.Build.0 = Release|Any CPU
		{D7C82E5D-E536-4684-B18F-9E1A341324D6}.v4.0-Release|x86.ActiveCfg = Release|x86
		{D7C82E5D-E536-4684-B18F-9E1A341324D6}.v4.0-Release|x86.Build.0 = Release|x86
		{81DC7363-7379-4C23-8970-3CFEE77DB44C}.Debug|Any CPU.ActiveCfg = Debug|Any CPU
		{81DC7363-7379-4C23-8970-3CFEE77DB44C}.Debug|Any CPU.Build.0 = Debug|Any CPU
		{81DC7363-7379-4C23-8970-3CFEE77DB44C}.Debug|x86.ActiveCfg = Debug|Any CPU
		{81DC7363-7379-4C23-8970-3CFEE77DB44C}.Debug|x86.Build.0 = Debug|Any CPU
		{81DC7363-7379-4C23-8970-3CFEE77DB44C}.ForRtuXP|Any CPU.ActiveCfg = Release|Any CPU
		{81DC7363-7379-4C23-8970-3CFEE77DB44C}.ForRtuXP|Any CPU.Build.0 = Release|Any CPU
		{81DC7363-7379-4C23-8970-3CFEE77DB44C}.ForRtuXP|x86.ActiveCfg = Release|Any CPU
		{81DC7363-7379-4C23-8970-3CFEE77DB44C}.ForRtuXP|x86.Build.0 = Release|Any CPU
		{81DC7363-7379-4C23-8970-3CFEE77DB44C}.Release|Any CPU.ActiveCfg = Release|Any CPU
		{81DC7363-7379-4C23-8970-3CFEE77DB44C}.Release|Any CPU.Build.0 = Release|Any CPU
		{81DC7363-7379-4C23-8970-3CFEE77DB44C}.Release|x86.ActiveCfg = Release|Any CPU
		{81DC7363-7379-4C23-8970-3CFEE77DB44C}.Release|x86.Build.0 = Release|Any CPU
		{81DC7363-7379-4C23-8970-3CFEE77DB44C}.v4.0-Debug|Any CPU.ActiveCfg = Debug|Any CPU
		{81DC7363-7379-4C23-8970-3CFEE77DB44C}.v4.0-Debug|Any CPU.Build.0 = Debug|Any CPU
		{81DC7363-7379-4C23-8970-3CFEE77DB44C}.v4.0-Debug|x86.ActiveCfg = Debug|Any CPU
		{81DC7363-7379-4C23-8970-3CFEE77DB44C}.v4.0-Debug|x86.Build.0 = Debug|Any CPU
		{81DC7363-7379-4C23-8970-3CFEE77DB44C}.v4.0-Release|Any CPU.ActiveCfg = Release|Any CPU
		{81DC7363-7379-4C23-8970-3CFEE77DB44C}.v4.0-Release|Any CPU.Build.0 = Release|Any CPU
		{81DC7363-7379-4C23-8970-3CFEE77DB44C}.v4.0-Release|x86.ActiveCfg = Release|Any CPU
		{81DC7363-7379-4C23-8970-3CFEE77DB44C}.v4.0-Release|x86.Build.0 = Release|Any CPU
		{032C090B-3597-4749-AD9E-64AF380EF254}.Debug|Any CPU.ActiveCfg = Debug|Any CPU
		{032C090B-3597-4749-AD9E-64AF380EF254}.Debug|Any CPU.Build.0 = Debug|Any CPU
		{032C090B-3597-4749-AD9E-64AF380EF254}.Debug|x86.ActiveCfg = Debug|Any CPU
		{032C090B-3597-4749-AD9E-64AF380EF254}.Debug|x86.Build.0 = Debug|Any CPU
		{032C090B-3597-4749-AD9E-64AF380EF254}.ForRtuXP|Any CPU.ActiveCfg = Release|Any CPU
		{032C090B-3597-4749-AD9E-64AF380EF254}.ForRtuXP|Any CPU.Build.0 = Release|Any CPU
		{032C090B-3597-4749-AD9E-64AF380EF254}.ForRtuXP|x86.ActiveCfg = Release|Any CPU
		{032C090B-3597-4749-AD9E-64AF380EF254}.ForRtuXP|x86.Build.0 = Release|Any CPU
		{032C090B-3597-4749-AD9E-64AF380EF254}.Release|Any CPU.ActiveCfg = Release|Any CPU
		{032C090B-3597-4749-AD9E-64AF380EF254}.Release|Any CPU.Build.0 = Release|Any CPU
		{032C090B-3597-4749-AD9E-64AF380EF254}.Release|x86.ActiveCfg = Release|Any CPU
		{032C090B-3597-4749-AD9E-64AF380EF254}.Release|x86.Build.0 = Release|Any CPU
		{032C090B-3597-4749-AD9E-64AF380EF254}.v4.0-Debug|Any CPU.ActiveCfg = Debug|Any CPU
		{032C090B-3597-4749-AD9E-64AF380EF254}.v4.0-Debug|Any CPU.Build.0 = Debug|Any CPU
		{032C090B-3597-4749-AD9E-64AF380EF254}.v4.0-Debug|x86.ActiveCfg = Debug|Any CPU
		{032C090B-3597-4749-AD9E-64AF380EF254}.v4.0-Debug|x86.Build.0 = Debug|Any CPU
		{032C090B-3597-4749-AD9E-64AF380EF254}.v4.0-Release|Any CPU.ActiveCfg = Release|Any CPU
		{032C090B-3597-4749-AD9E-64AF380EF254}.v4.0-Release|Any CPU.Build.0 = Release|Any CPU
		{032C090B-3597-4749-AD9E-64AF380EF254}.v4.0-Release|x86.ActiveCfg = Release|Any CPU
		{032C090B-3597-4749-AD9E-64AF380EF254}.v4.0-Release|x86.Build.0 = Release|Any CPU
		{86A00748-2A4E-4180-B04E-0E1F6A62A258}.Debug|Any CPU.ActiveCfg = Debug|Any CPU
		{86A00748-2A4E-4180-B04E-0E1F6A62A258}.Debug|Any CPU.Build.0 = Debug|Any CPU
		{86A00748-2A4E-4180-B04E-0E1F6A62A258}.Debug|x86.ActiveCfg = Debug|Any CPU
		{86A00748-2A4E-4180-B04E-0E1F6A62A258}.Debug|x86.Build.0 = Debug|Any CPU
		{86A00748-2A4E-4180-B04E-0E1F6A62A258}.ForRtuXP|Any CPU.ActiveCfg = Release|Any CPU
		{86A00748-2A4E-4180-B04E-0E1F6A62A258}.ForRtuXP|Any CPU.Build.0 = Release|Any CPU
		{86A00748-2A4E-4180-B04E-0E1F6A62A258}.ForRtuXP|x86.ActiveCfg = Release|Any CPU
		{86A00748-2A4E-4180-B04E-0E1F6A62A258}.ForRtuXP|x86.Build.0 = Release|Any CPU
		{86A00748-2A4E-4180-B04E-0E1F6A62A258}.Release|Any CPU.ActiveCfg = Release|Any CPU
		{86A00748-2A4E-4180-B04E-0E1F6A62A258}.Release|Any CPU.Build.0 = Release|Any CPU
		{86A00748-2A4E-4180-B04E-0E1F6A62A258}.Release|x86.ActiveCfg = Release|Any CPU
		{86A00748-2A4E-4180-B04E-0E1F6A62A258}.Release|x86.Build.0 = Release|Any CPU
		{86A00748-2A4E-4180-B04E-0E1F6A62A258}.v4.0-Debug|Any CPU.ActiveCfg = Debug|Any CPU
		{86A00748-2A4E-4180-B04E-0E1F6A62A258}.v4.0-Debug|Any CPU.Build.0 = Debug|Any CPU
		{86A00748-2A4E-4180-B04E-0E1F6A62A258}.v4.0-Debug|x86.ActiveCfg = Debug|Any CPU
		{86A00748-2A4E-4180-B04E-0E1F6A62A258}.v4.0-Debug|x86.Build.0 = Debug|Any CPU
		{86A00748-2A4E-4180-B04E-0E1F6A62A258}.v4.0-Release|Any CPU.ActiveCfg = Release|Any CPU
		{86A00748-2A4E-4180-B04E-0E1F6A62A258}.v4.0-Release|Any CPU.Build.0 = Release|Any CPU
		{86A00748-2A4E-4180-B04E-0E1F6A62A258}.v4.0-Release|x86.ActiveCfg = Release|Any CPU
		{86A00748-2A4E-4180-B04E-0E1F6A62A258}.v4.0-Release|x86.Build.0 = Release|Any CPU
		{0CB0EA37-4A27-45F0-BB01-4C0E064E8962}.Debug|Any CPU.ActiveCfg = Debug|Any CPU
		{0CB0EA37-4A27-45F0-BB01-4C0E064E8962}.Debug|Any CPU.Build.0 = Debug|Any CPU
		{0CB0EA37-4A27-45F0-BB01-4C0E064E8962}.Debug|x86.ActiveCfg = Debug|x86
		{0CB0EA37-4A27-45F0-BB01-4C0E064E8962}.Debug|x86.Build.0 = Debug|x86
		{0CB0EA37-4A27-45F0-BB01-4C0E064E8962}.ForRtuXP|Any CPU.ActiveCfg = ForRtuXP|Any CPU
		{0CB0EA37-4A27-45F0-BB01-4C0E064E8962}.ForRtuXP|Any CPU.Build.0 = ForRtuXP|Any CPU
		{0CB0EA37-4A27-45F0-BB01-4C0E064E8962}.ForRtuXP|x86.ActiveCfg = ForRtuXP|x86
		{0CB0EA37-4A27-45F0-BB01-4C0E064E8962}.ForRtuXP|x86.Build.0 = ForRtuXP|x86
		{0CB0EA37-4A27-45F0-BB01-4C0E064E8962}.Release|Any CPU.ActiveCfg = Release|Any CPU
		{0CB0EA37-4A27-45F0-BB01-4C0E064E8962}.Release|Any CPU.Build.0 = Release|Any CPU
		{0CB0EA37-4A27-45F0-BB01-4C0E064E8962}.Release|x86.ActiveCfg = Release|x86
		{0CB0EA37-4A27-45F0-BB01-4C0E064E8962}.Release|x86.Build.0 = Release|x86
		{0CB0EA37-4A27-45F0-BB01-4C0E064E8962}.v4.0-Debug|Any CPU.ActiveCfg = Debug|Any CPU
		{0CB0EA37-4A27-45F0-BB01-4C0E064E8962}.v4.0-Debug|Any CPU.Build.0 = Debug|Any CPU
		{0CB0EA37-4A27-45F0-BB01-4C0E064E8962}.v4.0-Debug|x86.ActiveCfg = Debug|x86
		{0CB0EA37-4A27-45F0-BB01-4C0E064E8962}.v4.0-Debug|x86.Build.0 = Debug|x86
		{0CB0EA37-4A27-45F0-BB01-4C0E064E8962}.v4.0-Release|Any CPU.ActiveCfg = Release|Any CPU
		{0CB0EA37-4A27-45F0-BB01-4C0E064E8962}.v4.0-Release|Any CPU.Build.0 = Release|Any CPU
		{0CB0EA37-4A27-45F0-BB01-4C0E064E8962}.v4.0-Release|x86.ActiveCfg = Release|x86
		{0CB0EA37-4A27-45F0-BB01-4C0E064E8962}.v4.0-Release|x86.Build.0 = Release|x86
		{716240FF-D1E8-4BD3-9E63-431382617398}.Debug|Any CPU.ActiveCfg = Debug|Any CPU
		{716240FF-D1E8-4BD3-9E63-431382617398}.Debug|Any CPU.Build.0 = Debug|Any CPU
		{716240FF-D1E8-4BD3-9E63-431382617398}.Debug|x86.ActiveCfg = Debug|x86
		{716240FF-D1E8-4BD3-9E63-431382617398}.Debug|x86.Build.0 = Debug|x86
		{716240FF-D1E8-4BD3-9E63-431382617398}.ForRtuXP|Any CPU.ActiveCfg = ForRtuXP|Any CPU
		{716240FF-D1E8-4BD3-9E63-431382617398}.ForRtuXP|Any CPU.Build.0 = ForRtuXP|Any CPU
		{716240FF-D1E8-4BD3-9E63-431382617398}.ForRtuXP|x86.ActiveCfg = ForRtuXP|x86
		{716240FF-D1E8-4BD3-9E63-431382617398}.ForRtuXP|x86.Build.0 = ForRtuXP|x86
		{716240FF-D1E8-4BD3-9E63-431382617398}.Release|Any CPU.ActiveCfg = Release|Any CPU
		{716240FF-D1E8-4BD3-9E63-431382617398}.Release|Any CPU.Build.0 = Release|Any CPU
		{716240FF-D1E8-4BD3-9E63-431382617398}.Release|x86.ActiveCfg = Release|x86
		{716240FF-D1E8-4BD3-9E63-431382617398}.Release|x86.Build.0 = Release|x86
		{716240FF-D1E8-4BD3-9E63-431382617398}.v4.0-Debug|Any CPU.ActiveCfg = Debug|Any CPU
		{716240FF-D1E8-4BD3-9E63-431382617398}.v4.0-Debug|Any CPU.Build.0 = Debug|Any CPU
		{716240FF-D1E8-4BD3-9E63-431382617398}.v4.0-Debug|x86.ActiveCfg = Debug|x86
		{716240FF-D1E8-4BD3-9E63-431382617398}.v4.0-Debug|x86.Build.0 = Debug|x86
		{716240FF-D1E8-4BD3-9E63-431382617398}.v4.0-Release|Any CPU.ActiveCfg = Release|Any CPU
		{716240FF-D1E8-4BD3-9E63-431382617398}.v4.0-Release|Any CPU.Build.0 = Release|Any CPU
		{716240FF-D1E8-4BD3-9E63-431382617398}.v4.0-Release|x86.ActiveCfg = Release|x86
		{716240FF-D1E8-4BD3-9E63-431382617398}.v4.0-Release|x86.Build.0 = Release|x86
		{5194AD3B-E031-4F61-ADED-C1E92999ACF2}.Debug|Any CPU.ActiveCfg = Debug|Any CPU
		{5194AD3B-E031-4F61-ADED-C1E92999ACF2}.Debug|Any CPU.Build.0 = Debug|Any CPU
		{5194AD3B-E031-4F61-ADED-C1E92999ACF2}.Debug|x86.ActiveCfg = Debug|Any CPU
		{5194AD3B-E031-4F61-ADED-C1E92999ACF2}.Debug|x86.Build.0 = Debug|Any CPU
		{5194AD3B-E031-4F61-ADED-C1E92999ACF2}.ForRtuXP|Any CPU.ActiveCfg = Release|Any CPU
		{5194AD3B-E031-4F61-ADED-C1E92999ACF2}.ForRtuXP|Any CPU.Build.0 = Release|Any CPU
		{5194AD3B-E031-4F61-ADED-C1E92999ACF2}.ForRtuXP|x86.ActiveCfg = Release|Any CPU
		{5194AD3B-E031-4F61-ADED-C1E92999ACF2}.ForRtuXP|x86.Build.0 = Release|Any CPU
		{5194AD3B-E031-4F61-ADED-C1E92999ACF2}.Release|Any CPU.ActiveCfg = Release|Any CPU
		{5194AD3B-E031-4F61-ADED-C1E92999ACF2}.Release|Any CPU.Build.0 = Release|Any CPU
		{5194AD3B-E031-4F61-ADED-C1E92999ACF2}.Release|x86.ActiveCfg = Release|Any CPU
		{5194AD3B-E031-4F61-ADED-C1E92999ACF2}.Release|x86.Build.0 = Release|Any CPU
		{5194AD3B-E031-4F61-ADED-C1E92999ACF2}.v4.0-Debug|Any CPU.ActiveCfg = Debug|Any CPU
		{5194AD3B-E031-4F61-ADED-C1E92999ACF2}.v4.0-Debug|Any CPU.Build.0 = Debug|Any CPU
		{5194AD3B-E031-4F61-ADED-C1E92999ACF2}.v4.0-Debug|x86.ActiveCfg = Debug|Any CPU
		{5194AD3B-E031-4F61-ADED-C1E92999ACF2}.v4.0-Debug|x86.Build.0 = Debug|Any CPU
		{5194AD3B-E031-4F61-ADED-C1E92999ACF2}.v4.0-Release|Any CPU.ActiveCfg = Release|Any CPU
		{5194AD3B-E031-4F61-ADED-C1E92999ACF2}.v4.0-Release|Any CPU.Build.0 = Release|Any CPU
		{5194AD3B-E031-4F61-ADED-C1E92999ACF2}.v4.0-Release|x86.ActiveCfg = Release|Any CPU
		{5194AD3B-E031-4F61-ADED-C1E92999ACF2}.v4.0-Release|x86.Build.0 = Release|Any CPU
		{84EDD696-9478-4CDC-ABD1-E4C83A764072}.Debug|Any CPU.ActiveCfg = Debug|Any CPU
		{84EDD696-9478-4CDC-ABD1-E4C83A764072}.Debug|Any CPU.Build.0 = Debug|Any CPU
		{84EDD696-9478-4CDC-ABD1-E4C83A764072}.Debug|x86.ActiveCfg = Debug|Any CPU
		{84EDD696-9478-4CDC-ABD1-E4C83A764072}.Debug|x86.Build.0 = Debug|Any CPU
		{84EDD696-9478-4CDC-ABD1-E4C83A764072}.ForRtuXP|Any CPU.ActiveCfg = Release|Any CPU
		{84EDD696-9478-4CDC-ABD1-E4C83A764072}.ForRtuXP|Any CPU.Build.0 = Release|Any CPU
		{84EDD696-9478-4CDC-ABD1-E4C83A764072}.ForRtuXP|x86.ActiveCfg = Release|Any CPU
		{84EDD696-9478-4CDC-ABD1-E4C83A764072}.ForRtuXP|x86.Build.0 = Release|Any CPU
		{84EDD696-9478-4CDC-ABD1-E4C83A764072}.Release|Any CPU.ActiveCfg = Release|Any CPU
		{84EDD696-9478-4CDC-ABD1-E4C83A764072}.Release|Any CPU.Build.0 = Release|Any CPU
		{84EDD696-9478-4CDC-ABD1-E4C83A764072}.Release|x86.ActiveCfg = Release|Any CPU
		{84EDD696-9478-4CDC-ABD1-E4C83A764072}.Release|x86.Build.0 = Release|Any CPU
		{84EDD696-9478-4CDC-ABD1-E4C83A764072}.v4.0-Debug|Any CPU.ActiveCfg = Debug|Any CPU
		{84EDD696-9478-4CDC-ABD1-E4C83A764072}.v4.0-Debug|Any CPU.Build.0 = Debug|Any CPU
		{84EDD696-9478-4CDC-ABD1-E4C83A764072}.v4.0-Debug|x86.ActiveCfg = Debug|Any CPU
		{84EDD696-9478-4CDC-ABD1-E4C83A764072}.v4.0-Debug|x86.Build.0 = Debug|Any CPU
		{84EDD696-9478-4CDC-ABD1-E4C83A764072}.v4.0-Release|Any CPU.ActiveCfg = Release|Any CPU
		{84EDD696-9478-4CDC-ABD1-E4C83A764072}.v4.0-Release|Any CPU.Build.0 = Release|Any CPU
		{84EDD696-9478-4CDC-ABD1-E4C83A764072}.v4.0-Release|x86.ActiveCfg = Release|Any CPU
		{84EDD696-9478-4CDC-ABD1-E4C83A764072}.v4.0-Release|x86.Build.0 = Release|Any CPU
		{6BA3EA08-6BDB-4B2D-8729-409E136D4D74}.Debug|Any CPU.ActiveCfg = Debug|Any CPU
		{6BA3EA08-6BDB-4B2D-8729-409E136D4D74}.Debug|Any CPU.Build.0 = Debug|Any CPU
		{6BA3EA08-6BDB-4B2D-8729-409E136D4D74}.Debug|x86.ActiveCfg = Debug|Any CPU
		{6BA3EA08-6BDB-4B2D-8729-409E136D4D74}.Debug|x86.Build.0 = Debug|Any CPU
		{6BA3EA08-6BDB-4B2D-8729-409E136D4D74}.ForRtuXP|Any CPU.ActiveCfg = Release|Any CPU
		{6BA3EA08-6BDB-4B2D-8729-409E136D4D74}.ForRtuXP|Any CPU.Build.0 = Release|Any CPU
		{6BA3EA08-6BDB-4B2D-8729-409E136D4D74}.ForRtuXP|x86.ActiveCfg = Release|Any CPU
		{6BA3EA08-6BDB-4B2D-8729-409E136D4D74}.ForRtuXP|x86.Build.0 = Release|Any CPU
		{6BA3EA08-6BDB-4B2D-8729-409E136D4D74}.Release|Any CPU.ActiveCfg = Release|Any CPU
		{6BA3EA08-6BDB-4B2D-8729-409E136D4D74}.Release|Any CPU.Build.0 = Release|Any CPU
		{6BA3EA08-6BDB-4B2D-8729-409E136D4D74}.Release|x86.ActiveCfg = Release|Any CPU
		{6BA3EA08-6BDB-4B2D-8729-409E136D4D74}.Release|x86.Build.0 = Release|Any CPU
		{6BA3EA08-6BDB-4B2D-8729-409E136D4D74}.v4.0-Debug|Any CPU.ActiveCfg = Debug|Any CPU
		{6BA3EA08-6BDB-4B2D-8729-409E136D4D74}.v4.0-Debug|Any CPU.Build.0 = Debug|Any CPU
		{6BA3EA08-6BDB-4B2D-8729-409E136D4D74}.v4.0-Debug|x86.ActiveCfg = Debug|Any CPU
		{6BA3EA08-6BDB-4B2D-8729-409E136D4D74}.v4.0-Debug|x86.Build.0 = Debug|Any CPU
		{6BA3EA08-6BDB-4B2D-8729-409E136D4D74}.v4.0-Release|Any CPU.ActiveCfg = Release|Any CPU
		{6BA3EA08-6BDB-4B2D-8729-409E136D4D74}.v4.0-Release|Any CPU.Build.0 = Release|Any CPU
		{6BA3EA08-6BDB-4B2D-8729-409E136D4D74}.v4.0-Release|x86.ActiveCfg = Release|Any CPU
		{6BA3EA08-6BDB-4B2D-8729-409E136D4D74}.v4.0-Release|x86.Build.0 = Release|Any CPU
		{BCA77A87-7253-464B-9721-14673268BA42}.Debug|Any CPU.ActiveCfg = Debug|Any CPU
		{BCA77A87-7253-464B-9721-14673268BA42}.Debug|Any CPU.Build.0 = Debug|Any CPU
		{BCA77A87-7253-464B-9721-14673268BA42}.Debug|x86.ActiveCfg = Debug|Any CPU
		{BCA77A87-7253-464B-9721-14673268BA42}.Debug|x86.Build.0 = Debug|Any CPU
		{BCA77A87-7253-464B-9721-14673268BA42}.ForRtuXP|Any CPU.ActiveCfg = Release|Any CPU
		{BCA77A87-7253-464B-9721-14673268BA42}.ForRtuXP|Any CPU.Build.0 = Release|Any CPU
		{BCA77A87-7253-464B-9721-14673268BA42}.ForRtuXP|x86.ActiveCfg = Release|Any CPU
		{BCA77A87-7253-464B-9721-14673268BA42}.ForRtuXP|x86.Build.0 = Release|Any CPU
		{BCA77A87-7253-464B-9721-14673268BA42}.Release|Any CPU.ActiveCfg = Release|Any CPU
		{BCA77A87-7253-464B-9721-14673268BA42}.Release|Any CPU.Build.0 = Release|Any CPU
		{BCA77A87-7253-464B-9721-14673268BA42}.Release|x86.ActiveCfg = Release|Any CPU
		{BCA77A87-7253-464B-9721-14673268BA42}.Release|x86.Build.0 = Release|Any CPU
		{BCA77A87-7253-464B-9721-14673268BA42}.v4.0-Debug|Any CPU.ActiveCfg = Debug|Any CPU
		{BCA77A87-7253-464B-9721-14673268BA42}.v4.0-Debug|Any CPU.Build.0 = Debug|Any CPU
		{BCA77A87-7253-464B-9721-14673268BA42}.v4.0-Debug|x86.ActiveCfg = Debug|Any CPU
		{BCA77A87-7253-464B-9721-14673268BA42}.v4.0-Debug|x86.Build.0 = Debug|Any CPU
		{BCA77A87-7253-464B-9721-14673268BA42}.v4.0-Release|Any CPU.ActiveCfg = Release|Any CPU
		{BCA77A87-7253-464B-9721-14673268BA42}.v4.0-Release|Any CPU.Build.0 = Release|Any CPU
		{BCA77A87-7253-464B-9721-14673268BA42}.v4.0-Release|x86.ActiveCfg = Release|Any CPU
		{BCA77A87-7253-464B-9721-14673268BA42}.v4.0-Release|x86.Build.0 = Release|Any CPU
		{7F241F0D-E08D-4A64-92B5-37EB3CE1BC4C}.Debug|Any CPU.ActiveCfg = Debug|Any CPU
		{7F241F0D-E08D-4A64-92B5-37EB3CE1BC4C}.Debug|Any CPU.Build.0 = Debug|Any CPU
		{7F241F0D-E08D-4A64-92B5-37EB3CE1BC4C}.Debug|x86.ActiveCfg = Debug|Any CPU
		{7F241F0D-E08D-4A64-92B5-37EB3CE1BC4C}.Debug|x86.Build.0 = Debug|Any CPU
		{7F241F0D-E08D-4A64-92B5-37EB3CE1BC4C}.ForRtuXP|Any CPU.ActiveCfg = Release|Any CPU
		{7F241F0D-E08D-4A64-92B5-37EB3CE1BC4C}.ForRtuXP|Any CPU.Build.0 = Release|Any CPU
		{7F241F0D-E08D-4A64-92B5-37EB3CE1BC4C}.ForRtuXP|x86.ActiveCfg = Release|Any CPU
		{7F241F0D-E08D-4A64-92B5-37EB3CE1BC4C}.ForRtuXP|x86.Build.0 = Release|Any CPU
		{7F241F0D-E08D-4A64-92B5-37EB3CE1BC4C}.Release|Any CPU.ActiveCfg = Release|Any CPU
		{7F241F0D-E08D-4A64-92B5-37EB3CE1BC4C}.Release|Any CPU.Build.0 = Release|Any CPU
		{7F241F0D-E08D-4A64-92B5-37EB3CE1BC4C}.Release|x86.ActiveCfg = Release|Any CPU
		{7F241F0D-E08D-4A64-92B5-37EB3CE1BC4C}.Release|x86.Build.0 = Release|Any CPU
		{7F241F0D-E08D-4A64-92B5-37EB3CE1BC4C}.v4.0-Debug|Any CPU.ActiveCfg = Debug|Any CPU
		{7F241F0D-E08D-4A64-92B5-37EB3CE1BC4C}.v4.0-Debug|Any CPU.Build.0 = Debug|Any CPU
		{7F241F0D-E08D-4A64-92B5-37EB3CE1BC4C}.v4.0-Debug|x86.ActiveCfg = Debug|Any CPU
		{7F241F0D-E08D-4A64-92B5-37EB3CE1BC4C}.v4.0-Debug|x86.Build.0 = Debug|Any CPU
		{7F241F0D-E08D-4A64-92B5-37EB3CE1BC4C}.v4.0-Release|Any CPU.ActiveCfg = Release|Any CPU
		{7F241F0D-E08D-4A64-92B5-37EB3CE1BC4C}.v4.0-Release|Any CPU.Build.0 = Release|Any CPU
		{7F241F0D-E08D-4A64-92B5-37EB3CE1BC4C}.v4.0-Release|x86.ActiveCfg = Release|Any CPU
		{7F241F0D-E08D-4A64-92B5-37EB3CE1BC4C}.v4.0-Release|x86.Build.0 = Release|Any CPU
		{8CF2E31C-D62F-4D57-92B4-733DA2FA28B5}.Debug|Any CPU.ActiveCfg = Debug|Any CPU
		{8CF2E31C-D62F-4D57-92B4-733DA2FA28B5}.Debug|Any CPU.Build.0 = Debug|Any CPU
		{8CF2E31C-D62F-4D57-92B4-733DA2FA28B5}.Debug|x86.ActiveCfg = Debug|Any CPU
		{8CF2E31C-D62F-4D57-92B4-733DA2FA28B5}.Debug|x86.Build.0 = Debug|Any CPU
		{8CF2E31C-D62F-4D57-92B4-733DA2FA28B5}.ForRtuXP|Any CPU.ActiveCfg = Release|Any CPU
		{8CF2E31C-D62F-4D57-92B4-733DA2FA28B5}.ForRtuXP|Any CPU.Build.0 = Release|Any CPU
		{8CF2E31C-D62F-4D57-92B4-733DA2FA28B5}.ForRtuXP|x86.ActiveCfg = Release|Any CPU
		{8CF2E31C-D62F-4D57-92B4-733DA2FA28B5}.ForRtuXP|x86.Build.0 = Release|Any CPU
		{8CF2E31C-D62F-4D57-92B4-733DA2FA28B5}.Release|Any CPU.ActiveCfg = Release|Any CPU
		{8CF2E31C-D62F-4D57-92B4-733DA2FA28B5}.Release|Any CPU.Build.0 = Release|Any CPU
		{8CF2E31C-D62F-4D57-92B4-733DA2FA28B5}.Release|x86.ActiveCfg = Release|Any CPU
		{8CF2E31C-D62F-4D57-92B4-733DA2FA28B5}.Release|x86.Build.0 = Release|Any CPU
		{8CF2E31C-D62F-4D57-92B4-733DA2FA28B5}.v4.0-Debug|Any CPU.ActiveCfg = Debug|Any CPU
		{8CF2E31C-D62F-4D57-92B4-733DA2FA28B5}.v4.0-Debug|Any CPU.Build.0 = Debug|Any CPU
		{8CF2E31C-D62F-4D57-92B4-733DA2FA28B5}.v4.0-Debug|x86.ActiveCfg = Debug|Any CPU
		{8CF2E31C-D62F-4D57-92B4-733DA2FA28B5}.v4.0-Debug|x86.Build.0 = Debug|Any CPU
		{8CF2E31C-D62F-4D57-92B4-733DA2FA28B5}.v4.0-Release|Any CPU.ActiveCfg = Release|Any CPU
		{8CF2E31C-D62F-4D57-92B4-733DA2FA28B5}.v4.0-Release|Any CPU.Build.0 = Release|Any CPU
		{8CF2E31C-D62F-4D57-92B4-733DA2FA28B5}.v4.0-Release|x86.ActiveCfg = Release|Any CPU
		{8CF2E31C-D62F-4D57-92B4-733DA2FA28B5}.v4.0-Release|x86.Build.0 = Release|Any CPU
		{24FD45AB-7511-4652-B675-A3B7CD4684F0}.Debug|Any CPU.ActiveCfg = Debug|Any CPU
		{24FD45AB-7511-4652-B675-A3B7CD4684F0}.Debug|Any CPU.Build.0 = Debug|Any CPU
		{24FD45AB-7511-4652-B675-A3B7CD4684F0}.Debug|x86.ActiveCfg = Debug|Any CPU
		{24FD45AB-7511-4652-B675-A3B7CD4684F0}.Debug|x86.Build.0 = Debug|Any CPU
		{24FD45AB-7511-4652-B675-A3B7CD4684F0}.ForRtuXP|Any CPU.ActiveCfg = Release|Any CPU
		{24FD45AB-7511-4652-B675-A3B7CD4684F0}.ForRtuXP|Any CPU.Build.0 = Release|Any CPU
		{24FD45AB-7511-4652-B675-A3B7CD4684F0}.ForRtuXP|x86.ActiveCfg = Release|Any CPU
		{24FD45AB-7511-4652-B675-A3B7CD4684F0}.ForRtuXP|x86.Build.0 = Release|Any CPU
		{24FD45AB-7511-4652-B675-A3B7CD4684F0}.Release|Any CPU.ActiveCfg = Release|Any CPU
		{24FD45AB-7511-4652-B675-A3B7CD4684F0}.Release|Any CPU.Build.0 = Release|Any CPU
		{24FD45AB-7511-4652-B675-A3B7CD4684F0}.Release|x86.ActiveCfg = Release|Any CPU
		{24FD45AB-7511-4652-B675-A3B7CD4684F0}.Release|x86.Build.0 = Release|Any CPU
		{24FD45AB-7511-4652-B675-A3B7CD4684F0}.v4.0-Debug|Any CPU.ActiveCfg = Debug|Any CPU
		{24FD45AB-7511-4652-B675-A3B7CD4684F0}.v4.0-Debug|Any CPU.Build.0 = Debug|Any CPU
		{24FD45AB-7511-4652-B675-A3B7CD4684F0}.v4.0-Debug|x86.ActiveCfg = Debug|Any CPU
		{24FD45AB-7511-4652-B675-A3B7CD4684F0}.v4.0-Debug|x86.Build.0 = Debug|Any CPU
		{24FD45AB-7511-4652-B675-A3B7CD4684F0}.v4.0-Release|Any CPU.ActiveCfg = Release|Any CPU
		{24FD45AB-7511-4652-B675-A3B7CD4684F0}.v4.0-Release|Any CPU.Build.0 = Release|Any CPU
		{24FD45AB-7511-4652-B675-A3B7CD4684F0}.v4.0-Release|x86.ActiveCfg = Release|Any CPU
		{24FD45AB-7511-4652-B675-A3B7CD4684F0}.v4.0-Release|x86.Build.0 = Release|Any CPU
		{961FD7CC-5434-4530-AD87-E0D05AC28C28}.Debug|Any CPU.ActiveCfg = Debug|Any CPU
		{961FD7CC-5434-4530-AD87-E0D05AC28C28}.Debug|Any CPU.Build.0 = Debug|Any CPU
		{961FD7CC-5434-4530-AD87-E0D05AC28C28}.Debug|x86.ActiveCfg = Debug|Any CPU
		{961FD7CC-5434-4530-AD87-E0D05AC28C28}.Debug|x86.Build.0 = Debug|Any CPU
		{961FD7CC-5434-4530-AD87-E0D05AC28C28}.ForRtuXP|Any CPU.ActiveCfg = Release|Any CPU
		{961FD7CC-5434-4530-AD87-E0D05AC28C28}.ForRtuXP|Any CPU.Build.0 = Release|Any CPU
		{961FD7CC-5434-4530-AD87-E0D05AC28C28}.ForRtuXP|x86.ActiveCfg = Release|Any CPU
		{961FD7CC-5434-4530-AD87-E0D05AC28C28}.ForRtuXP|x86.Build.0 = Release|Any CPU
		{961FD7CC-5434-4530-AD87-E0D05AC28C28}.Release|Any CPU.ActiveCfg = Release|Any CPU
		{961FD7CC-5434-4530-AD87-E0D05AC28C28}.Release|Any CPU.Build.0 = Release|Any CPU
		{961FD7CC-5434-4530-AD87-E0D05AC28C28}.Release|x86.ActiveCfg = Release|Any CPU
		{961FD7CC-5434-4530-AD87-E0D05AC28C28}.Release|x86.Build.0 = Release|Any CPU
		{961FD7CC-5434-4530-AD87-E0D05AC28C28}.v4.0-Debug|Any CPU.ActiveCfg = Debug|Any CPU
		{961FD7CC-5434-4530-AD87-E0D05AC28C28}.v4.0-Debug|Any CPU.Build.0 = Debug|Any CPU
		{961FD7CC-5434-4530-AD87-E0D05AC28C28}.v4.0-Debug|x86.ActiveCfg = Debug|Any CPU
		{961FD7CC-5434-4530-AD87-E0D05AC28C28}.v4.0-Debug|x86.Build.0 = Debug|Any CPU
		{961FD7CC-5434-4530-AD87-E0D05AC28C28}.v4.0-Release|Any CPU.ActiveCfg = Release|Any CPU
		{961FD7CC-5434-4530-AD87-E0D05AC28C28}.v4.0-Release|Any CPU.Build.0 = Release|Any CPU
		{961FD7CC-5434-4530-AD87-E0D05AC28C28}.v4.0-Release|x86.ActiveCfg = Release|Any CPU
		{961FD7CC-5434-4530-AD87-E0D05AC28C28}.v4.0-Release|x86.Build.0 = Release|Any CPU
		{7FEAB0A0-DFBA-453B-A008-5148DC9C4E7A}.Debug|Any CPU.ActiveCfg = Debug|Any CPU
		{7FEAB0A0-DFBA-453B-A008-5148DC9C4E7A}.Debug|Any CPU.Build.0 = Debug|Any CPU
		{7FEAB0A0-DFBA-453B-A008-5148DC9C4E7A}.Debug|x86.ActiveCfg = Debug|Any CPU
		{7FEAB0A0-DFBA-453B-A008-5148DC9C4E7A}.Debug|x86.Build.0 = Debug|Any CPU
		{7FEAB0A0-DFBA-453B-A008-5148DC9C4E7A}.ForRtuXP|Any CPU.ActiveCfg = Release|Any CPU
		{7FEAB0A0-DFBA-453B-A008-5148DC9C4E7A}.ForRtuXP|Any CPU.Build.0 = Release|Any CPU
		{7FEAB0A0-DFBA-453B-A008-5148DC9C4E7A}.ForRtuXP|x86.ActiveCfg = Release|Any CPU
		{7FEAB0A0-DFBA-453B-A008-5148DC9C4E7A}.ForRtuXP|x86.Build.0 = Release|Any CPU
		{7FEAB0A0-DFBA-453B-A008-5148DC9C4E7A}.Release|Any CPU.ActiveCfg = Release|Any CPU
		{7FEAB0A0-DFBA-453B-A008-5148DC9C4E7A}.Release|Any CPU.Build.0 = Release|Any CPU
		{7FEAB0A0-DFBA-453B-A008-5148DC9C4E7A}.Release|x86.ActiveCfg = Release|Any CPU
		{7FEAB0A0-DFBA-453B-A008-5148DC9C4E7A}.Release|x86.Build.0 = Release|Any CPU
		{7FEAB0A0-DFBA-453B-A008-5148DC9C4E7A}.v4.0-Debug|Any CPU.ActiveCfg = Debug|Any CPU
		{7FEAB0A0-DFBA-453B-A008-5148DC9C4E7A}.v4.0-Debug|Any CPU.Build.0 = Debug|Any CPU
		{7FEAB0A0-DFBA-453B-A008-5148DC9C4E7A}.v4.0-Debug|x86.ActiveCfg = Debug|Any CPU
		{7FEAB0A0-DFBA-453B-A008-5148DC9C4E7A}.v4.0-Debug|x86.Build.0 = Debug|Any CPU
		{7FEAB0A0-DFBA-453B-A008-5148DC9C4E7A}.v4.0-Release|Any CPU.ActiveCfg = Release|Any CPU
		{7FEAB0A0-DFBA-453B-A008-5148DC9C4E7A}.v4.0-Release|Any CPU.Build.0 = Release|Any CPU
		{7FEAB0A0-DFBA-453B-A008-5148DC9C4E7A}.v4.0-Release|x86.ActiveCfg = Release|Any CPU
		{7FEAB0A0-DFBA-453B-A008-5148DC9C4E7A}.v4.0-Release|x86.Build.0 = Release|Any CPU
		{456F0424-B6BD-452C-A4B9-53DEB92E829C}.Debug|Any CPU.ActiveCfg = Debug|Any CPU
		{456F0424-B6BD-452C-A4B9-53DEB92E829C}.Debug|Any CPU.Build.0 = Debug|Any CPU
		{456F0424-B6BD-452C-A4B9-53DEB92E829C}.Debug|x86.ActiveCfg = Debug|x86
		{456F0424-B6BD-452C-A4B9-53DEB92E829C}.Debug|x86.Build.0 = Debug|x86
		{456F0424-B6BD-452C-A4B9-53DEB92E829C}.ForRtuXP|Any CPU.ActiveCfg = ForRtuXP|Any CPU
		{456F0424-B6BD-452C-A4B9-53DEB92E829C}.ForRtuXP|Any CPU.Build.0 = ForRtuXP|Any CPU
		{456F0424-B6BD-452C-A4B9-53DEB92E829C}.ForRtuXP|x86.ActiveCfg = ForRtuXP|x86
		{456F0424-B6BD-452C-A4B9-53DEB92E829C}.ForRtuXP|x86.Build.0 = ForRtuXP|x86
		{456F0424-B6BD-452C-A4B9-53DEB92E829C}.Release|Any CPU.ActiveCfg = Release|Any CPU
		{456F0424-B6BD-452C-A4B9-53DEB92E829C}.Release|Any CPU.Build.0 = Release|Any CPU
		{456F0424-B6BD-452C-A4B9-53DEB92E829C}.Release|x86.ActiveCfg = Release|x86
		{456F0424-B6BD-452C-A4B9-53DEB92E829C}.Release|x86.Build.0 = Release|x86
		{456F0424-B6BD-452C-A4B9-53DEB92E829C}.v4.0-Debug|Any CPU.ActiveCfg = Debug|Any CPU
		{456F0424-B6BD-452C-A4B9-53DEB92E829C}.v4.0-Debug|Any CPU.Build.0 = Debug|Any CPU
		{456F0424-B6BD-452C-A4B9-53DEB92E829C}.v4.0-Debug|x86.ActiveCfg = Debug|x86
		{456F0424-B6BD-452C-A4B9-53DEB92E829C}.v4.0-Debug|x86.Build.0 = Debug|x86
		{456F0424-B6BD-452C-A4B9-53DEB92E829C}.v4.0-Release|Any CPU.ActiveCfg = Release|Any CPU
		{456F0424-B6BD-452C-A4B9-53DEB92E829C}.v4.0-Release|Any CPU.Build.0 = Release|Any CPU
		{456F0424-B6BD-452C-A4B9-53DEB92E829C}.v4.0-Release|x86.ActiveCfg = Release|x86
		{456F0424-B6BD-452C-A4B9-53DEB92E829C}.v4.0-Release|x86.Build.0 = Release|x86
		{78128B76-31B3-4F4E-825F-2BD1E25B40E5}.Debug|Any CPU.ActiveCfg = Debug|Any CPU
		{78128B76-31B3-4F4E-825F-2BD1E25B40E5}.Debug|Any CPU.Build.0 = Debug|Any CPU
		{78128B76-31B3-4F4E-825F-2BD1E25B40E5}.Debug|x86.ActiveCfg = Debug|Any CPU
		{78128B76-31B3-4F4E-825F-2BD1E25B40E5}.Debug|x86.Build.0 = Debug|Any CPU
		{78128B76-31B3-4F4E-825F-2BD1E25B40E5}.ForRtuXP|Any CPU.ActiveCfg = v4.0-Release|Any CPU
		{78128B76-31B3-4F4E-825F-2BD1E25B40E5}.ForRtuXP|Any CPU.Build.0 = v4.0-Release|Any CPU
		{78128B76-31B3-4F4E-825F-2BD1E25B40E5}.ForRtuXP|x86.ActiveCfg = v4.0-Release|Any CPU
		{78128B76-31B3-4F4E-825F-2BD1E25B40E5}.ForRtuXP|x86.Build.0 = v4.0-Release|Any CPU
		{78128B76-31B3-4F4E-825F-2BD1E25B40E5}.Release|Any CPU.ActiveCfg = Release|Any CPU
		{78128B76-31B3-4F4E-825F-2BD1E25B40E5}.Release|Any CPU.Build.0 = Release|Any CPU
		{78128B76-31B3-4F4E-825F-2BD1E25B40E5}.Release|x86.ActiveCfg = Release|Any CPU
		{78128B76-31B3-4F4E-825F-2BD1E25B40E5}.Release|x86.Build.0 = Release|Any CPU
		{78128B76-31B3-4F4E-825F-2BD1E25B40E5}.v4.0-Debug|Any CPU.ActiveCfg = v4.0-Debug|Any CPU
		{78128B76-31B3-4F4E-825F-2BD1E25B40E5}.v4.0-Debug|Any CPU.Build.0 = v4.0-Debug|Any CPU
		{78128B76-31B3-4F4E-825F-2BD1E25B40E5}.v4.0-Debug|x86.ActiveCfg = v4.0-Debug|Any CPU
		{78128B76-31B3-4F4E-825F-2BD1E25B40E5}.v4.0-Debug|x86.Build.0 = v4.0-Debug|Any CPU
		{78128B76-31B3-4F4E-825F-2BD1E25B40E5}.v4.0-Release|Any CPU.ActiveCfg = v4.0-Release|Any CPU
		{78128B76-31B3-4F4E-825F-2BD1E25B40E5}.v4.0-Release|Any CPU.Build.0 = v4.0-Release|Any CPU
		{78128B76-31B3-4F4E-825F-2BD1E25B40E5}.v4.0-Release|x86.ActiveCfg = v4.0-Release|Any CPU
		{78128B76-31B3-4F4E-825F-2BD1E25B40E5}.v4.0-Release|x86.Build.0 = v4.0-Release|Any CPU
		{479CD971-95EB-4C29-A4BE-A5694DA96E86}.Debug|Any CPU.ActiveCfg = Debug|Any CPU
		{479CD971-95EB-4C29-A4BE-A5694DA96E86}.Debug|Any CPU.Build.0 = Debug|Any CPU
		{479CD971-95EB-4C29-A4BE-A5694DA96E86}.Debug|x86.ActiveCfg = Debug|Any CPU
		{479CD971-95EB-4C29-A4BE-A5694DA96E86}.Debug|x86.Build.0 = Debug|Any CPU
		{479CD971-95EB-4C29-A4BE-A5694DA96E86}.ForRtuXP|Any CPU.ActiveCfg = Debug|Any CPU
		{479CD971-95EB-4C29-A4BE-A5694DA96E86}.ForRtuXP|Any CPU.Build.0 = Debug|Any CPU
		{479CD971-95EB-4C29-A4BE-A5694DA96E86}.ForRtuXP|x86.ActiveCfg = Debug|Any CPU
		{479CD971-95EB-4C29-A4BE-A5694DA96E86}.ForRtuXP|x86.Build.0 = Debug|Any CPU
		{479CD971-95EB-4C29-A4BE-A5694DA96E86}.Release|Any CPU.ActiveCfg = Release|Any CPU
		{479CD971-95EB-4C29-A4BE-A5694DA96E86}.Release|Any CPU.Build.0 = Release|Any CPU
		{479CD971-95EB-4C29-A4BE-A5694DA96E86}.Release|x86.ActiveCfg = Release|Any CPU
		{479CD971-95EB-4C29-A4BE-A5694DA96E86}.Release|x86.Build.0 = Release|Any CPU
		{479CD971-95EB-4C29-A4BE-A5694DA96E86}.v4.0-Debug|Any CPU.ActiveCfg = Debug|Any CPU
		{479CD971-95EB-4C29-A4BE-A5694DA96E86}.v4.0-Debug|Any CPU.Build.0 = Debug|Any CPU
		{479CD971-95EB-4C29-A4BE-A5694DA96E86}.v4.0-Debug|x86.ActiveCfg = Debug|Any CPU
		{479CD971-95EB-4C29-A4BE-A5694DA96E86}.v4.0-Debug|x86.Build.0 = Debug|Any CPU
		{479CD971-95EB-4C29-A4BE-A5694DA96E86}.v4.0-Release|Any CPU.ActiveCfg = Release|Any CPU
		{479CD971-95EB-4C29-A4BE-A5694DA96E86}.v4.0-Release|Any CPU.Build.0 = Release|Any CPU
		{479CD971-95EB-4C29-A4BE-A5694DA96E86}.v4.0-Release|x86.ActiveCfg = Release|Any CPU
		{479CD971-95EB-4C29-A4BE-A5694DA96E86}.v4.0-Release|x86.Build.0 = Release|Any CPU
		{A1BF104B-0D36-4895-81D9-9AC054FC4FAD}.Debug|Any CPU.ActiveCfg = Debug|Any CPU
		{A1BF104B-0D36-4895-81D9-9AC054FC4FAD}.Debug|Any CPU.Build.0 = Debug|Any CPU
		{A1BF104B-0D36-4895-81D9-9AC054FC4FAD}.Debug|x86.ActiveCfg = Debug|Any CPU
		{A1BF104B-0D36-4895-81D9-9AC054FC4FAD}.Debug|x86.Build.0 = Debug|Any CPU
		{A1BF104B-0D36-4895-81D9-9AC054FC4FAD}.ForRtuXP|Any CPU.ActiveCfg = Release|Any CPU
		{A1BF104B-0D36-4895-81D9-9AC054FC4FAD}.ForRtuXP|Any CPU.Build.0 = Release|Any CPU
		{A1BF104B-0D36-4895-81D9-9AC054FC4FAD}.ForRtuXP|x86.ActiveCfg = Release|Any CPU
		{A1BF104B-0D36-4895-81D9-9AC054FC4FAD}.ForRtuXP|x86.Build.0 = Release|Any CPU
		{A1BF104B-0D36-4895-81D9-9AC054FC4FAD}.Release|Any CPU.ActiveCfg = Release|Any CPU
		{A1BF104B-0D36-4895-81D9-9AC054FC4FAD}.Release|Any CPU.Build.0 = Release|Any CPU
		{A1BF104B-0D36-4895-81D9-9AC054FC4FAD}.Release|x86.ActiveCfg = Release|Any CPU
		{A1BF104B-0D36-4895-81D9-9AC054FC4FAD}.Release|x86.Build.0 = Release|Any CPU
		{A1BF104B-0D36-4895-81D9-9AC054FC4FAD}.v4.0-Debug|Any CPU.ActiveCfg = Debug|Any CPU
		{A1BF104B-0D36-4895-81D9-9AC054FC4FAD}.v4.0-Debug|Any CPU.Build.0 = Debug|Any CPU
		{A1BF104B-0D36-4895-81D9-9AC054FC4FAD}.v4.0-Debug|x86.ActiveCfg = Debug|Any CPU
		{A1BF104B-0D36-4895-81D9-9AC054FC4FAD}.v4.0-Debug|x86.Build.0 = Debug|Any CPU
		{A1BF104B-0D36-4895-81D9-9AC054FC4FAD}.v4.0-Release|Any CPU.ActiveCfg = Release|Any CPU
		{A1BF104B-0D36-4895-81D9-9AC054FC4FAD}.v4.0-Release|Any CPU.Build.0 = Release|Any CPU
		{A1BF104B-0D36-4895-81D9-9AC054FC4FAD}.v4.0-Release|x86.ActiveCfg = Release|Any CPU
		{A1BF104B-0D36-4895-81D9-9AC054FC4FAD}.v4.0-Release|x86.Build.0 = Release|Any CPU
		{4B689711-F327-4C45-AFE0-982F58F21B93}.Debug|Any CPU.ActiveCfg = Debug|Any CPU
		{4B689711-F327-4C45-AFE0-982F58F21B93}.Debug|Any CPU.Build.0 = Debug|Any CPU
		{4B689711-F327-4C45-AFE0-982F58F21B93}.Debug|x86.ActiveCfg = Debug|Any CPU
		{4B689711-F327-4C45-AFE0-982F58F21B93}.Debug|x86.Build.0 = Debug|Any CPU
		{4B689711-F327-4C45-AFE0-982F58F21B93}.ForRtuXP|Any CPU.ActiveCfg = Release|Any CPU
		{4B689711-F327-4C45-AFE0-982F58F21B93}.ForRtuXP|Any CPU.Build.0 = Release|Any CPU
		{4B689711-F327-4C45-AFE0-982F58F21B93}.ForRtuXP|x86.ActiveCfg = Release|Any CPU
		{4B689711-F327-4C45-AFE0-982F58F21B93}.ForRtuXP|x86.Build.0 = Release|Any CPU
		{4B689711-F327-4C45-AFE0-982F58F21B93}.Release|Any CPU.ActiveCfg = Release|Any CPU
		{4B689711-F327-4C45-AFE0-982F58F21B93}.Release|Any CPU.Build.0 = Release|Any CPU
		{4B689711-F327-4C45-AFE0-982F58F21B93}.Release|x86.ActiveCfg = Release|Any CPU
		{4B689711-F327-4C45-AFE0-982F58F21B93}.Release|x86.Build.0 = Release|Any CPU
		{4B689711-F327-4C45-AFE0-982F58F21B93}.v4.0-Debug|Any CPU.ActiveCfg = Debug|Any CPU
		{4B689711-F327-4C45-AFE0-982F58F21B93}.v4.0-Debug|Any CPU.Build.0 = Debug|Any CPU
		{4B689711-F327-4C45-AFE0-982F58F21B93}.v4.0-Debug|x86.ActiveCfg = Debug|Any CPU
		{4B689711-F327-4C45-AFE0-982F58F21B93}.v4.0-Debug|x86.Build.0 = Debug|Any CPU
		{4B689711-F327-4C45-AFE0-982F58F21B93}.v4.0-Release|Any CPU.ActiveCfg = Release|Any CPU
		{4B689711-F327-4C45-AFE0-982F58F21B93}.v4.0-Release|Any CPU.Build.0 = Release|Any CPU
		{4B689711-F327-4C45-AFE0-982F58F21B93}.v4.0-Release|x86.ActiveCfg = Release|Any CPU
		{4B689711-F327-4C45-AFE0-982F58F21B93}.v4.0-Release|x86.Build.0 = Release|Any CPU
		{7B8B504D-36D3-4AAF-8201-CB9D2A8A1E38}.Debug|Any CPU.ActiveCfg = Debug|Any CPU
		{7B8B504D-36D3-4AAF-8201-CB9D2A8A1E38}.Debug|Any CPU.Build.0 = Debug|Any CPU
		{7B8B504D-36D3-4AAF-8201-CB9D2A8A1E38}.Debug|x86.ActiveCfg = Debug|Any CPU
		{7B8B504D-36D3-4AAF-8201-CB9D2A8A1E38}.Debug|x86.Build.0 = Debug|Any CPU
		{7B8B504D-36D3-4AAF-8201-CB9D2A8A1E38}.ForRtuXP|Any CPU.ActiveCfg = Release|Any CPU
		{7B8B504D-36D3-4AAF-8201-CB9D2A8A1E38}.ForRtuXP|Any CPU.Build.0 = Release|Any CPU
		{7B8B504D-36D3-4AAF-8201-CB9D2A8A1E38}.ForRtuXP|x86.ActiveCfg = Release|Any CPU
		{7B8B504D-36D3-4AAF-8201-CB9D2A8A1E38}.ForRtuXP|x86.Build.0 = Release|Any CPU
		{7B8B504D-36D3-4AAF-8201-CB9D2A8A1E38}.Release|Any CPU.ActiveCfg = Release|Any CPU
		{7B8B504D-36D3-4AAF-8201-CB9D2A8A1E38}.Release|Any CPU.Build.0 = Release|Any CPU
		{7B8B504D-36D3-4AAF-8201-CB9D2A8A1E38}.Release|x86.ActiveCfg = Release|Any CPU
		{7B8B504D-36D3-4AAF-8201-CB9D2A8A1E38}.Release|x86.Build.0 = Release|Any CPU
		{7B8B504D-36D3-4AAF-8201-CB9D2A8A1E38}.v4.0-Debug|Any CPU.ActiveCfg = Debug|Any CPU
		{7B8B504D-36D3-4AAF-8201-CB9D2A8A1E38}.v4.0-Debug|Any CPU.Build.0 = Debug|Any CPU
		{7B8B504D-36D3-4AAF-8201-CB9D2A8A1E38}.v4.0-Debug|x86.ActiveCfg = Debug|Any CPU
		{7B8B504D-36D3-4AAF-8201-CB9D2A8A1E38}.v4.0-Debug|x86.Build.0 = Debug|Any CPU
		{7B8B504D-36D3-4AAF-8201-CB9D2A8A1E38}.v4.0-Release|Any CPU.ActiveCfg = Release|Any CPU
		{7B8B504D-36D3-4AAF-8201-CB9D2A8A1E38}.v4.0-Release|Any CPU.Build.0 = Release|Any CPU
		{7B8B504D-36D3-4AAF-8201-CB9D2A8A1E38}.v4.0-Release|x86.ActiveCfg = Release|Any CPU
		{7B8B504D-36D3-4AAF-8201-CB9D2A8A1E38}.v4.0-Release|x86.Build.0 = Release|Any CPU
		{600584A8-1CDA-48C4-94F0-56225079C684}.Debug|Any CPU.ActiveCfg = Debug|Any CPU
		{600584A8-1CDA-48C4-94F0-56225079C684}.Debug|Any CPU.Build.0 = Debug|Any CPU
		{600584A8-1CDA-48C4-94F0-56225079C684}.Debug|x86.ActiveCfg = Debug|Any CPU
		{600584A8-1CDA-48C4-94F0-56225079C684}.Debug|x86.Build.0 = Debug|Any CPU
		{600584A8-1CDA-48C4-94F0-56225079C684}.ForRtuXP|Any CPU.ActiveCfg = Debug|Any CPU
		{600584A8-1CDA-48C4-94F0-56225079C684}.ForRtuXP|Any CPU.Build.0 = Debug|Any CPU
		{600584A8-1CDA-48C4-94F0-56225079C684}.ForRtuXP|x86.ActiveCfg = Debug|Any CPU
		{600584A8-1CDA-48C4-94F0-56225079C684}.ForRtuXP|x86.Build.0 = Debug|Any CPU
		{600584A8-1CDA-48C4-94F0-56225079C684}.Release|Any CPU.ActiveCfg = Release|Any CPU
		{600584A8-1CDA-48C4-94F0-56225079C684}.Release|Any CPU.Build.0 = Release|Any CPU
		{600584A8-1CDA-48C4-94F0-56225079C684}.Release|x86.ActiveCfg = Release|Any CPU
		{600584A8-1CDA-48C4-94F0-56225079C684}.Release|x86.Build.0 = Release|Any CPU
		{600584A8-1CDA-48C4-94F0-56225079C684}.v4.0-Debug|Any CPU.ActiveCfg = Debug|Any CPU
		{600584A8-1CDA-48C4-94F0-56225079C684}.v4.0-Debug|Any CPU.Build.0 = Debug|Any CPU
		{600584A8-1CDA-48C4-94F0-56225079C684}.v4.0-Debug|x86.ActiveCfg = Debug|Any CPU
		{600584A8-1CDA-48C4-94F0-56225079C684}.v4.0-Debug|x86.Build.0 = Debug|Any CPU
		{600584A8-1CDA-48C4-94F0-56225079C684}.v4.0-Release|Any CPU.ActiveCfg = Release|Any CPU
		{600584A8-1CDA-48C4-94F0-56225079C684}.v4.0-Release|Any CPU.Build.0 = Release|Any CPU
		{600584A8-1CDA-48C4-94F0-56225079C684}.v4.0-Release|x86.ActiveCfg = Release|Any CPU
		{600584A8-1CDA-48C4-94F0-56225079C684}.v4.0-Release|x86.Build.0 = Release|Any CPU
	EndGlobalSection
	GlobalSection(SolutionProperties) = preSolution
		HideSolutionNode = FALSE
	EndGlobalSection
	GlobalSection(NestedProjects) = preSolution
		{AED4A94A-A19E-4625-8037-4F5D9489E04C} = {42AA9301-85D4-4443-8326-367AAEC4A258}
		{E9122BBB-B015-4710-BDD3-03243EE8CBCD} = {42AA9301-85D4-4443-8326-367AAEC4A258}
		{277C2787-8886-4B77-B81C-6FC8526803DC} = {42AA9301-85D4-4443-8326-367AAEC4A258}
		{922C03AE-B0D7-4007-8788-D16FFAB89F05} = {42AA9301-85D4-4443-8326-367AAEC4A258}
		{521CB593-76D9-40A5-A5AD-C8845BDF103B} = {42AA9301-85D4-4443-8326-367AAEC4A258}
		{E98E6CC5-94E4-44B7-AF5C-7F4F74746467} = {30F780F4-2EC3-46E4-B4A5-285511FA269D}
		{4A0D2396-FFD3-4E2A-82D8-35F2C46DF6F9} = {30F780F4-2EC3-46E4-B4A5-285511FA269D}
		{0A6DFC12-DC4A-4C44-923F-CEE3DD6B3521} = {30F780F4-2EC3-46E4-B4A5-285511FA269D}
		{A734876E-977B-4DDA-B6A4-AD1DD525C6D1} = {30F780F4-2EC3-46E4-B4A5-285511FA269D}
		{D7C82E5D-E536-4684-B18F-9E1A341324D6} = {42AA9301-85D4-4443-8326-367AAEC4A258}
		{81DC7363-7379-4C23-8970-3CFEE77DB44C} = {30F780F4-2EC3-46E4-B4A5-285511FA269D}
		{032C090B-3597-4749-AD9E-64AF380EF254} = {30F780F4-2EC3-46E4-B4A5-285511FA269D}
		{86A00748-2A4E-4180-B04E-0E1F6A62A258} = {B846E623-4E4F-4781-B4A4-D598397CF672}
		{0CB0EA37-4A27-45F0-BB01-4C0E064E8962} = {B846E623-4E4F-4781-B4A4-D598397CF672}
		{716240FF-D1E8-4BD3-9E63-431382617398} = {B846E623-4E4F-4781-B4A4-D598397CF672}
		{5194AD3B-E031-4F61-ADED-C1E92999ACF2} = {B846E623-4E4F-4781-B4A4-D598397CF672}
		{84EDD696-9478-4CDC-ABD1-E4C83A764072} = {8D9C27AA-A0E9-4F25-A8F9-EC180BACC347}
		{6BA3EA08-6BDB-4B2D-8729-409E136D4D74} = {8D9C27AA-A0E9-4F25-A8F9-EC180BACC347}
		{BCA77A87-7253-464B-9721-14673268BA42} = {8D9C27AA-A0E9-4F25-A8F9-EC180BACC347}
		{7F241F0D-E08D-4A64-92B5-37EB3CE1BC4C} = {8D9C27AA-A0E9-4F25-A8F9-EC180BACC347}
		{24FD45AB-7511-4652-B675-A3B7CD4684F0} = {30F780F4-2EC3-46E4-B4A5-285511FA269D}
		{961FD7CC-5434-4530-AD87-E0D05AC28C28} = {30F780F4-2EC3-46E4-B4A5-285511FA269D}
		{7FEAB0A0-DFBA-453B-A008-5148DC9C4E7A} = {30F780F4-2EC3-46E4-B4A5-285511FA269D}
		{456F0424-B6BD-452C-A4B9-53DEB92E829C} = {30F780F4-2EC3-46E4-B4A5-285511FA269D}
		{78128B76-31B3-4F4E-825F-2BD1E25B40E5} = {30F780F4-2EC3-46E4-B4A5-285511FA269D}
		{479CD971-95EB-4C29-A4BE-A5694DA96E86} = {8D9C27AA-A0E9-4F25-A8F9-EC180BACC347}
		{A1BF104B-0D36-4895-81D9-9AC054FC4FAD} = {8D9C27AA-A0E9-4F25-A8F9-EC180BACC347}
		{600584A8-1CDA-48C4-94F0-56225079C684} = {30F780F4-2EC3-46E4-B4A5-285511FA269D}
	EndGlobalSection
	GlobalSection(ExtensibilityGlobals) = postSolution
		SolutionGuid = {3F630111-19AE-422B-BDB8-98B5B96A2787}
	EndGlobalSection
	GlobalSection(Performance) = preSolution
		HasPerformanceSessions = true
	EndGlobalSection
	GlobalSection(Performance) = preSolution
		HasPerformanceSessions = true
	EndGlobalSection
	GlobalSection(Performance) = preSolution
		HasPerformanceSessions = true
	EndGlobalSection
	GlobalSection(Performance) = preSolution
		HasPerformanceSessions = true
	EndGlobalSection
EndGlobal
