
Microsoft Visual Studio Solution File, Format Version 12.00
# Visual Studio 14
VisualStudioVersion = 14.0.25420.1
MinimumVisualStudioVersion = 10.0.40219.1
Project("{2150E333-8FDC-42A3-9474-1A3956D46DE8}") = "Solution Items", "Solution Items", "{F02BD296-187F-4C67-A229-3B66E321C764}"
	ProjectSection(SolutionItems) = preProject
		..\.gitattributes = ..\.gitattributes
		..\.gitignore = ..\.gitignore
		Links.txt = Links.txt
	EndProjectSection
EndProject
Project("{FAE04EC0-301F-11D3-BF4B-00C04F79EFBC}") = "GMap.NET.Core", "GMap.NET.Core\GMap.NET.Core.csproj", "{D0C39D9D-BED0-418B-9A5E-713176CAF40C}"
EndProject
Project("{FAE04EC0-301F-11D3-BF4B-00C04F79EFBC}") = "GMap.NET.WindowsPresentation", "GMap.NET.WindowsPresentation\GMap.NET.WindowsPresentation.csproj", "{644FE7D4-0184-400F-B2D7-99CB41360658}"
EndProject
Project("{FAE04EC0-301F-11D3-BF4B-00C04F79EFBC}") = "Graph", "Graph\Graph.csproj", "{A734876E-977B-4DDA-B6A4-AD1DD525C6D1}"
EndProject
Project("{FAE04EC0-301F-11D3-BF4B-00C04F79EFBC}") = "Graph.Tests", "Graph.Tests\Graph.Tests.csproj", "{456F0424-B6BD-452C-A4B9-53DEB92E829C}"
EndProject
Project("{FAE04EC0-301F-11D3-BF4B-00C04F79EFBC}") = "StringResources", "StringResources\StringResources.csproj", "{0CB0EA37-4A27-45F0-BB01-4C0E064E8962}"
EndProject
Project("{FAE04EC0-301F-11D3-BF4B-00C04F79EFBC}") = "DbMigrator", "DbMigrator\DbMigrator.csproj", "{D6F60608-8A8F-40AE-BD7F-8B3ACE247CA7}"
EndProject
Project("{FAE04EC0-301F-11D3-BF4B-00C04F79EFBC}") = "DirectCharonLibrary", "DirectCharonLibrary\DirectCharonLibrary.csproj", "{49D6DE99-29BE-46AE-8BE8-85E660650CA7}"
EndProject
Project("{FAE04EC0-301F-11D3-BF4B-00C04F79EFBC}") = "WpfClient", "WpfClient\WpfClient.csproj", "{0A6DFC12-DC4A-4C44-923F-CEE3DD6B3521}"
EndProject
Project("{FAE04EC0-301F-11D3-BF4B-00C04F79EFBC}") = "Utils35", "Utils35\Utils35.csproj", "{716240FF-D1E8-4BD3-9E63-431382617398}"
EndProject
Project("{FAE04EC0-301F-11D3-BF4B-00C04F79EFBC}") = "IitOtdrLibrary", "IitOtdrLibrary\IitOtdrLibrary.csproj", "{12208D72-7EC1-456F-9F0A-B56152DDC5D2}"
EndProject
Project("{FAE04EC0-301F-11D3-BF4B-00C04F79EFBC}") = "RtuWpfExample", "RtuWpfExample\RtuWpfExample.csproj", "{4A0D2396-FFD3-4E2A-82D8-35F2C46DF6F9}"
EndProject
Project("{FAE04EC0-301F-11D3-BF4B-00C04F79EFBC}") = "WpfCommonViews", "WpfCommonViews\WpfCommonViews.csproj", "{E98E6CC5-94E4-44B7-AF5C-7F4F74746467}"
EndProject
Project("{FAE04EC0-301F-11D3-BF4B-00C04F79EFBC}") = "ConsoleAppOtdr", "ConsoleAppOtdr\ConsoleAppOtdr.csproj", "{F7BEE8E7-FFD9-4136-B3B7-474B1D64108E}"
EndProject
Global
	GlobalSection(SolutionConfigurationPlatforms) = preSolution
		Debug|Any CPU = Debug|Any CPU
		Debug|x86 = Debug|x86
		Release|Any CPU = Release|Any CPU
		Release|x86 = Release|x86
		v4.0-Debug|Any CPU = v4.0-Debug|Any CPU
		v4.0-Debug|x86 = v4.0-Debug|x86
		v4.0-Release|Any CPU = v4.0-Release|Any CPU
		v4.0-Release|x86 = v4.0-Release|x86
	EndGlobalSection
	GlobalSection(ProjectConfigurationPlatforms) = postSolution
		{D0C39D9D-BED0-418B-9A5E-713176CAF40C}.Debug|Any CPU.ActiveCfg = Debug|Any CPU
		{D0C39D9D-BED0-418B-9A5E-713176CAF40C}.Debug|Any CPU.Build.0 = Debug|Any CPU
		{D0C39D9D-BED0-418B-9A5E-713176CAF40C}.Debug|x86.ActiveCfg = Debug|Any CPU
		{D0C39D9D-BED0-418B-9A5E-713176CAF40C}.Debug|x86.Build.0 = Debug|Any CPU
		{D0C39D9D-BED0-418B-9A5E-713176CAF40C}.Release|Any CPU.ActiveCfg = Release|Any CPU
		{D0C39D9D-BED0-418B-9A5E-713176CAF40C}.Release|Any CPU.Build.0 = Release|Any CPU
		{D0C39D9D-BED0-418B-9A5E-713176CAF40C}.Release|x86.ActiveCfg = Release|Any CPU
		{D0C39D9D-BED0-418B-9A5E-713176CAF40C}.Release|x86.Build.0 = Release|Any CPU
		{D0C39D9D-BED0-418B-9A5E-713176CAF40C}.v4.0-Debug|Any CPU.ActiveCfg = v4.0-Debug|Any CPU
		{D0C39D9D-BED0-418B-9A5E-713176CAF40C}.v4.0-Debug|Any CPU.Build.0 = v4.0-Debug|Any CPU
		{D0C39D9D-BED0-418B-9A5E-713176CAF40C}.v4.0-Debug|x86.ActiveCfg = v4.0-Debug|Any CPU
		{D0C39D9D-BED0-418B-9A5E-713176CAF40C}.v4.0-Debug|x86.Build.0 = v4.0-Debug|Any CPU
		{D0C39D9D-BED0-418B-9A5E-713176CAF40C}.v4.0-Release|Any CPU.ActiveCfg = v4.0-Release|Any CPU
		{D0C39D9D-BED0-418B-9A5E-713176CAF40C}.v4.0-Release|Any CPU.Build.0 = v4.0-Release|Any CPU
		{D0C39D9D-BED0-418B-9A5E-713176CAF40C}.v4.0-Release|x86.ActiveCfg = v4.0-Release|Any CPU
		{D0C39D9D-BED0-418B-9A5E-713176CAF40C}.v4.0-Release|x86.Build.0 = v4.0-Release|Any CPU
		{644FE7D4-0184-400F-B2D7-99CB41360658}.Debug|Any CPU.ActiveCfg = Debug|Any CPU
		{644FE7D4-0184-400F-B2D7-99CB41360658}.Debug|Any CPU.Build.0 = Debug|Any CPU
		{644FE7D4-0184-400F-B2D7-99CB41360658}.Debug|x86.ActiveCfg = Debug|Any CPU
		{644FE7D4-0184-400F-B2D7-99CB41360658}.Debug|x86.Build.0 = Debug|Any CPU
		{644FE7D4-0184-400F-B2D7-99CB41360658}.Release|Any CPU.ActiveCfg = Release|Any CPU
		{644FE7D4-0184-400F-B2D7-99CB41360658}.Release|Any CPU.Build.0 = Release|Any CPU
		{644FE7D4-0184-400F-B2D7-99CB41360658}.Release|x86.ActiveCfg = Release|Any CPU
		{644FE7D4-0184-400F-B2D7-99CB41360658}.Release|x86.Build.0 = Release|Any CPU
		{644FE7D4-0184-400F-B2D7-99CB41360658}.v4.0-Debug|Any CPU.ActiveCfg = v4.0-Debug|Any CPU
		{644FE7D4-0184-400F-B2D7-99CB41360658}.v4.0-Debug|Any CPU.Build.0 = v4.0-Debug|Any CPU
		{644FE7D4-0184-400F-B2D7-99CB41360658}.v4.0-Debug|x86.ActiveCfg = v4.0-Debug|Any CPU
		{644FE7D4-0184-400F-B2D7-99CB41360658}.v4.0-Debug|x86.Build.0 = v4.0-Debug|Any CPU
		{644FE7D4-0184-400F-B2D7-99CB41360658}.v4.0-Release|Any CPU.ActiveCfg = v4.0-Release|Any CPU
		{644FE7D4-0184-400F-B2D7-99CB41360658}.v4.0-Release|Any CPU.Build.0 = v4.0-Release|Any CPU
		{644FE7D4-0184-400F-B2D7-99CB41360658}.v4.0-Release|x86.ActiveCfg = v4.0-Release|Any CPU
		{644FE7D4-0184-400F-B2D7-99CB41360658}.v4.0-Release|x86.Build.0 = v4.0-Release|Any CPU
		{A734876E-977B-4DDA-B6A4-AD1DD525C6D1}.Debug|Any CPU.ActiveCfg = Debug|Any CPU
		{A734876E-977B-4DDA-B6A4-AD1DD525C6D1}.Debug|Any CPU.Build.0 = Debug|Any CPU
		{A734876E-977B-4DDA-B6A4-AD1DD525C6D1}.Debug|x86.ActiveCfg = Debug|Any CPU
		{A734876E-977B-4DDA-B6A4-AD1DD525C6D1}.Debug|x86.Build.0 = Debug|Any CPU
		{A734876E-977B-4DDA-B6A4-AD1DD525C6D1}.Release|Any CPU.ActiveCfg = Release|Any CPU
		{A734876E-977B-4DDA-B6A4-AD1DD525C6D1}.Release|Any CPU.Build.0 = Release|Any CPU
		{A734876E-977B-4DDA-B6A4-AD1DD525C6D1}.Release|x86.ActiveCfg = Release|Any CPU
		{A734876E-977B-4DDA-B6A4-AD1DD525C6D1}.Release|x86.Build.0 = Release|Any CPU
		{A734876E-977B-4DDA-B6A4-AD1DD525C6D1}.v4.0-Debug|Any CPU.ActiveCfg = Debug|Any CPU
		{A734876E-977B-4DDA-B6A4-AD1DD525C6D1}.v4.0-Debug|Any CPU.Build.0 = Debug|Any CPU
		{A734876E-977B-4DDA-B6A4-AD1DD525C6D1}.v4.0-Debug|x86.ActiveCfg = Debug|Any CPU
		{A734876E-977B-4DDA-B6A4-AD1DD525C6D1}.v4.0-Debug|x86.Build.0 = Debug|Any CPU
		{A734876E-977B-4DDA-B6A4-AD1DD525C6D1}.v4.0-Release|Any CPU.ActiveCfg = Release|Any CPU
		{A734876E-977B-4DDA-B6A4-AD1DD525C6D1}.v4.0-Release|Any CPU.Build.0 = Release|Any CPU
		{A734876E-977B-4DDA-B6A4-AD1DD525C6D1}.v4.0-Release|x86.ActiveCfg = Release|Any CPU
		{A734876E-977B-4DDA-B6A4-AD1DD525C6D1}.v4.0-Release|x86.Build.0 = Release|Any CPU
		{456F0424-B6BD-452C-A4B9-53DEB92E829C}.Debug|Any CPU.ActiveCfg = Debug|Any CPU
		{456F0424-B6BD-452C-A4B9-53DEB92E829C}.Debug|Any CPU.Build.0 = Debug|Any CPU
		{456F0424-B6BD-452C-A4B9-53DEB92E829C}.Debug|x86.ActiveCfg = Debug|Any CPU
		{456F0424-B6BD-452C-A4B9-53DEB92E829C}.Debug|x86.Build.0 = Debug|Any CPU
		{456F0424-B6BD-452C-A4B9-53DEB92E829C}.Release|Any CPU.ActiveCfg = Release|Any CPU
		{456F0424-B6BD-452C-A4B9-53DEB92E829C}.Release|Any CPU.Build.0 = Release|Any CPU
		{456F0424-B6BD-452C-A4B9-53DEB92E829C}.Release|x86.ActiveCfg = Release|Any CPU
		{456F0424-B6BD-452C-A4B9-53DEB92E829C}.Release|x86.Build.0 = Release|Any CPU
		{456F0424-B6BD-452C-A4B9-53DEB92E829C}.v4.0-Debug|Any CPU.ActiveCfg = Debug|Any CPU
		{456F0424-B6BD-452C-A4B9-53DEB92E829C}.v4.0-Debug|Any CPU.Build.0 = Debug|Any CPU
		{456F0424-B6BD-452C-A4B9-53DEB92E829C}.v4.0-Debug|x86.ActiveCfg = Debug|Any CPU
		{456F0424-B6BD-452C-A4B9-53DEB92E829C}.v4.0-Debug|x86.Build.0 = Debug|Any CPU
		{456F0424-B6BD-452C-A4B9-53DEB92E829C}.v4.0-Release|Any CPU.ActiveCfg = Release|Any CPU
		{456F0424-B6BD-452C-A4B9-53DEB92E829C}.v4.0-Release|Any CPU.Build.0 = Release|Any CPU
		{456F0424-B6BD-452C-A4B9-53DEB92E829C}.v4.0-Release|x86.ActiveCfg = Release|Any CPU
		{456F0424-B6BD-452C-A4B9-53DEB92E829C}.v4.0-Release|x86.Build.0 = Release|Any CPU
		{0CB0EA37-4A27-45F0-BB01-4C0E064E8962}.Debug|Any CPU.ActiveCfg = Debug|Any CPU
		{0CB0EA37-4A27-45F0-BB01-4C0E064E8962}.Debug|Any CPU.Build.0 = Debug|Any CPU
		{0CB0EA37-4A27-45F0-BB01-4C0E064E8962}.Debug|x86.ActiveCfg = Debug|Any CPU
		{0CB0EA37-4A27-45F0-BB01-4C0E064E8962}.Debug|x86.Build.0 = Debug|Any CPU
		{0CB0EA37-4A27-45F0-BB01-4C0E064E8962}.Release|Any CPU.ActiveCfg = Release|Any CPU
		{0CB0EA37-4A27-45F0-BB01-4C0E064E8962}.Release|Any CPU.Build.0 = Release|Any CPU
		{0CB0EA37-4A27-45F0-BB01-4C0E064E8962}.Release|x86.ActiveCfg = Release|Any CPU
		{0CB0EA37-4A27-45F0-BB01-4C0E064E8962}.Release|x86.Build.0 = Release|Any CPU
		{0CB0EA37-4A27-45F0-BB01-4C0E064E8962}.v4.0-Debug|Any CPU.ActiveCfg = Debug|Any CPU
		{0CB0EA37-4A27-45F0-BB01-4C0E064E8962}.v4.0-Debug|Any CPU.Build.0 = Debug|Any CPU
		{0CB0EA37-4A27-45F0-BB01-4C0E064E8962}.v4.0-Debug|x86.ActiveCfg = Debug|Any CPU
		{0CB0EA37-4A27-45F0-BB01-4C0E064E8962}.v4.0-Debug|x86.Build.0 = Debug|Any CPU
		{0CB0EA37-4A27-45F0-BB01-4C0E064E8962}.v4.0-Release|Any CPU.ActiveCfg = Release|Any CPU
		{0CB0EA37-4A27-45F0-BB01-4C0E064E8962}.v4.0-Release|Any CPU.Build.0 = Release|Any CPU
		{0CB0EA37-4A27-45F0-BB01-4C0E064E8962}.v4.0-Release|x86.ActiveCfg = Release|Any CPU
		{0CB0EA37-4A27-45F0-BB01-4C0E064E8962}.v4.0-Release|x86.Build.0 = Release|Any CPU
		{D6F60608-8A8F-40AE-BD7F-8B3ACE247CA7}.Debug|Any CPU.ActiveCfg = Debug|Any CPU
		{D6F60608-8A8F-40AE-BD7F-8B3ACE247CA7}.Debug|Any CPU.Build.0 = Debug|Any CPU
		{D6F60608-8A8F-40AE-BD7F-8B3ACE247CA7}.Debug|x86.ActiveCfg = Debug|Any CPU
		{D6F60608-8A8F-40AE-BD7F-8B3ACE247CA7}.Debug|x86.Build.0 = Debug|Any CPU
		{D6F60608-8A8F-40AE-BD7F-8B3ACE247CA7}.Release|Any CPU.ActiveCfg = Release|Any CPU
		{D6F60608-8A8F-40AE-BD7F-8B3ACE247CA7}.Release|Any CPU.Build.0 = Release|Any CPU
		{D6F60608-8A8F-40AE-BD7F-8B3ACE247CA7}.Release|x86.ActiveCfg = Release|Any CPU
		{D6F60608-8A8F-40AE-BD7F-8B3ACE247CA7}.Release|x86.Build.0 = Release|Any CPU
		{D6F60608-8A8F-40AE-BD7F-8B3ACE247CA7}.v4.0-Debug|Any CPU.ActiveCfg = Debug|Any CPU
		{D6F60608-8A8F-40AE-BD7F-8B3ACE247CA7}.v4.0-Debug|Any CPU.Build.0 = Debug|Any CPU
		{D6F60608-8A8F-40AE-BD7F-8B3ACE247CA7}.v4.0-Debug|x86.ActiveCfg = Debug|Any CPU
		{D6F60608-8A8F-40AE-BD7F-8B3ACE247CA7}.v4.0-Debug|x86.Build.0 = Debug|Any CPU
		{D6F60608-8A8F-40AE-BD7F-8B3ACE247CA7}.v4.0-Release|Any CPU.ActiveCfg = Release|Any CPU
		{D6F60608-8A8F-40AE-BD7F-8B3ACE247CA7}.v4.0-Release|Any CPU.Build.0 = Release|Any CPU
		{D6F60608-8A8F-40AE-BD7F-8B3ACE247CA7}.v4.0-Release|x86.ActiveCfg = Release|Any CPU
		{D6F60608-8A8F-40AE-BD7F-8B3ACE247CA7}.v4.0-Release|x86.Build.0 = Release|Any CPU
		{49D6DE99-29BE-46AE-8BE8-85E660650CA7}.Debug|Any CPU.ActiveCfg = Debug|Any CPU
		{49D6DE99-29BE-46AE-8BE8-85E660650CA7}.Debug|Any CPU.Build.0 = Debug|Any CPU
		{49D6DE99-29BE-46AE-8BE8-85E660650CA7}.Debug|x86.ActiveCfg = Debug|Any CPU
		{49D6DE99-29BE-46AE-8BE8-85E660650CA7}.Debug|x86.Build.0 = Debug|Any CPU
		{49D6DE99-29BE-46AE-8BE8-85E660650CA7}.Release|Any CPU.ActiveCfg = Release|Any CPU
		{49D6DE99-29BE-46AE-8BE8-85E660650CA7}.Release|Any CPU.Build.0 = Release|Any CPU
		{49D6DE99-29BE-46AE-8BE8-85E660650CA7}.Release|x86.ActiveCfg = Release|Any CPU
		{49D6DE99-29BE-46AE-8BE8-85E660650CA7}.Release|x86.Build.0 = Release|Any CPU
		{49D6DE99-29BE-46AE-8BE8-85E660650CA7}.v4.0-Debug|Any CPU.ActiveCfg = Debug|Any CPU
		{49D6DE99-29BE-46AE-8BE8-85E660650CA7}.v4.0-Debug|Any CPU.Build.0 = Debug|Any CPU
		{49D6DE99-29BE-46AE-8BE8-85E660650CA7}.v4.0-Debug|x86.ActiveCfg = Debug|Any CPU
		{49D6DE99-29BE-46AE-8BE8-85E660650CA7}.v4.0-Debug|x86.Build.0 = Debug|Any CPU
		{49D6DE99-29BE-46AE-8BE8-85E660650CA7}.v4.0-Release|Any CPU.ActiveCfg = Release|Any CPU
		{49D6DE99-29BE-46AE-8BE8-85E660650CA7}.v4.0-Release|Any CPU.Build.0 = Release|Any CPU
		{49D6DE99-29BE-46AE-8BE8-85E660650CA7}.v4.0-Release|x86.ActiveCfg = Release|Any CPU
		{49D6DE99-29BE-46AE-8BE8-85E660650CA7}.v4.0-Release|x86.Build.0 = Release|Any CPU
		{0A6DFC12-DC4A-4C44-923F-CEE3DD6B3521}.Debug|Any CPU.ActiveCfg = Debug|Any CPU
		{0A6DFC12-DC4A-4C44-923F-CEE3DD6B3521}.Debug|Any CPU.Build.0 = Debug|Any CPU
		{0A6DFC12-DC4A-4C44-923F-CEE3DD6B3521}.Debug|x86.ActiveCfg = Debug|Any CPU
		{0A6DFC12-DC4A-4C44-923F-CEE3DD6B3521}.Debug|x86.Build.0 = Debug|Any CPU
		{0A6DFC12-DC4A-4C44-923F-CEE3DD6B3521}.Release|Any CPU.ActiveCfg = Release|Any CPU
		{0A6DFC12-DC4A-4C44-923F-CEE3DD6B3521}.Release|Any CPU.Build.0 = Release|Any CPU
		{0A6DFC12-DC4A-4C44-923F-CEE3DD6B3521}.Release|x86.ActiveCfg = Release|Any CPU
		{0A6DFC12-DC4A-4C44-923F-CEE3DD6B3521}.Release|x86.Build.0 = Release|Any CPU
		{0A6DFC12-DC4A-4C44-923F-CEE3DD6B3521}.v4.0-Debug|Any CPU.ActiveCfg = Debug|Any CPU
		{0A6DFC12-DC4A-4C44-923F-CEE3DD6B3521}.v4.0-Debug|Any CPU.Build.0 = Debug|Any CPU
		{0A6DFC12-DC4A-4C44-923F-CEE3DD6B3521}.v4.0-Debug|x86.ActiveCfg = Debug|Any CPU
		{0A6DFC12-DC4A-4C44-923F-CEE3DD6B3521}.v4.0-Debug|x86.Build.0 = Debug|Any CPU
		{0A6DFC12-DC4A-4C44-923F-CEE3DD6B3521}.v4.0-Release|Any CPU.ActiveCfg = Release|Any CPU
		{0A6DFC12-DC4A-4C44-923F-CEE3DD6B3521}.v4.0-Release|Any CPU.Build.0 = Release|Any CPU
		{0A6DFC12-DC4A-4C44-923F-CEE3DD6B3521}.v4.0-Release|x86.ActiveCfg = Release|Any CPU
		{0A6DFC12-DC4A-4C44-923F-CEE3DD6B3521}.v4.0-Release|x86.Build.0 = Release|Any CPU
		{716240FF-D1E8-4BD3-9E63-431382617398}.Debug|Any CPU.ActiveCfg = Debug|Any CPU
		{716240FF-D1E8-4BD3-9E63-431382617398}.Debug|Any CPU.Build.0 = Debug|Any CPU
		{716240FF-D1E8-4BD3-9E63-431382617398}.Debug|x86.ActiveCfg = Debug|x86
		{716240FF-D1E8-4BD3-9E63-431382617398}.Debug|x86.Build.0 = Debug|x86
		{716240FF-D1E8-4BD3-9E63-431382617398}.Release|Any CPU.ActiveCfg = Release|Any CPU
		{716240FF-D1E8-4BD3-9E63-431382617398}.Release|Any CPU.Build.0 = Release|Any CPU
		{716240FF-D1E8-4BD3-9E63-431382617398}.Release|x86.ActiveCfg = Release|x86
		{716240FF-D1E8-4BD3-9E63-431382617398}.Release|x86.Build.0 = Release|x86
		{716240FF-D1E8-4BD3-9E63-431382617398}.v4.0-Debug|Any CPU.ActiveCfg = Debug|Any CPU
		{716240FF-D1E8-4BD3-9E63-431382617398}.v4.0-Debug|Any CPU.Build.0 = Debug|Any CPU
		{716240FF-D1E8-4BD3-9E63-431382617398}.v4.0-Debug|x86.ActiveCfg = Debug|x86
		{716240FF-D1E8-4BD3-9E63-431382617398}.v4.0-Debug|x86.Build.0 = Debug|x86
		{716240FF-D1E8-4BD3-9E63-431382617398}.v4.0-Release|Any CPU.ActiveCfg = Release|Any CPU
		{716240FF-D1E8-4BD3-9E63-431382617398}.v4.0-Release|Any CPU.Build.0 = Release|Any CPU
		{716240FF-D1E8-4BD3-9E63-431382617398}.v4.0-Release|x86.ActiveCfg = Release|x86
		{716240FF-D1E8-4BD3-9E63-431382617398}.v4.0-Release|x86.Build.0 = Release|x86
		{12208D72-7EC1-456F-9F0A-B56152DDC5D2}.Debug|Any CPU.ActiveCfg = Debug|Any CPU
		{12208D72-7EC1-456F-9F0A-B56152DDC5D2}.Debug|Any CPU.Build.0 = Debug|Any CPU
		{12208D72-7EC1-456F-9F0A-B56152DDC5D2}.Debug|x86.ActiveCfg = Debug|x86
		{12208D72-7EC1-456F-9F0A-B56152DDC5D2}.Debug|x86.Build.0 = Debug|x86
		{12208D72-7EC1-456F-9F0A-B56152DDC5D2}.Release|Any CPU.ActiveCfg = Release|Any CPU
		{12208D72-7EC1-456F-9F0A-B56152DDC5D2}.Release|Any CPU.Build.0 = Release|Any CPU
		{12208D72-7EC1-456F-9F0A-B56152DDC5D2}.Release|x86.ActiveCfg = Release|x86
		{12208D72-7EC1-456F-9F0A-B56152DDC5D2}.Release|x86.Build.0 = Release|x86
		{12208D72-7EC1-456F-9F0A-B56152DDC5D2}.v4.0-Debug|Any CPU.ActiveCfg = Debug|Any CPU
		{12208D72-7EC1-456F-9F0A-B56152DDC5D2}.v4.0-Debug|Any CPU.Build.0 = Debug|Any CPU
		{12208D72-7EC1-456F-9F0A-B56152DDC5D2}.v4.0-Debug|x86.ActiveCfg = Debug|x86
		{12208D72-7EC1-456F-9F0A-B56152DDC5D2}.v4.0-Debug|x86.Build.0 = Debug|x86
		{12208D72-7EC1-456F-9F0A-B56152DDC5D2}.v4.0-Release|Any CPU.ActiveCfg = Release|Any CPU
		{12208D72-7EC1-456F-9F0A-B56152DDC5D2}.v4.0-Release|Any CPU.Build.0 = Release|Any CPU
		{12208D72-7EC1-456F-9F0A-B56152DDC5D2}.v4.0-Release|x86.ActiveCfg = Release|x86
		{12208D72-7EC1-456F-9F0A-B56152DDC5D2}.v4.0-Release|x86.Build.0 = Release|x86
		{4A0D2396-FFD3-4E2A-82D8-35F2C46DF6F9}.Debug|Any CPU.ActiveCfg = Debug|Any CPU
		{4A0D2396-FFD3-4E2A-82D8-35F2C46DF6F9}.Debug|Any CPU.Build.0 = Debug|Any CPU
		{4A0D2396-FFD3-4E2A-82D8-35F2C46DF6F9}.Debug|x86.ActiveCfg = Debug|Any CPU
		{4A0D2396-FFD3-4E2A-82D8-35F2C46DF6F9}.Debug|x86.Build.0 = Debug|Any CPU
		{4A0D2396-FFD3-4E2A-82D8-35F2C46DF6F9}.Release|Any CPU.ActiveCfg = Release|Any CPU
		{4A0D2396-FFD3-4E2A-82D8-35F2C46DF6F9}.Release|Any CPU.Build.0 = Release|Any CPU
		{4A0D2396-FFD3-4E2A-82D8-35F2C46DF6F9}.Release|x86.ActiveCfg = Release|Any CPU
		{4A0D2396-FFD3-4E2A-82D8-35F2C46DF6F9}.Release|x86.Build.0 = Release|Any CPU
		{4A0D2396-FFD3-4E2A-82D8-35F2C46DF6F9}.v4.0-Debug|Any CPU.ActiveCfg = Debug|Any CPU
		{4A0D2396-FFD3-4E2A-82D8-35F2C46DF6F9}.v4.0-Debug|Any CPU.Build.0 = Debug|Any CPU
		{4A0D2396-FFD3-4E2A-82D8-35F2C46DF6F9}.v4.0-Debug|x86.ActiveCfg = Debug|Any CPU
		{4A0D2396-FFD3-4E2A-82D8-35F2C46DF6F9}.v4.0-Debug|x86.Build.0 = Debug|Any CPU
		{4A0D2396-FFD3-4E2A-82D8-35F2C46DF6F9}.v4.0-Release|Any CPU.ActiveCfg = Release|Any CPU
		{4A0D2396-FFD3-4E2A-82D8-35F2C46DF6F9}.v4.0-Release|Any CPU.Build.0 = Release|Any CPU
		{4A0D2396-FFD3-4E2A-82D8-35F2C46DF6F9}.v4.0-Release|x86.ActiveCfg = Release|Any CPU
		{4A0D2396-FFD3-4E2A-82D8-35F2C46DF6F9}.v4.0-Release|x86.Build.0 = Release|Any CPU
		{E98E6CC5-94E4-44B7-AF5C-7F4F74746467}.Debug|Any CPU.ActiveCfg = Debug|Any CPU
		{E98E6CC5-94E4-44B7-AF5C-7F4F74746467}.Debug|Any CPU.Build.0 = Debug|Any CPU
		{E98E6CC5-94E4-44B7-AF5C-7F4F74746467}.Debug|x86.ActiveCfg = Debug|Any CPU
		{E98E6CC5-94E4-44B7-AF5C-7F4F74746467}.Debug|x86.Build.0 = Debug|Any CPU
		{E98E6CC5-94E4-44B7-AF5C-7F4F74746467}.Release|Any CPU.ActiveCfg = Release|Any CPU
		{E98E6CC5-94E4-44B7-AF5C-7F4F74746467}.Release|Any CPU.Build.0 = Release|Any CPU
		{E98E6CC5-94E4-44B7-AF5C-7F4F74746467}.Release|x86.ActiveCfg = Release|Any CPU
		{E98E6CC5-94E4-44B7-AF5C-7F4F74746467}.Release|x86.Build.0 = Release|Any CPU
		{E98E6CC5-94E4-44B7-AF5C-7F4F74746467}.v4.0-Debug|Any CPU.ActiveCfg = Debug|Any CPU
		{E98E6CC5-94E4-44B7-AF5C-7F4F74746467}.v4.0-Debug|Any CPU.Build.0 = Debug|Any CPU
		{E98E6CC5-94E4-44B7-AF5C-7F4F74746467}.v4.0-Debug|x86.ActiveCfg = Debug|Any CPU
		{E98E6CC5-94E4-44B7-AF5C-7F4F74746467}.v4.0-Debug|x86.Build.0 = Debug|Any CPU
		{E98E6CC5-94E4-44B7-AF5C-7F4F74746467}.v4.0-Release|Any CPU.ActiveCfg = Release|Any CPU
		{E98E6CC5-94E4-44B7-AF5C-7F4F74746467}.v4.0-Release|Any CPU.Build.0 = Release|Any CPU
		{E98E6CC5-94E4-44B7-AF5C-7F4F74746467}.v4.0-Release|x86.ActiveCfg = Release|Any CPU
		{E98E6CC5-94E4-44B7-AF5C-7F4F74746467}.v4.0-Release|x86.Build.0 = Release|Any CPU
		{F7BEE8E7-FFD9-4136-B3B7-474B1D64108E}.Debug|Any CPU.ActiveCfg = Debug|Any CPU
		{F7BEE8E7-FFD9-4136-B3B7-474B1D64108E}.Debug|Any CPU.Build.0 = Debug|Any CPU
		{F7BEE8E7-FFD9-4136-B3B7-474B1D64108E}.Debug|x86.ActiveCfg = Debug|x86
		{F7BEE8E7-FFD9-4136-B3B7-474B1D64108E}.Debug|x86.Build.0 = Debug|x86
		{F7BEE8E7-FFD9-4136-B3B7-474B1D64108E}.Release|Any CPU.ActiveCfg = Release|Any CPU
		{F7BEE8E7-FFD9-4136-B3B7-474B1D64108E}.Release|Any CPU.Build.0 = Release|Any CPU
		{F7BEE8E7-FFD9-4136-B3B7-474B1D64108E}.Release|x86.ActiveCfg = Release|x86
		{F7BEE8E7-FFD9-4136-B3B7-474B1D64108E}.Release|x86.Build.0 = Release|x86
		{F7BEE8E7-FFD9-4136-B3B7-474B1D64108E}.v4.0-Debug|Any CPU.ActiveCfg = Debug|Any CPU
		{F7BEE8E7-FFD9-4136-B3B7-474B1D64108E}.v4.0-Debug|Any CPU.Build.0 = Debug|Any CPU
		{F7BEE8E7-FFD9-4136-B3B7-474B1D64108E}.v4.0-Debug|x86.ActiveCfg = Debug|x86
		{F7BEE8E7-FFD9-4136-B3B7-474B1D64108E}.v4.0-Debug|x86.Build.0 = Debug|x86
		{F7BEE8E7-FFD9-4136-B3B7-474B1D64108E}.v4.0-Release|Any CPU.ActiveCfg = Release|Any CPU
		{F7BEE8E7-FFD9-4136-B3B7-474B1D64108E}.v4.0-Release|Any CPU.Build.0 = Release|Any CPU
		{F7BEE8E7-FFD9-4136-B3B7-474B1D64108E}.v4.0-Release|x86.ActiveCfg = Release|x86
		{F7BEE8E7-FFD9-4136-B3B7-474B1D64108E}.v4.0-Release|x86.Build.0 = Release|x86
	EndGlobalSection
	GlobalSection(SolutionProperties) = preSolution
		HideSolutionNode = FALSE
	EndGlobalSection
EndGlobal
