
Microsoft Visual Studio Solution File, Format Version 12.00
# Visual Studio 14
VisualStudioVersion = 14.0.25420.1
MinimumVisualStudioVersion = 10.0.40219.1
Project("{2150E333-8FDC-42A3-9474-1A3956D46DE8}") = "Solution Items", "Solution Items", "{F02BD296-187F-4C67-A229-3B66E321C764}"
	ProjectSection(SolutionItems) = preProject
		..\.gitattributes = ..\.gitattributes
		..\.gitignore = ..\.gitignore
		Links.txt = Links.txt
	EndProjectSection
EndProject
Project("{FAE04EC0-301F-11D3-BF4B-00C04F79EFBC}") = "GMap.NET.Core", "GMap.NET.Core\GMap.NET.Core.csproj", "{D0C39D9D-BED0-418B-9A5E-713176CAF40C}"
EndProject
Project("{FAE04EC0-301F-11D3-BF4B-00C04F79EFBC}") = "GMap.NET.WindowsPresentation", "GMap.NET.WindowsPresentation\GMap.NET.WindowsPresentation.csproj", "{644FE7D4-0184-400F-B2D7-99CB41360658}"
EndProject
Project("{FAE04EC0-301F-11D3-BF4B-00C04F79EFBC}") = "Graph", "Graph\Graph.csproj", "{A734876E-977B-4DDA-B6A4-AD1DD525C6D1}"
EndProject
Project("{FAE04EC0-301F-11D3-BF4B-00C04F79EFBC}") = "Graph.Tests", "Graph.Tests\Graph.Tests.csproj", "{456F0424-B6BD-452C-A4B9-53DEB92E829C}"
EndProject
Project("{FAE04EC0-301F-11D3-BF4B-00C04F79EFBC}") = "StringResources", "StringResources\StringResources.csproj", "{0CB0EA37-4A27-45F0-BB01-4C0E064E8962}"
EndProject
Project("{FAE04EC0-301F-11D3-BF4B-00C04F79EFBC}") = "DbMigrator", "DbMigrator\DbMigrator.csproj", "{D6F60608-8A8F-40AE-BD7F-8B3ACE247CA7}"
EndProject
Project("{FAE04EC0-301F-11D3-BF4B-00C04F79EFBC}") = "DirectCharonLibrary", "DirectCharonLibrary\DirectCharonLibrary.csproj", "{49D6DE99-29BE-46AE-8BE8-85E660650CA7}"
EndProject
Project("{FAE04EC0-301F-11D3-BF4B-00C04F79EFBC}") = "WpfClient", "WpfClient\WpfClient.csproj", "{0A6DFC12-DC4A-4C44-923F-CEE3DD6B3521}"
EndProject
Project("{FAE04EC0-301F-11D3-BF4B-00C04F79EFBC}") = "Utils35", "Utils35\Utils35.csproj", "{716240FF-D1E8-4BD3-9E63-431382617398}"
EndProject
Project("{FAE04EC0-301F-11D3-BF4B-00C04F79EFBC}") = "IitOtdrLibrary", "IitOtdrLibrary\IitOtdrLibrary.csproj", "{12208D72-7EC1-456F-9F0A-B56152DDC5D2}"
EndProject
Project("{FAE04EC0-301F-11D3-BF4B-00C04F79EFBC}") = "RtuWpfExample", "RtuWpfExample\RtuWpfExample.csproj", "{4A0D2396-FFD3-4E2A-82D8-35F2C46DF6F9}"
	ProjectSection(ProjectDependencies) = postProject
		{C3D2B884-ADB0-4706-8A89-404CCC75F858} = {C3D2B884-ADB0-4706-8A89-404CCC75F858}
		{EC01DBCB-BD59-4E30-A6C3-F8DDBB6E45F9} = {EC01DBCB-BD59-4E30-A6C3-F8DDBB6E45F9}
	EndProjectSection
EndProject
Project("{FAE04EC0-301F-11D3-BF4B-00C04F79EFBC}") = "WpfCommonViews", "WpfCommonViews\WpfCommonViews.csproj", "{E98E6CC5-94E4-44B7-AF5C-7F4F74746467}"
EndProject
Project("{FAE04EC0-301F-11D3-BF4B-00C04F79EFBC}") = "ConsoleAppOtdr", "ConsoleAppOtdr\ConsoleAppOtdr.csproj", "{F7BEE8E7-FFD9-4136-B3B7-474B1D64108E}"
EndProject
Project("{FAE04EC0-301F-11D3-BF4B-00C04F79EFBC}") = "RtuService", "RtuService\RtuService.csproj", "{5B1E89A1-6EAE-4736-95FF-DB3D61E45278}"
	ProjectSection(ProjectDependencies) = postProject
		{EC01DBCB-BD59-4E30-A6C3-F8DDBB6E45F9} = {EC01DBCB-BD59-4E30-A6C3-F8DDBB6E45F9}
	EndProjectSection
EndProject
Project("{FAE04EC0-301F-11D3-BF4B-00C04F79EFBC}") = "RtuWcfServiceLibrary", "RtuWcfServiceLibrary\RtuWcfServiceLibrary.csproj", "{C3D2B884-ADB0-4706-8A89-404CCC75F858}"
EndProject
Project("{FAE04EC0-301F-11D3-BF4B-00C04F79EFBC}") = "RtuManagement", "RtuManagement\RtuManagement.csproj", "{15F68F8C-A6C3-47DC-835A-7A0FC1257E9F}"
	ProjectSection(ProjectDependencies) = postProject
		{EC01DBCB-BD59-4E30-A6C3-F8DDBB6E45F9} = {EC01DBCB-BD59-4E30-A6C3-F8DDBB6E45F9}
	EndProjectSection
EndProject
Project("{FAE04EC0-301F-11D3-BF4B-00C04F79EFBC}") = "RtuWatchdog", "RtuWatchdog\RtuWatchdog.csproj", "{E3D4892B-CF7D-4704-814A-6FDF16B1E9DC}"
EndProject
Project("{FAE04EC0-301F-11D3-BF4B-00C04F79EFBC}") = "D4R_WcfService", "D4R_WcfService\D4R_WcfService.csproj", "{EC01DBCB-BD59-4E30-A6C3-F8DDBB6E45F9}"
EndProject
Project("{FAE04EC0-301F-11D3-BF4B-00C04F79EFBC}") = "DataCenterService", "DataCenterService\DataCenterService.csproj", "{BCA77A87-7253-464B-9721-14673268BA42}"
EndProject
Project("{FAE04EC0-301F-11D3-BF4B-00C04F79EFBC}") = "D4C_WcfService", "D4C_WcfService\D4C_WcfService.csproj", "{72F6524C-E7EE-4DFD-8AE2-15A4E5225D3B}"
EndProject
Project("{FAE04EC0-301F-11D3-BF4B-00C04F79EFBC}") = "DataCenterCore", "DataCenterCore\DataCenterCore.csproj", "{6BA3EA08-6BDB-4B2D-8729-409E136D4D74}"
EndProject
Project("{FAE04EC0-301F-11D3-BF4B-00C04F79EFBC}") = "Dto", "Dto\Dto.csproj", "{86A00748-2A4E-4180-B04E-0E1F6A62A258}"
EndProject
Global
	GlobalSection(SolutionConfigurationPlatforms) = preSolution
		Debug|Any CPU = Debug|Any CPU
		Debug|x86 = Debug|x86
		ForRtuXP|Any CPU = ForRtuXP|Any CPU
		ForRtuXP|x86 = ForRtuXP|x86
		Release|Any CPU = Release|Any CPU
		Release|x86 = Release|x86
		v4.0-Debug|Any CPU = v4.0-Debug|Any CPU
		v4.0-Debug|x86 = v4.0-Debug|x86
		v4.0-Release|Any CPU = v4.0-Release|Any CPU
		v4.0-Release|x86 = v4.0-Release|x86
	EndGlobalSection
	GlobalSection(ProjectConfigurationPlatforms) = postSolution
		{D0C39D9D-BED0-418B-9A5E-713176CAF40C}.Debug|Any CPU.ActiveCfg = Debug|Any CPU
		{D0C39D9D-BED0-418B-9A5E-713176CAF40C}.Debug|Any CPU.Build.0 = Debug|Any CPU
		{D0C39D9D-BED0-418B-9A5E-713176CAF40C}.Debug|x86.ActiveCfg = Debug|Any CPU
		{D0C39D9D-BED0-418B-9A5E-713176CAF40C}.Debug|x86.Build.0 = Debug|Any CPU
		{D0C39D9D-BED0-418B-9A5E-713176CAF40C}.ForRtuXP|Any CPU.ActiveCfg = ForRtuXP|Any CPU
		{D0C39D9D-BED0-418B-9A5E-713176CAF40C}.ForRtuXP|Any CPU.Build.0 = ForRtuXP|Any CPU
		{D0C39D9D-BED0-418B-9A5E-713176CAF40C}.ForRtuXP|x86.ActiveCfg = Release|Any CPU
		{D0C39D9D-BED0-418B-9A5E-713176CAF40C}.ForRtuXP|x86.Build.0 = Release|Any CPU
		{D0C39D9D-BED0-418B-9A5E-713176CAF40C}.Release|Any CPU.ActiveCfg = Release|Any CPU
		{D0C39D9D-BED0-418B-9A5E-713176CAF40C}.Release|Any CPU.Build.0 = Release|Any CPU
		{D0C39D9D-BED0-418B-9A5E-713176CAF40C}.Release|x86.ActiveCfg = Release|Any CPU
		{D0C39D9D-BED0-418B-9A5E-713176CAF40C}.Release|x86.Build.0 = Release|Any CPU
		{D0C39D9D-BED0-418B-9A5E-713176CAF40C}.v4.0-Debug|Any CPU.ActiveCfg = v4.0-Debug|Any CPU
		{D0C39D9D-BED0-418B-9A5E-713176CAF40C}.v4.0-Debug|Any CPU.Build.0 = v4.0-Debug|Any CPU
		{D0C39D9D-BED0-418B-9A5E-713176CAF40C}.v4.0-Debug|x86.ActiveCfg = v4.0-Debug|Any CPU
		{D0C39D9D-BED0-418B-9A5E-713176CAF40C}.v4.0-Debug|x86.Build.0 = v4.0-Debug|Any CPU
		{D0C39D9D-BED0-418B-9A5E-713176CAF40C}.v4.0-Release|Any CPU.ActiveCfg = v4.0-Release|Any CPU
		{D0C39D9D-BED0-418B-9A5E-713176CAF40C}.v4.0-Release|Any CPU.Build.0 = v4.0-Release|Any CPU
		{D0C39D9D-BED0-418B-9A5E-713176CAF40C}.v4.0-Release|x86.ActiveCfg = v4.0-Release|Any CPU
		{D0C39D9D-BED0-418B-9A5E-713176CAF40C}.v4.0-Release|x86.Build.0 = v4.0-Release|Any CPU
		{644FE7D4-0184-400F-B2D7-99CB41360658}.Debug|Any CPU.ActiveCfg = Debug|Any CPU
		{644FE7D4-0184-400F-B2D7-99CB41360658}.Debug|Any CPU.Build.0 = Debug|Any CPU
		{644FE7D4-0184-400F-B2D7-99CB41360658}.Debug|x86.ActiveCfg = Debug|Any CPU
		{644FE7D4-0184-400F-B2D7-99CB41360658}.Debug|x86.Build.0 = Debug|Any CPU
		{644FE7D4-0184-400F-B2D7-99CB41360658}.ForRtuXP|Any CPU.ActiveCfg = ForRtuXP|Any CPU
		{644FE7D4-0184-400F-B2D7-99CB41360658}.ForRtuXP|Any CPU.Build.0 = ForRtuXP|Any CPU
		{644FE7D4-0184-400F-B2D7-99CB41360658}.ForRtuXP|x86.ActiveCfg = Release|Any CPU
		{644FE7D4-0184-400F-B2D7-99CB41360658}.ForRtuXP|x86.Build.0 = Release|Any CPU
		{644FE7D4-0184-400F-B2D7-99CB41360658}.Release|Any CPU.ActiveCfg = Release|Any CPU
		{644FE7D4-0184-400F-B2D7-99CB41360658}.Release|Any CPU.Build.0 = Release|Any CPU
		{644FE7D4-0184-400F-B2D7-99CB41360658}.Release|x86.ActiveCfg = Release|Any CPU
		{644FE7D4-0184-400F-B2D7-99CB41360658}.Release|x86.Build.0 = Release|Any CPU
		{644FE7D4-0184-400F-B2D7-99CB41360658}.v4.0-Debug|Any CPU.ActiveCfg = v4.0-Debug|Any CPU
		{644FE7D4-0184-400F-B2D7-99CB41360658}.v4.0-Debug|Any CPU.Build.0 = v4.0-Debug|Any CPU
		{644FE7D4-0184-400F-B2D7-99CB41360658}.v4.0-Debug|x86.ActiveCfg = v4.0-Debug|Any CPU
		{644FE7D4-0184-400F-B2D7-99CB41360658}.v4.0-Debug|x86.Build.0 = v4.0-Debug|Any CPU
		{644FE7D4-0184-400F-B2D7-99CB41360658}.v4.0-Release|Any CPU.ActiveCfg = v4.0-Release|Any CPU
		{644FE7D4-0184-400F-B2D7-99CB41360658}.v4.0-Release|Any CPU.Build.0 = v4.0-Release|Any CPU
		{644FE7D4-0184-400F-B2D7-99CB41360658}.v4.0-Release|x86.ActiveCfg = v4.0-Release|Any CPU
		{644FE7D4-0184-400F-B2D7-99CB41360658}.v4.0-Release|x86.Build.0 = v4.0-Release|Any CPU
		{A734876E-977B-4DDA-B6A4-AD1DD525C6D1}.Debug|Any CPU.ActiveCfg = Debug|Any CPU
		{A734876E-977B-4DDA-B6A4-AD1DD525C6D1}.Debug|Any CPU.Build.0 = Debug|Any CPU
		{A734876E-977B-4DDA-B6A4-AD1DD525C6D1}.Debug|x86.ActiveCfg = Debug|Any CPU
		{A734876E-977B-4DDA-B6A4-AD1DD525C6D1}.Debug|x86.Build.0 = Debug|Any CPU
		{A734876E-977B-4DDA-B6A4-AD1DD525C6D1}.ForRtuXP|Any CPU.ActiveCfg = ForRtuXP|Any CPU
		{A734876E-977B-4DDA-B6A4-AD1DD525C6D1}.ForRtuXP|Any CPU.Build.0 = ForRtuXP|Any CPU
		{A734876E-977B-4DDA-B6A4-AD1DD525C6D1}.ForRtuXP|x86.ActiveCfg = ForRtuXP|Any CPU
		{A734876E-977B-4DDA-B6A4-AD1DD525C6D1}.ForRtuXP|x86.Build.0 = ForRtuXP|Any CPU
		{A734876E-977B-4DDA-B6A4-AD1DD525C6D1}.Release|Any CPU.ActiveCfg = Release|Any CPU
		{A734876E-977B-4DDA-B6A4-AD1DD525C6D1}.Release|Any CPU.Build.0 = Release|Any CPU
		{A734876E-977B-4DDA-B6A4-AD1DD525C6D1}.Release|x86.ActiveCfg = Release|Any CPU
		{A734876E-977B-4DDA-B6A4-AD1DD525C6D1}.Release|x86.Build.0 = Release|Any CPU
		{A734876E-977B-4DDA-B6A4-AD1DD525C6D1}.v4.0-Debug|Any CPU.ActiveCfg = Debug|Any CPU
		{A734876E-977B-4DDA-B6A4-AD1DD525C6D1}.v4.0-Debug|Any CPU.Build.0 = Debug|Any CPU
		{A734876E-977B-4DDA-B6A4-AD1DD525C6D1}.v4.0-Debug|x86.ActiveCfg = Debug|Any CPU
		{A734876E-977B-4DDA-B6A4-AD1DD525C6D1}.v4.0-Debug|x86.Build.0 = Debug|Any CPU
		{A734876E-977B-4DDA-B6A4-AD1DD525C6D1}.v4.0-Release|Any CPU.ActiveCfg = Release|Any CPU
		{A734876E-977B-4DDA-B6A4-AD1DD525C6D1}.v4.0-Release|Any CPU.Build.0 = Release|Any CPU
		{A734876E-977B-4DDA-B6A4-AD1DD525C6D1}.v4.0-Release|x86.ActiveCfg = Release|Any CPU
		{A734876E-977B-4DDA-B6A4-AD1DD525C6D1}.v4.0-Release|x86.Build.0 = Release|Any CPU
		{456F0424-B6BD-452C-A4B9-53DEB92E829C}.Debug|Any CPU.ActiveCfg = Debug|Any CPU
		{456F0424-B6BD-452C-A4B9-53DEB92E829C}.Debug|Any CPU.Build.0 = Debug|Any CPU
		{456F0424-B6BD-452C-A4B9-53DEB92E829C}.Debug|x86.ActiveCfg = Debug|Any CPU
		{456F0424-B6BD-452C-A4B9-53DEB92E829C}.Debug|x86.Build.0 = Debug|Any CPU
		{456F0424-B6BD-452C-A4B9-53DEB92E829C}.ForRtuXP|Any CPU.ActiveCfg = ForRtuXP|Any CPU
		{456F0424-B6BD-452C-A4B9-53DEB92E829C}.ForRtuXP|Any CPU.Build.0 = ForRtuXP|Any CPU
		{456F0424-B6BD-452C-A4B9-53DEB92E829C}.ForRtuXP|x86.ActiveCfg = ForRtuXP|Any CPU
		{456F0424-B6BD-452C-A4B9-53DEB92E829C}.ForRtuXP|x86.Build.0 = ForRtuXP|Any CPU
		{456F0424-B6BD-452C-A4B9-53DEB92E829C}.Release|Any CPU.ActiveCfg = Release|Any CPU
		{456F0424-B6BD-452C-A4B9-53DEB92E829C}.Release|Any CPU.Build.0 = Release|Any CPU
		{456F0424-B6BD-452C-A4B9-53DEB92E829C}.Release|x86.ActiveCfg = Release|Any CPU
		{456F0424-B6BD-452C-A4B9-53DEB92E829C}.Release|x86.Build.0 = Release|Any CPU
		{456F0424-B6BD-452C-A4B9-53DEB92E829C}.v4.0-Debug|Any CPU.ActiveCfg = Debug|Any CPU
		{456F0424-B6BD-452C-A4B9-53DEB92E829C}.v4.0-Debug|Any CPU.Build.0 = Debug|Any CPU
		{456F0424-B6BD-452C-A4B9-53DEB92E829C}.v4.0-Debug|x86.ActiveCfg = Debug|Any CPU
		{456F0424-B6BD-452C-A4B9-53DEB92E829C}.v4.0-Debug|x86.Build.0 = Debug|Any CPU
		{456F0424-B6BD-452C-A4B9-53DEB92E829C}.v4.0-Release|Any CPU.ActiveCfg = Release|Any CPU
		{456F0424-B6BD-452C-A4B9-53DEB92E829C}.v4.0-Release|Any CPU.Build.0 = Release|Any CPU
		{456F0424-B6BD-452C-A4B9-53DEB92E829C}.v4.0-Release|x86.ActiveCfg = Release|Any CPU
		{456F0424-B6BD-452C-A4B9-53DEB92E829C}.v4.0-Release|x86.Build.0 = Release|Any CPU
		{0CB0EA37-4A27-45F0-BB01-4C0E064E8962}.Debug|Any CPU.ActiveCfg = Debug|Any CPU
		{0CB0EA37-4A27-45F0-BB01-4C0E064E8962}.Debug|Any CPU.Build.0 = Debug|Any CPU
		{0CB0EA37-4A27-45F0-BB01-4C0E064E8962}.Debug|x86.ActiveCfg = Debug|x86
		{0CB0EA37-4A27-45F0-BB01-4C0E064E8962}.Debug|x86.Build.0 = Debug|x86
		{0CB0EA37-4A27-45F0-BB01-4C0E064E8962}.ForRtuXP|Any CPU.ActiveCfg = ForRtuXP|Any CPU
		{0CB0EA37-4A27-45F0-BB01-4C0E064E8962}.ForRtuXP|Any CPU.Build.0 = ForRtuXP|Any CPU
		{0CB0EA37-4A27-45F0-BB01-4C0E064E8962}.ForRtuXP|x86.ActiveCfg = ForRtuXP|x86
		{0CB0EA37-4A27-45F0-BB01-4C0E064E8962}.ForRtuXP|x86.Build.0 = ForRtuXP|x86
		{0CB0EA37-4A27-45F0-BB01-4C0E064E8962}.Release|Any CPU.ActiveCfg = Release|Any CPU
		{0CB0EA37-4A27-45F0-BB01-4C0E064E8962}.Release|Any CPU.Build.0 = Release|Any CPU
		{0CB0EA37-4A27-45F0-BB01-4C0E064E8962}.Release|x86.ActiveCfg = Release|x86
		{0CB0EA37-4A27-45F0-BB01-4C0E064E8962}.Release|x86.Build.0 = Release|x86
		{0CB0EA37-4A27-45F0-BB01-4C0E064E8962}.v4.0-Debug|Any CPU.ActiveCfg = Debug|Any CPU
		{0CB0EA37-4A27-45F0-BB01-4C0E064E8962}.v4.0-Debug|Any CPU.Build.0 = Debug|Any CPU
		{0CB0EA37-4A27-45F0-BB01-4C0E064E8962}.v4.0-Debug|x86.ActiveCfg = Debug|Any CPU
		{0CB0EA37-4A27-45F0-BB01-4C0E064E8962}.v4.0-Debug|x86.Build.0 = Debug|Any CPU
		{0CB0EA37-4A27-45F0-BB01-4C0E064E8962}.v4.0-Release|Any CPU.ActiveCfg = Release|Any CPU
		{0CB0EA37-4A27-45F0-BB01-4C0E064E8962}.v4.0-Release|Any CPU.Build.0 = Release|Any CPU
		{0CB0EA37-4A27-45F0-BB01-4C0E064E8962}.v4.0-Release|x86.ActiveCfg = Release|Any CPU
		{0CB0EA37-4A27-45F0-BB01-4C0E064E8962}.v4.0-Release|x86.Build.0 = Release|Any CPU
		{D6F60608-8A8F-40AE-BD7F-8B3ACE247CA7}.Debug|Any CPU.ActiveCfg = Debug|Any CPU
		{D6F60608-8A8F-40AE-BD7F-8B3ACE247CA7}.Debug|Any CPU.Build.0 = Debug|Any CPU
		{D6F60608-8A8F-40AE-BD7F-8B3ACE247CA7}.Debug|x86.ActiveCfg = Debug|Any CPU
		{D6F60608-8A8F-40AE-BD7F-8B3ACE247CA7}.Debug|x86.Build.0 = Debug|Any CPU
		{D6F60608-8A8F-40AE-BD7F-8B3ACE247CA7}.ForRtuXP|Any CPU.ActiveCfg = ForRtuXP|Any CPU
		{D6F60608-8A8F-40AE-BD7F-8B3ACE247CA7}.ForRtuXP|Any CPU.Build.0 = ForRtuXP|Any CPU
		{D6F60608-8A8F-40AE-BD7F-8B3ACE247CA7}.ForRtuXP|x86.ActiveCfg = ForRtuXP|Any CPU
		{D6F60608-8A8F-40AE-BD7F-8B3ACE247CA7}.ForRtuXP|x86.Build.0 = ForRtuXP|Any CPU
		{D6F60608-8A8F-40AE-BD7F-8B3ACE247CA7}.Release|Any CPU.ActiveCfg = Release|Any CPU
		{D6F60608-8A8F-40AE-BD7F-8B3ACE247CA7}.Release|Any CPU.Build.0 = Release|Any CPU
		{D6F60608-8A8F-40AE-BD7F-8B3ACE247CA7}.Release|x86.ActiveCfg = Release|Any CPU
		{D6F60608-8A8F-40AE-BD7F-8B3ACE247CA7}.Release|x86.Build.0 = Release|Any CPU
		{D6F60608-8A8F-40AE-BD7F-8B3ACE247CA7}.v4.0-Debug|Any CPU.ActiveCfg = Debug|Any CPU
		{D6F60608-8A8F-40AE-BD7F-8B3ACE247CA7}.v4.0-Debug|Any CPU.Build.0 = Debug|Any CPU
		{D6F60608-8A8F-40AE-BD7F-8B3ACE247CA7}.v4.0-Debug|x86.ActiveCfg = Debug|Any CPU
		{D6F60608-8A8F-40AE-BD7F-8B3ACE247CA7}.v4.0-Debug|x86.Build.0 = Debug|Any CPU
		{D6F60608-8A8F-40AE-BD7F-8B3ACE247CA7}.v4.0-Release|Any CPU.ActiveCfg = Release|Any CPU
		{D6F60608-8A8F-40AE-BD7F-8B3ACE247CA7}.v4.0-Release|Any CPU.Build.0 = Release|Any CPU
		{D6F60608-8A8F-40AE-BD7F-8B3ACE247CA7}.v4.0-Release|x86.ActiveCfg = Release|Any CPU
		{D6F60608-8A8F-40AE-BD7F-8B3ACE247CA7}.v4.0-Release|x86.Build.0 = Release|Any CPU
		{49D6DE99-29BE-46AE-8BE8-85E660650CA7}.Debug|Any CPU.ActiveCfg = Debug|Any CPU
		{49D6DE99-29BE-46AE-8BE8-85E660650CA7}.Debug|Any CPU.Build.0 = Debug|Any CPU
		{49D6DE99-29BE-46AE-8BE8-85E660650CA7}.Debug|x86.ActiveCfg = Debug|x86
		{49D6DE99-29BE-46AE-8BE8-85E660650CA7}.Debug|x86.Build.0 = Debug|x86
		{49D6DE99-29BE-46AE-8BE8-85E660650CA7}.ForRtuXP|Any CPU.ActiveCfg = ForRtuXP|Any CPU
		{49D6DE99-29BE-46AE-8BE8-85E660650CA7}.ForRtuXP|Any CPU.Build.0 = ForRtuXP|Any CPU
		{49D6DE99-29BE-46AE-8BE8-85E660650CA7}.ForRtuXP|x86.ActiveCfg = ForRtuXP|x86
		{49D6DE99-29BE-46AE-8BE8-85E660650CA7}.ForRtuXP|x86.Build.0 = ForRtuXP|x86
		{49D6DE99-29BE-46AE-8BE8-85E660650CA7}.Release|Any CPU.ActiveCfg = Release|Any CPU
		{49D6DE99-29BE-46AE-8BE8-85E660650CA7}.Release|Any CPU.Build.0 = Release|Any CPU
		{49D6DE99-29BE-46AE-8BE8-85E660650CA7}.Release|x86.ActiveCfg = Release|x86
		{49D6DE99-29BE-46AE-8BE8-85E660650CA7}.Release|x86.Build.0 = Release|x86
		{49D6DE99-29BE-46AE-8BE8-85E660650CA7}.v4.0-Debug|Any CPU.ActiveCfg = Debug|Any CPU
		{49D6DE99-29BE-46AE-8BE8-85E660650CA7}.v4.0-Debug|Any CPU.Build.0 = Debug|Any CPU
		{49D6DE99-29BE-46AE-8BE8-85E660650CA7}.v4.0-Debug|x86.ActiveCfg = Debug|Any CPU
		{49D6DE99-29BE-46AE-8BE8-85E660650CA7}.v4.0-Debug|x86.Build.0 = Debug|Any CPU
		{49D6DE99-29BE-46AE-8BE8-85E660650CA7}.v4.0-Release|Any CPU.ActiveCfg = Release|Any CPU
		{49D6DE99-29BE-46AE-8BE8-85E660650CA7}.v4.0-Release|Any CPU.Build.0 = Release|Any CPU
		{49D6DE99-29BE-46AE-8BE8-85E660650CA7}.v4.0-Release|x86.ActiveCfg = Release|Any CPU
		{49D6DE99-29BE-46AE-8BE8-85E660650CA7}.v4.0-Release|x86.Build.0 = Release|Any CPU
		{0A6DFC12-DC4A-4C44-923F-CEE3DD6B3521}.Debug|Any CPU.ActiveCfg = Debug|Any CPU
		{0A6DFC12-DC4A-4C44-923F-CEE3DD6B3521}.Debug|Any CPU.Build.0 = Debug|Any CPU
		{0A6DFC12-DC4A-4C44-923F-CEE3DD6B3521}.Debug|x86.ActiveCfg = Debug|Any CPU
		{0A6DFC12-DC4A-4C44-923F-CEE3DD6B3521}.Debug|x86.Build.0 = Debug|Any CPU
		{0A6DFC12-DC4A-4C44-923F-CEE3DD6B3521}.ForRtuXP|Any CPU.ActiveCfg = ForRtuXP|Any CPU
		{0A6DFC12-DC4A-4C44-923F-CEE3DD6B3521}.ForRtuXP|Any CPU.Build.0 = ForRtuXP|Any CPU
		{0A6DFC12-DC4A-4C44-923F-CEE3DD6B3521}.ForRtuXP|x86.ActiveCfg = ForRtuXP|Any CPU
		{0A6DFC12-DC4A-4C44-923F-CEE3DD6B3521}.ForRtuXP|x86.Build.0 = ForRtuXP|Any CPU
		{0A6DFC12-DC4A-4C44-923F-CEE3DD6B3521}.Release|Any CPU.ActiveCfg = Release|Any CPU
		{0A6DFC12-DC4A-4C44-923F-CEE3DD6B3521}.Release|Any CPU.Build.0 = Release|Any CPU
		{0A6DFC12-DC4A-4C44-923F-CEE3DD6B3521}.Release|x86.ActiveCfg = Release|Any CPU
		{0A6DFC12-DC4A-4C44-923F-CEE3DD6B3521}.Release|x86.Build.0 = Release|Any CPU
		{0A6DFC12-DC4A-4C44-923F-CEE3DD6B3521}.v4.0-Debug|Any CPU.ActiveCfg = Debug|Any CPU
		{0A6DFC12-DC4A-4C44-923F-CEE3DD6B3521}.v4.0-Debug|Any CPU.Build.0 = Debug|Any CPU
		{0A6DFC12-DC4A-4C44-923F-CEE3DD6B3521}.v4.0-Debug|x86.ActiveCfg = Debug|Any CPU
		{0A6DFC12-DC4A-4C44-923F-CEE3DD6B3521}.v4.0-Debug|x86.Build.0 = Debug|Any CPU
		{0A6DFC12-DC4A-4C44-923F-CEE3DD6B3521}.v4.0-Release|Any CPU.ActiveCfg = Release|Any CPU
		{0A6DFC12-DC4A-4C44-923F-CEE3DD6B3521}.v4.0-Release|Any CPU.Build.0 = Release|Any CPU
		{0A6DFC12-DC4A-4C44-923F-CEE3DD6B3521}.v4.0-Release|x86.ActiveCfg = Release|Any CPU
		{0A6DFC12-DC4A-4C44-923F-CEE3DD6B3521}.v4.0-Release|x86.Build.0 = Release|Any CPU
		{716240FF-D1E8-4BD3-9E63-431382617398}.Debug|Any CPU.ActiveCfg = Debug|Any CPU
		{716240FF-D1E8-4BD3-9E63-431382617398}.Debug|Any CPU.Build.0 = Debug|Any CPU
		{716240FF-D1E8-4BD3-9E63-431382617398}.Debug|x86.ActiveCfg = Debug|Any CPU
		{716240FF-D1E8-4BD3-9E63-431382617398}.Debug|x86.Build.0 = Debug|Any CPU
		{716240FF-D1E8-4BD3-9E63-431382617398}.ForRtuXP|Any CPU.ActiveCfg = ForRtuXP|Any CPU
		{716240FF-D1E8-4BD3-9E63-431382617398}.ForRtuXP|Any CPU.Build.0 = ForRtuXP|Any CPU
		{716240FF-D1E8-4BD3-9E63-431382617398}.ForRtuXP|x86.ActiveCfg = ForRtuXP|x86
		{716240FF-D1E8-4BD3-9E63-431382617398}.ForRtuXP|x86.Build.0 = ForRtuXP|x86
		{716240FF-D1E8-4BD3-9E63-431382617398}.Release|Any CPU.ActiveCfg = Release|Any CPU
		{716240FF-D1E8-4BD3-9E63-431382617398}.Release|Any CPU.Build.0 = Release|Any CPU
		{716240FF-D1E8-4BD3-9E63-431382617398}.Release|x86.ActiveCfg = Release|x86
		{716240FF-D1E8-4BD3-9E63-431382617398}.Release|x86.Build.0 = Release|x86
		{716240FF-D1E8-4BD3-9E63-431382617398}.v4.0-Debug|Any CPU.ActiveCfg = Debug|Any CPU
		{716240FF-D1E8-4BD3-9E63-431382617398}.v4.0-Debug|Any CPU.Build.0 = Debug|Any CPU
		{716240FF-D1E8-4BD3-9E63-431382617398}.v4.0-Debug|x86.ActiveCfg = Debug|x86
		{716240FF-D1E8-4BD3-9E63-431382617398}.v4.0-Debug|x86.Build.0 = Debug|x86
		{716240FF-D1E8-4BD3-9E63-431382617398}.v4.0-Release|Any CPU.ActiveCfg = Release|Any CPU
		{716240FF-D1E8-4BD3-9E63-431382617398}.v4.0-Release|Any CPU.Build.0 = Release|Any CPU
		{716240FF-D1E8-4BD3-9E63-431382617398}.v4.0-Release|x86.ActiveCfg = Release|x86
		{716240FF-D1E8-4BD3-9E63-431382617398}.v4.0-Release|x86.Build.0 = Release|x86
		{12208D72-7EC1-456F-9F0A-B56152DDC5D2}.Debug|Any CPU.ActiveCfg = Debug|Any CPU
		{12208D72-7EC1-456F-9F0A-B56152DDC5D2}.Debug|Any CPU.Build.0 = Debug|Any CPU
		{12208D72-7EC1-456F-9F0A-B56152DDC5D2}.Debug|x86.ActiveCfg = Debug|x86
		{12208D72-7EC1-456F-9F0A-B56152DDC5D2}.Debug|x86.Build.0 = Debug|x86
		{12208D72-7EC1-456F-9F0A-B56152DDC5D2}.ForRtuXP|Any CPU.ActiveCfg = ForRtuXP|Any CPU
		{12208D72-7EC1-456F-9F0A-B56152DDC5D2}.ForRtuXP|Any CPU.Build.0 = ForRtuXP|Any CPU
		{12208D72-7EC1-456F-9F0A-B56152DDC5D2}.ForRtuXP|x86.ActiveCfg = ForRtuXP|x86
		{12208D72-7EC1-456F-9F0A-B56152DDC5D2}.ForRtuXP|x86.Build.0 = ForRtuXP|x86
		{12208D72-7EC1-456F-9F0A-B56152DDC5D2}.Release|Any CPU.ActiveCfg = Release|Any CPU
		{12208D72-7EC1-456F-9F0A-B56152DDC5D2}.Release|Any CPU.Build.0 = Release|Any CPU
		{12208D72-7EC1-456F-9F0A-B56152DDC5D2}.Release|x86.ActiveCfg = Release|x86
		{12208D72-7EC1-456F-9F0A-B56152DDC5D2}.Release|x86.Build.0 = Release|x86
		{12208D72-7EC1-456F-9F0A-B56152DDC5D2}.v4.0-Debug|Any CPU.ActiveCfg = Debug|Any CPU
		{12208D72-7EC1-456F-9F0A-B56152DDC5D2}.v4.0-Debug|Any CPU.Build.0 = Debug|Any CPU
		{12208D72-7EC1-456F-9F0A-B56152DDC5D2}.v4.0-Debug|x86.ActiveCfg = Debug|x86
		{12208D72-7EC1-456F-9F0A-B56152DDC5D2}.v4.0-Debug|x86.Build.0 = Debug|x86
		{12208D72-7EC1-456F-9F0A-B56152DDC5D2}.v4.0-Release|Any CPU.ActiveCfg = Release|Any CPU
		{12208D72-7EC1-456F-9F0A-B56152DDC5D2}.v4.0-Release|Any CPU.Build.0 = Release|Any CPU
		{12208D72-7EC1-456F-9F0A-B56152DDC5D2}.v4.0-Release|x86.ActiveCfg = Release|x86
		{12208D72-7EC1-456F-9F0A-B56152DDC5D2}.v4.0-Release|x86.Build.0 = Release|x86
		{4A0D2396-FFD3-4E2A-82D8-35F2C46DF6F9}.Debug|Any CPU.ActiveCfg = Debug|Any CPU
		{4A0D2396-FFD3-4E2A-82D8-35F2C46DF6F9}.Debug|Any CPU.Build.0 = Debug|Any CPU
		{4A0D2396-FFD3-4E2A-82D8-35F2C46DF6F9}.Debug|x86.ActiveCfg = Debug|x86
		{4A0D2396-FFD3-4E2A-82D8-35F2C46DF6F9}.Debug|x86.Build.0 = Debug|x86
		{4A0D2396-FFD3-4E2A-82D8-35F2C46DF6F9}.ForRtuXP|Any CPU.ActiveCfg = ForRtuXP|Any CPU
		{4A0D2396-FFD3-4E2A-82D8-35F2C46DF6F9}.ForRtuXP|Any CPU.Build.0 = ForRtuXP|Any CPU
		{4A0D2396-FFD3-4E2A-82D8-35F2C46DF6F9}.ForRtuXP|x86.ActiveCfg = ForRtuXP|x86
		{4A0D2396-FFD3-4E2A-82D8-35F2C46DF6F9}.ForRtuXP|x86.Build.0 = ForRtuXP|x86
		{4A0D2396-FFD3-4E2A-82D8-35F2C46DF6F9}.Release|Any CPU.ActiveCfg = Release|Any CPU
		{4A0D2396-FFD3-4E2A-82D8-35F2C46DF6F9}.Release|Any CPU.Build.0 = Release|Any CPU
		{4A0D2396-FFD3-4E2A-82D8-35F2C46DF6F9}.Release|x86.ActiveCfg = Release|x86
		{4A0D2396-FFD3-4E2A-82D8-35F2C46DF6F9}.Release|x86.Build.0 = Release|x86
		{4A0D2396-FFD3-4E2A-82D8-35F2C46DF6F9}.v4.0-Debug|Any CPU.ActiveCfg = Debug|Any CPU
		{4A0D2396-FFD3-4E2A-82D8-35F2C46DF6F9}.v4.0-Debug|Any CPU.Build.0 = Debug|Any CPU
		{4A0D2396-FFD3-4E2A-82D8-35F2C46DF6F9}.v4.0-Debug|x86.ActiveCfg = Debug|Any CPU
		{4A0D2396-FFD3-4E2A-82D8-35F2C46DF6F9}.v4.0-Debug|x86.Build.0 = Debug|Any CPU
		{4A0D2396-FFD3-4E2A-82D8-35F2C46DF6F9}.v4.0-Release|Any CPU.ActiveCfg = Release|Any CPU
		{4A0D2396-FFD3-4E2A-82D8-35F2C46DF6F9}.v4.0-Release|Any CPU.Build.0 = Release|Any CPU
		{4A0D2396-FFD3-4E2A-82D8-35F2C46DF6F9}.v4.0-Release|x86.ActiveCfg = Release|Any CPU
		{4A0D2396-FFD3-4E2A-82D8-35F2C46DF6F9}.v4.0-Release|x86.Build.0 = Release|Any CPU
		{E98E6CC5-94E4-44B7-AF5C-7F4F74746467}.Debug|Any CPU.ActiveCfg = Debug|Any CPU
		{E98E6CC5-94E4-44B7-AF5C-7F4F74746467}.Debug|Any CPU.Build.0 = Debug|Any CPU
		{E98E6CC5-94E4-44B7-AF5C-7F4F74746467}.Debug|x86.ActiveCfg = Debug|Any CPU
		{E98E6CC5-94E4-44B7-AF5C-7F4F74746467}.Debug|x86.Build.0 = Debug|Any CPU
		{E98E6CC5-94E4-44B7-AF5C-7F4F74746467}.ForRtuXP|Any CPU.ActiveCfg = ForRtuXP|Any CPU
		{E98E6CC5-94E4-44B7-AF5C-7F4F74746467}.ForRtuXP|Any CPU.Build.0 = ForRtuXP|Any CPU
		{E98E6CC5-94E4-44B7-AF5C-7F4F74746467}.ForRtuXP|x86.ActiveCfg = ForRtuXP|Any CPU
		{E98E6CC5-94E4-44B7-AF5C-7F4F74746467}.ForRtuXP|x86.Build.0 = ForRtuXP|Any CPU
		{E98E6CC5-94E4-44B7-AF5C-7F4F74746467}.Release|Any CPU.ActiveCfg = Release|Any CPU
		{E98E6CC5-94E4-44B7-AF5C-7F4F74746467}.Release|Any CPU.Build.0 = Release|Any CPU
		{E98E6CC5-94E4-44B7-AF5C-7F4F74746467}.Release|x86.ActiveCfg = Release|Any CPU
		{E98E6CC5-94E4-44B7-AF5C-7F4F74746467}.Release|x86.Build.0 = Release|Any CPU
		{E98E6CC5-94E4-44B7-AF5C-7F4F74746467}.v4.0-Debug|Any CPU.ActiveCfg = Debug|Any CPU
		{E98E6CC5-94E4-44B7-AF5C-7F4F74746467}.v4.0-Debug|Any CPU.Build.0 = Debug|Any CPU
		{E98E6CC5-94E4-44B7-AF5C-7F4F74746467}.v4.0-Debug|x86.ActiveCfg = Debug|Any CPU
		{E98E6CC5-94E4-44B7-AF5C-7F4F74746467}.v4.0-Debug|x86.Build.0 = Debug|Any CPU
		{E98E6CC5-94E4-44B7-AF5C-7F4F74746467}.v4.0-Release|Any CPU.ActiveCfg = Release|Any CPU
		{E98E6CC5-94E4-44B7-AF5C-7F4F74746467}.v4.0-Release|Any CPU.Build.0 = Release|Any CPU
		{E98E6CC5-94E4-44B7-AF5C-7F4F74746467}.v4.0-Release|x86.ActiveCfg = Release|Any CPU
		{E98E6CC5-94E4-44B7-AF5C-7F4F74746467}.v4.0-Release|x86.Build.0 = Release|Any CPU
		{F7BEE8E7-FFD9-4136-B3B7-474B1D64108E}.Debug|Any CPU.ActiveCfg = Debug|Any CPU
		{F7BEE8E7-FFD9-4136-B3B7-474B1D64108E}.Debug|Any CPU.Build.0 = Debug|Any CPU
		{F7BEE8E7-FFD9-4136-B3B7-474B1D64108E}.Debug|x86.ActiveCfg = Debug|x86
		{F7BEE8E7-FFD9-4136-B3B7-474B1D64108E}.Debug|x86.Build.0 = Debug|x86
		{F7BEE8E7-FFD9-4136-B3B7-474B1D64108E}.ForRtuXP|Any CPU.ActiveCfg = ForRtuXP|Any CPU
		{F7BEE8E7-FFD9-4136-B3B7-474B1D64108E}.ForRtuXP|Any CPU.Build.0 = ForRtuXP|Any CPU
		{F7BEE8E7-FFD9-4136-B3B7-474B1D64108E}.ForRtuXP|x86.ActiveCfg = ForRtuXP|x86
		{F7BEE8E7-FFD9-4136-B3B7-474B1D64108E}.ForRtuXP|x86.Build.0 = ForRtuXP|x86
		{F7BEE8E7-FFD9-4136-B3B7-474B1D64108E}.Release|Any CPU.ActiveCfg = Release|Any CPU
		{F7BEE8E7-FFD9-4136-B3B7-474B1D64108E}.Release|Any CPU.Build.0 = Release|Any CPU
		{F7BEE8E7-FFD9-4136-B3B7-474B1D64108E}.Release|x86.ActiveCfg = Release|x86
		{F7BEE8E7-FFD9-4136-B3B7-474B1D64108E}.Release|x86.Build.0 = Release|x86
		{F7BEE8E7-FFD9-4136-B3B7-474B1D64108E}.v4.0-Debug|Any CPU.ActiveCfg = Debug|Any CPU
		{F7BEE8E7-FFD9-4136-B3B7-474B1D64108E}.v4.0-Debug|Any CPU.Build.0 = Debug|Any CPU
		{F7BEE8E7-FFD9-4136-B3B7-474B1D64108E}.v4.0-Debug|x86.ActiveCfg = Debug|x86
		{F7BEE8E7-FFD9-4136-B3B7-474B1D64108E}.v4.0-Debug|x86.Build.0 = Debug|x86
		{F7BEE8E7-FFD9-4136-B3B7-474B1D64108E}.v4.0-Release|Any CPU.ActiveCfg = Release|Any CPU
		{F7BEE8E7-FFD9-4136-B3B7-474B1D64108E}.v4.0-Release|Any CPU.Build.0 = Release|Any CPU
		{F7BEE8E7-FFD9-4136-B3B7-474B1D64108E}.v4.0-Release|x86.ActiveCfg = Release|x86
		{F7BEE8E7-FFD9-4136-B3B7-474B1D64108E}.v4.0-Release|x86.Build.0 = Release|x86
		{5B1E89A1-6EAE-4736-95FF-DB3D61E45278}.Debug|Any CPU.ActiveCfg = Debug|Any CPU
		{5B1E89A1-6EAE-4736-95FF-DB3D61E45278}.Debug|Any CPU.Build.0 = Debug|Any CPU
		{5B1E89A1-6EAE-4736-95FF-DB3D61E45278}.Debug|x86.ActiveCfg = Debug|x86
		{5B1E89A1-6EAE-4736-95FF-DB3D61E45278}.Debug|x86.Build.0 = Debug|x86
		{5B1E89A1-6EAE-4736-95FF-DB3D61E45278}.ForRtuXP|Any CPU.ActiveCfg = ForRtuXP|Any CPU
		{5B1E89A1-6EAE-4736-95FF-DB3D61E45278}.ForRtuXP|Any CPU.Build.0 = ForRtuXP|Any CPU
		{5B1E89A1-6EAE-4736-95FF-DB3D61E45278}.ForRtuXP|x86.ActiveCfg = ForRtuXP|x86
		{5B1E89A1-6EAE-4736-95FF-DB3D61E45278}.ForRtuXP|x86.Build.0 = ForRtuXP|x86
		{5B1E89A1-6EAE-4736-95FF-DB3D61E45278}.Release|Any CPU.ActiveCfg = Release|Any CPU
		{5B1E89A1-6EAE-4736-95FF-DB3D61E45278}.Release|Any CPU.Build.0 = Release|Any CPU
		{5B1E89A1-6EAE-4736-95FF-DB3D61E45278}.Release|x86.ActiveCfg = Release|x86
		{5B1E89A1-6EAE-4736-95FF-DB3D61E45278}.Release|x86.Build.0 = Release|x86
		{5B1E89A1-6EAE-4736-95FF-DB3D61E45278}.v4.0-Debug|Any CPU.ActiveCfg = Debug|Any CPU
		{5B1E89A1-6EAE-4736-95FF-DB3D61E45278}.v4.0-Debug|Any CPU.Build.0 = Debug|Any CPU
		{5B1E89A1-6EAE-4736-95FF-DB3D61E45278}.v4.0-Debug|x86.ActiveCfg = Debug|Any CPU
		{5B1E89A1-6EAE-4736-95FF-DB3D61E45278}.v4.0-Debug|x86.Build.0 = Debug|Any CPU
		{5B1E89A1-6EAE-4736-95FF-DB3D61E45278}.v4.0-Release|Any CPU.ActiveCfg = Release|Any CPU
		{5B1E89A1-6EAE-4736-95FF-DB3D61E45278}.v4.0-Release|Any CPU.Build.0 = Release|Any CPU
		{5B1E89A1-6EAE-4736-95FF-DB3D61E45278}.v4.0-Release|x86.ActiveCfg = Release|Any CPU
		{5B1E89A1-6EAE-4736-95FF-DB3D61E45278}.v4.0-Release|x86.Build.0 = Release|Any CPU
		{C3D2B884-ADB0-4706-8A89-404CCC75F858}.Debug|Any CPU.ActiveCfg = Debug|Any CPU
		{C3D2B884-ADB0-4706-8A89-404CCC75F858}.Debug|Any CPU.Build.0 = Debug|Any CPU
		{C3D2B884-ADB0-4706-8A89-404CCC75F858}.Debug|x86.ActiveCfg = Debug|Any CPU
		{C3D2B884-ADB0-4706-8A89-404CCC75F858}.Debug|x86.Build.0 = Debug|Any CPU
		{C3D2B884-ADB0-4706-8A89-404CCC75F858}.ForRtuXP|Any CPU.ActiveCfg = ForRtuXP|Any CPU
		{C3D2B884-ADB0-4706-8A89-404CCC75F858}.ForRtuXP|Any CPU.Build.0 = ForRtuXP|Any CPU
		{C3D2B884-ADB0-4706-8A89-404CCC75F858}.ForRtuXP|x86.ActiveCfg = ForRtuXP|x86
		{C3D2B884-ADB0-4706-8A89-404CCC75F858}.ForRtuXP|x86.Build.0 = ForRtuXP|x86
		{C3D2B884-ADB0-4706-8A89-404CCC75F858}.Release|Any CPU.ActiveCfg = Release|Any CPU
		{C3D2B884-ADB0-4706-8A89-404CCC75F858}.Release|Any CPU.Build.0 = Release|Any CPU
		{C3D2B884-ADB0-4706-8A89-404CCC75F858}.Release|x86.ActiveCfg = Release|x86
		{C3D2B884-ADB0-4706-8A89-404CCC75F858}.Release|x86.Build.0 = Release|x86
		{C3D2B884-ADB0-4706-8A89-404CCC75F858}.v4.0-Debug|Any CPU.ActiveCfg = Debug|Any CPU
		{C3D2B884-ADB0-4706-8A89-404CCC75F858}.v4.0-Debug|Any CPU.Build.0 = Debug|Any CPU
		{C3D2B884-ADB0-4706-8A89-404CCC75F858}.v4.0-Debug|x86.ActiveCfg = Debug|Any CPU
		{C3D2B884-ADB0-4706-8A89-404CCC75F858}.v4.0-Debug|x86.Build.0 = Debug|Any CPU
		{C3D2B884-ADB0-4706-8A89-404CCC75F858}.v4.0-Release|Any CPU.ActiveCfg = Release|Any CPU
		{C3D2B884-ADB0-4706-8A89-404CCC75F858}.v4.0-Release|Any CPU.Build.0 = Release|Any CPU
		{C3D2B884-ADB0-4706-8A89-404CCC75F858}.v4.0-Release|x86.ActiveCfg = Release|Any CPU
		{C3D2B884-ADB0-4706-8A89-404CCC75F858}.v4.0-Release|x86.Build.0 = Release|Any CPU
		{15F68F8C-A6C3-47DC-835A-7A0FC1257E9F}.Debug|Any CPU.ActiveCfg = Debug|Any CPU
		{15F68F8C-A6C3-47DC-835A-7A0FC1257E9F}.Debug|Any CPU.Build.0 = Debug|Any CPU
		{15F68F8C-A6C3-47DC-835A-7A0FC1257E9F}.Debug|x86.ActiveCfg = Debug|Any CPU
		{15F68F8C-A6C3-47DC-835A-7A0FC1257E9F}.Debug|x86.Build.0 = Debug|Any CPU
		{15F68F8C-A6C3-47DC-835A-7A0FC1257E9F}.ForRtuXP|Any CPU.ActiveCfg = ForRtuXP|Any CPU
		{15F68F8C-A6C3-47DC-835A-7A0FC1257E9F}.ForRtuXP|Any CPU.Build.0 = ForRtuXP|Any CPU
		{15F68F8C-A6C3-47DC-835A-7A0FC1257E9F}.ForRtuXP|x86.ActiveCfg = ForRtuXP|x86
		{15F68F8C-A6C3-47DC-835A-7A0FC1257E9F}.ForRtuXP|x86.Build.0 = ForRtuXP|x86
		{15F68F8C-A6C3-47DC-835A-7A0FC1257E9F}.Release|Any CPU.ActiveCfg = Release|Any CPU
		{15F68F8C-A6C3-47DC-835A-7A0FC1257E9F}.Release|Any CPU.Build.0 = Release|Any CPU
		{15F68F8C-A6C3-47DC-835A-7A0FC1257E9F}.Release|x86.ActiveCfg = Release|x86
		{15F68F8C-A6C3-47DC-835A-7A0FC1257E9F}.Release|x86.Build.0 = Release|x86
		{15F68F8C-A6C3-47DC-835A-7A0FC1257E9F}.v4.0-Debug|Any CPU.ActiveCfg = Debug|Any CPU
		{15F68F8C-A6C3-47DC-835A-7A0FC1257E9F}.v4.0-Debug|Any CPU.Build.0 = Debug|Any CPU
		{15F68F8C-A6C3-47DC-835A-7A0FC1257E9F}.v4.0-Debug|x86.ActiveCfg = Debug|Any CPU
		{15F68F8C-A6C3-47DC-835A-7A0FC1257E9F}.v4.0-Debug|x86.Build.0 = Debug|Any CPU
		{15F68F8C-A6C3-47DC-835A-7A0FC1257E9F}.v4.0-Release|Any CPU.ActiveCfg = Release|Any CPU
		{15F68F8C-A6C3-47DC-835A-7A0FC1257E9F}.v4.0-Release|Any CPU.Build.0 = Release|Any CPU
		{15F68F8C-A6C3-47DC-835A-7A0FC1257E9F}.v4.0-Release|x86.ActiveCfg = Release|Any CPU
		{15F68F8C-A6C3-47DC-835A-7A0FC1257E9F}.v4.0-Release|x86.Build.0 = Release|Any CPU
		{E3D4892B-CF7D-4704-814A-6FDF16B1E9DC}.Debug|Any CPU.ActiveCfg = Debug|Any CPU
		{E3D4892B-CF7D-4704-814A-6FDF16B1E9DC}.Debug|Any CPU.Build.0 = Debug|Any CPU
		{E3D4892B-CF7D-4704-814A-6FDF16B1E9DC}.Debug|x86.ActiveCfg = Debug|Any CPU
		{E3D4892B-CF7D-4704-814A-6FDF16B1E9DC}.Debug|x86.Build.0 = Debug|Any CPU
		{E3D4892B-CF7D-4704-814A-6FDF16B1E9DC}.ForRtuXP|Any CPU.ActiveCfg = Release|Any CPU
		{E3D4892B-CF7D-4704-814A-6FDF16B1E9DC}.ForRtuXP|Any CPU.Build.0 = Release|Any CPU
		{E3D4892B-CF7D-4704-814A-6FDF16B1E9DC}.ForRtuXP|x86.ActiveCfg = Release|Any CPU
		{E3D4892B-CF7D-4704-814A-6FDF16B1E9DC}.ForRtuXP|x86.Build.0 = Release|Any CPU
		{E3D4892B-CF7D-4704-814A-6FDF16B1E9DC}.Release|Any CPU.ActiveCfg = Release|Any CPU
		{E3D4892B-CF7D-4704-814A-6FDF16B1E9DC}.Release|Any CPU.Build.0 = Release|Any CPU
		{E3D4892B-CF7D-4704-814A-6FDF16B1E9DC}.Release|x86.ActiveCfg = Release|Any CPU
		{E3D4892B-CF7D-4704-814A-6FDF16B1E9DC}.Release|x86.Build.0 = Release|Any CPU
		{E3D4892B-CF7D-4704-814A-6FDF16B1E9DC}.v4.0-Debug|Any CPU.ActiveCfg = Debug|Any CPU
		{E3D4892B-CF7D-4704-814A-6FDF16B1E9DC}.v4.0-Debug|Any CPU.Build.0 = Debug|Any CPU
		{E3D4892B-CF7D-4704-814A-6FDF16B1E9DC}.v4.0-Debug|x86.ActiveCfg = Debug|Any CPU
		{E3D4892B-CF7D-4704-814A-6FDF16B1E9DC}.v4.0-Debug|x86.Build.0 = Debug|Any CPU
		{E3D4892B-CF7D-4704-814A-6FDF16B1E9DC}.v4.0-Release|Any CPU.ActiveCfg = Release|Any CPU
		{E3D4892B-CF7D-4704-814A-6FDF16B1E9DC}.v4.0-Release|Any CPU.Build.0 = Release|Any CPU
		{E3D4892B-CF7D-4704-814A-6FDF16B1E9DC}.v4.0-Release|x86.ActiveCfg = Release|Any CPU
		{E3D4892B-CF7D-4704-814A-6FDF16B1E9DC}.v4.0-Release|x86.Build.0 = Release|Any CPU
		{EC01DBCB-BD59-4E30-A6C3-F8DDBB6E45F9}.Debug|Any CPU.ActiveCfg = Debug|Any CPU
		{EC01DBCB-BD59-4E30-A6C3-F8DDBB6E45F9}.Debug|Any CPU.Build.0 = Debug|Any CPU
		{EC01DBCB-BD59-4E30-A6C3-F8DDBB6E45F9}.Debug|x86.ActiveCfg = Debug|Any CPU
		{EC01DBCB-BD59-4E30-A6C3-F8DDBB6E45F9}.Debug|x86.Build.0 = Debug|Any CPU
		{EC01DBCB-BD59-4E30-A6C3-F8DDBB6E45F9}.ForRtuXP|Any CPU.ActiveCfg = Release|Any CPU
		{EC01DBCB-BD59-4E30-A6C3-F8DDBB6E45F9}.ForRtuXP|Any CPU.Build.0 = Release|Any CPU
		{EC01DBCB-BD59-4E30-A6C3-F8DDBB6E45F9}.ForRtuXP|x86.ActiveCfg = Release|Any CPU
		{EC01DBCB-BD59-4E30-A6C3-F8DDBB6E45F9}.ForRtuXP|x86.Build.0 = Release|Any CPU
		{EC01DBCB-BD59-4E30-A6C3-F8DDBB6E45F9}.Release|Any CPU.ActiveCfg = Release|Any CPU
		{EC01DBCB-BD59-4E30-A6C3-F8DDBB6E45F9}.Release|Any CPU.Build.0 = Release|Any CPU
		{EC01DBCB-BD59-4E30-A6C3-F8DDBB6E45F9}.Release|x86.ActiveCfg = Release|Any CPU
		{EC01DBCB-BD59-4E30-A6C3-F8DDBB6E45F9}.Release|x86.Build.0 = Release|Any CPU
		{EC01DBCB-BD59-4E30-A6C3-F8DDBB6E45F9}.v4.0-Debug|Any CPU.ActiveCfg = Debug|Any CPU
		{EC01DBCB-BD59-4E30-A6C3-F8DDBB6E45F9}.v4.0-Debug|Any CPU.Build.0 = Debug|Any CPU
		{EC01DBCB-BD59-4E30-A6C3-F8DDBB6E45F9}.v4.0-Debug|x86.ActiveCfg = Debug|Any CPU
		{EC01DBCB-BD59-4E30-A6C3-F8DDBB6E45F9}.v4.0-Debug|x86.Build.0 = Debug|Any CPU
		{EC01DBCB-BD59-4E30-A6C3-F8DDBB6E45F9}.v4.0-Release|Any CPU.ActiveCfg = Release|Any CPU
		{EC01DBCB-BD59-4E30-A6C3-F8DDBB6E45F9}.v4.0-Release|Any CPU.Build.0 = Release|Any CPU
		{EC01DBCB-BD59-4E30-A6C3-F8DDBB6E45F9}.v4.0-Release|x86.ActiveCfg = Release|Any CPU
		{EC01DBCB-BD59-4E30-A6C3-F8DDBB6E45F9}.v4.0-Release|x86.Build.0 = Release|Any CPU
		{BCA77A87-7253-464B-9721-14673268BA42}.Debug|Any CPU.ActiveCfg = Debug|Any CPU
		{BCA77A87-7253-464B-9721-14673268BA42}.Debug|Any CPU.Build.0 = Debug|Any CPU
		{BCA77A87-7253-464B-9721-14673268BA42}.Debug|x86.ActiveCfg = Debug|Any CPU
		{BCA77A87-7253-464B-9721-14673268BA42}.Debug|x86.Build.0 = Debug|Any CPU
		{BCA77A87-7253-464B-9721-14673268BA42}.ForRtuXP|Any CPU.ActiveCfg = Release|Any CPU
		{BCA77A87-7253-464B-9721-14673268BA42}.ForRtuXP|Any CPU.Build.0 = Release|Any CPU
		{BCA77A87-7253-464B-9721-14673268BA42}.ForRtuXP|x86.ActiveCfg = Release|Any CPU
		{BCA77A87-7253-464B-9721-14673268BA42}.ForRtuXP|x86.Build.0 = Release|Any CPU
		{BCA77A87-7253-464B-9721-14673268BA42}.Release|Any CPU.ActiveCfg = Release|Any CPU
		{BCA77A87-7253-464B-9721-14673268BA42}.Release|Any CPU.Build.0 = Release|Any CPU
		{BCA77A87-7253-464B-9721-14673268BA42}.Release|x86.ActiveCfg = Release|Any CPU
		{BCA77A87-7253-464B-9721-14673268BA42}.Release|x86.Build.0 = Release|Any CPU
		{BCA77A87-7253-464B-9721-14673268BA42}.v4.0-Debug|Any CPU.ActiveCfg = Debug|Any CPU
		{BCA77A87-7253-464B-9721-14673268BA42}.v4.0-Debug|Any CPU.Build.0 = Debug|Any CPU
		{BCA77A87-7253-464B-9721-14673268BA42}.v4.0-Debug|x86.ActiveCfg = Debug|Any CPU
		{BCA77A87-7253-464B-9721-14673268BA42}.v4.0-Debug|x86.Build.0 = Debug|Any CPU
		{BCA77A87-7253-464B-9721-14673268BA42}.v4.0-Release|Any CPU.ActiveCfg = Release|Any CPU
		{BCA77A87-7253-464B-9721-14673268BA42}.v4.0-Release|Any CPU.Build.0 = Release|Any CPU
		{BCA77A87-7253-464B-9721-14673268BA42}.v4.0-Release|x86.ActiveCfg = Release|Any CPU
		{BCA77A87-7253-464B-9721-14673268BA42}.v4.0-Release|x86.Build.0 = Release|Any CPU
		{72F6524C-E7EE-4DFD-8AE2-15A4E5225D3B}.Debug|Any CPU.ActiveCfg = Debug|Any CPU
		{72F6524C-E7EE-4DFD-8AE2-15A4E5225D3B}.Debug|Any CPU.Build.0 = Debug|Any CPU
		{72F6524C-E7EE-4DFD-8AE2-15A4E5225D3B}.Debug|x86.ActiveCfg = Debug|Any CPU
		{72F6524C-E7EE-4DFD-8AE2-15A4E5225D3B}.Debug|x86.Build.0 = Debug|Any CPU
		{72F6524C-E7EE-4DFD-8AE2-15A4E5225D3B}.ForRtuXP|Any CPU.ActiveCfg = Release|Any CPU
		{72F6524C-E7EE-4DFD-8AE2-15A4E5225D3B}.ForRtuXP|Any CPU.Build.0 = Release|Any CPU
		{72F6524C-E7EE-4DFD-8AE2-15A4E5225D3B}.ForRtuXP|x86.ActiveCfg = Release|Any CPU
		{72F6524C-E7EE-4DFD-8AE2-15A4E5225D3B}.ForRtuXP|x86.Build.0 = Release|Any CPU
		{72F6524C-E7EE-4DFD-8AE2-15A4E5225D3B}.Release|Any CPU.ActiveCfg = Release|Any CPU
		{72F6524C-E7EE-4DFD-8AE2-15A4E5225D3B}.Release|Any CPU.Build.0 = Release|Any CPU
		{72F6524C-E7EE-4DFD-8AE2-15A4E5225D3B}.Release|x86.ActiveCfg = Release|Any CPU
		{72F6524C-E7EE-4DFD-8AE2-15A4E5225D3B}.Release|x86.Build.0 = Release|Any CPU
		{72F6524C-E7EE-4DFD-8AE2-15A4E5225D3B}.v4.0-Debug|Any CPU.ActiveCfg = Debug|Any CPU
		{72F6524C-E7EE-4DFD-8AE2-15A4E5225D3B}.v4.0-Debug|Any CPU.Build.0 = Debug|Any CPU
		{72F6524C-E7EE-4DFD-8AE2-15A4E5225D3B}.v4.0-Debug|x86.ActiveCfg = Debug|Any CPU
		{72F6524C-E7EE-4DFD-8AE2-15A4E5225D3B}.v4.0-Debug|x86.Build.0 = Debug|Any CPU
		{72F6524C-E7EE-4DFD-8AE2-15A4E5225D3B}.v4.0-Release|Any CPU.ActiveCfg = Release|Any CPU
		{72F6524C-E7EE-4DFD-8AE2-15A4E5225D3B}.v4.0-Release|Any CPU.Build.0 = Release|Any CPU
		{72F6524C-E7EE-4DFD-8AE2-15A4E5225D3B}.v4.0-Release|x86.ActiveCfg = Release|Any CPU
		{72F6524C-E7EE-4DFD-8AE2-15A4E5225D3B}.v4.0-Release|x86.Build.0 = Release|Any CPU
		{6BA3EA08-6BDB-4B2D-8729-409E136D4D74}.Debug|Any CPU.ActiveCfg = Debug|Any CPU
		{6BA3EA08-6BDB-4B2D-8729-409E136D4D74}.Debug|Any CPU.Build.0 = Debug|Any CPU
		{6BA3EA08-6BDB-4B2D-8729-409E136D4D74}.Debug|x86.ActiveCfg = Debug|Any CPU
		{6BA3EA08-6BDB-4B2D-8729-409E136D4D74}.Debug|x86.Build.0 = Debug|Any CPU
		{6BA3EA08-6BDB-4B2D-8729-409E136D4D74}.ForRtuXP|Any CPU.ActiveCfg = Release|Any CPU
		{6BA3EA08-6BDB-4B2D-8729-409E136D4D74}.ForRtuXP|Any CPU.Build.0 = Release|Any CPU
		{6BA3EA08-6BDB-4B2D-8729-409E136D4D74}.ForRtuXP|x86.ActiveCfg = Release|Any CPU
		{6BA3EA08-6BDB-4B2D-8729-409E136D4D74}.ForRtuXP|x86.Build.0 = Release|Any CPU
		{6BA3EA08-6BDB-4B2D-8729-409E136D4D74}.Release|Any CPU.ActiveCfg = Release|Any CPU
		{6BA3EA08-6BDB-4B2D-8729-409E136D4D74}.Release|Any CPU.Build.0 = Release|Any CPU
		{6BA3EA08-6BDB-4B2D-8729-409E136D4D74}.Release|x86.ActiveCfg = Release|Any CPU
		{6BA3EA08-6BDB-4B2D-8729-409E136D4D74}.Release|x86.Build.0 = Release|Any CPU
		{6BA3EA08-6BDB-4B2D-8729-409E136D4D74}.v4.0-Debug|Any CPU.ActiveCfg = Debug|Any CPU
		{6BA3EA08-6BDB-4B2D-8729-409E136D4D74}.v4.0-Debug|Any CPU.Build.0 = Debug|Any CPU
		{6BA3EA08-6BDB-4B2D-8729-409E136D4D74}.v4.0-Debug|x86.ActiveCfg = Debug|Any CPU
		{6BA3EA08-6BDB-4B2D-8729-409E136D4D74}.v4.0-Debug|x86.Build.0 = Debug|Any CPU
		{6BA3EA08-6BDB-4B2D-8729-409E136D4D74}.v4.0-Release|Any CPU.ActiveCfg = Release|Any CPU
		{6BA3EA08-6BDB-4B2D-8729-409E136D4D74}.v4.0-Release|Any CPU.Build.0 = Release|Any CPU
		{6BA3EA08-6BDB-4B2D-8729-409E136D4D74}.v4.0-Release|x86.ActiveCfg = Release|Any CPU
		{6BA3EA08-6BDB-4B2D-8729-409E136D4D74}.v4.0-Release|x86.Build.0 = Release|Any CPU
		{86A00748-2A4E-4180-B04E-0E1F6A62A258}.Debug|Any CPU.ActiveCfg = Debug|Any CPU
		{86A00748-2A4E-4180-B04E-0E1F6A62A258}.Debug|Any CPU.Build.0 = Debug|Any CPU
		{86A00748-2A4E-4180-B04E-0E1F6A62A258}.Debug|x86.ActiveCfg = Debug|Any CPU
		{86A00748-2A4E-4180-B04E-0E1F6A62A258}.Debug|x86.Build.0 = Debug|Any CPU
		{86A00748-2A4E-4180-B04E-0E1F6A62A258}.ForRtuXP|Any CPU.ActiveCfg = Release|Any CPU
		{86A00748-2A4E-4180-B04E-0E1F6A62A258}.ForRtuXP|Any CPU.Build.0 = Release|Any CPU
		{86A00748-2A4E-4180-B04E-0E1F6A62A258}.ForRtuXP|x86.ActiveCfg = Release|Any CPU
		{86A00748-2A4E-4180-B04E-0E1F6A62A258}.ForRtuXP|x86.Build.0 = Release|Any CPU
		{86A00748-2A4E-4180-B04E-0E1F6A62A258}.Release|Any CPU.ActiveCfg = Release|Any CPU
		{86A00748-2A4E-4180-B04E-0E1F6A62A258}.Release|Any CPU.Build.0 = Release|Any CPU
		{86A00748-2A4E-4180-B04E-0E1F6A62A258}.Release|x86.ActiveCfg = Release|Any CPU
		{86A00748-2A4E-4180-B04E-0E1F6A62A258}.Release|x86.Build.0 = Release|Any CPU
		{86A00748-2A4E-4180-B04E-0E1F6A62A258}.v4.0-Debug|Any CPU.ActiveCfg = Debug|Any CPU
		{86A00748-2A4E-4180-B04E-0E1F6A62A258}.v4.0-Debug|Any CPU.Build.0 = Debug|Any CPU
		{86A00748-2A4E-4180-B04E-0E1F6A62A258}.v4.0-Debug|x86.ActiveCfg = Debug|Any CPU
		{86A00748-2A4E-4180-B04E-0E1F6A62A258}.v4.0-Debug|x86.Build.0 = Debug|Any CPU
		{86A00748-2A4E-4180-B04E-0E1F6A62A258}.v4.0-Release|Any CPU.ActiveCfg = Release|Any CPU
		{86A00748-2A4E-4180-B04E-0E1F6A62A258}.v4.0-Release|Any CPU.Build.0 = Release|Any CPU
		{86A00748-2A4E-4180-B04E-0E1F6A62A258}.v4.0-Release|x86.ActiveCfg = Release|Any CPU
		{86A00748-2A4E-4180-B04E-0E1F6A62A258}.v4.0-Release|x86.Build.0 = Release|Any CPU
	EndGlobalSection
	GlobalSection(SolutionProperties) = preSolution
		HideSolutionNode = FALSE
	EndGlobalSection
EndGlobal
