
Microsoft Visual Studio Solution File, Format Version 12.00
# Visual Studio 14
VisualStudioVersion = 14.0.25420.1
MinimumVisualStudioVersion = 10.0.40219.1
Project("{2150E333-8FDC-42A3-9474-1A3956D46DE8}") = "_solution Items", "_solution Items", "{F02BD296-187F-4C67-A229-3B66E321C764}"
	ProjectSection(SolutionItems) = preProject
		..\.gitattributes = ..\.gitattributes
		..\.gitignore = ..\.gitignore
		Links.txt = Links.txt
	EndProjectSection
EndProject
Project("{FAE04EC0-301F-11D3-BF4B-00C04F79EFBC}") = "GMap.NET.Core", "GMap.NET.Core\GMap.NET.Core.csproj", "{D0C39D9D-BED0-418B-9A5E-713176CAF40C}"
EndProject
Project("{FAE04EC0-301F-11D3-BF4B-00C04F79EFBC}") = "GMap.NET.WindowsPresentation", "GMap.NET.WindowsPresentation\GMap.NET.WindowsPresentation.csproj", "{644FE7D4-0184-400F-B2D7-99CB41360658}"
EndProject
Project("{FAE04EC0-301F-11D3-BF4B-00C04F79EFBC}") = "Graph", "Graph\Graph.csproj", "{A734876E-977B-4DDA-B6A4-AD1DD525C6D1}"
EndProject
Project("{FAE04EC0-301F-11D3-BF4B-00C04F79EFBC}") = "Graph.Tests", "Graph.Tests\Graph.Tests.csproj", "{456F0424-B6BD-452C-A4B9-53DEB92E829C}"
EndProject
Project("{FAE04EC0-301F-11D3-BF4B-00C04F79EFBC}") = "DbMigrator", "DbMigrator\DbMigrator.csproj", "{D6F60608-8A8F-40AE-BD7F-8B3ACE247CA7}"
EndProject
Project("{FAE04EC0-301F-11D3-BF4B-00C04F79EFBC}") = "WpfClient", "WpfClient\WpfClient.csproj", "{0A6DFC12-DC4A-4C44-923F-CEE3DD6B3521}"
EndProject
Project("{FAE04EC0-301F-11D3-BF4B-00C04F79EFBC}") = "RtuWpfExample", "RtuWpfExample\RtuWpfExample.csproj", "{4A0D2396-FFD3-4E2A-82D8-35F2C46DF6F9}"
	ProjectSection(ProjectDependencies) = postProject
		{72F6524C-E7EE-4DFD-8AE2-15A4E5225D3B} = {72F6524C-E7EE-4DFD-8AE2-15A4E5225D3B}
		{EC01DBCB-BD59-4E30-A6C3-F8DDBB6E45F9} = {EC01DBCB-BD59-4E30-A6C3-F8DDBB6E45F9}
	EndProjectSection
EndProject
Project("{FAE04EC0-301F-11D3-BF4B-00C04F79EFBC}") = "WpfCommonViews", "WpfCommonViews\WpfCommonViews.csproj", "{E98E6CC5-94E4-44B7-AF5C-7F4F74746467}"
EndProject
Project("{2150E333-8FDC-42A3-9474-1A3956D46DE8}") = "Client", "Client", "{30F780F4-2EC3-46E4-B4A5-285511FA269D}"
EndProject
Project("{FAE04EC0-301F-11D3-BF4B-00C04F79EFBC}") = "Client_WcfService", "Client\ClientWcfServiceLibrary\Client_WcfService.csproj", "{1822C528-4719-4C53-877E-BC57DBF6D7FF}"
EndProject
Project("{2150E333-8FDC-42A3-9474-1A3956D46DE8}") = "RTU", "RTU", "{42AA9301-85D4-4443-8326-367AAEC4A258}"
EndProject
Project("{FAE04EC0-301F-11D3-BF4B-00C04F79EFBC}") = "ConsoleAppOtdr", "RTU\ConsoleAppOtdr\ConsoleAppOtdr.csproj", "{2C3F5F07-366E-4418-BB55-98454EE95145}"
EndProject
Project("{FAE04EC0-301F-11D3-BF4B-00C04F79EFBC}") = "DirectCharonLibrary", "RTU\DirectCharonLibrary\DirectCharonLibrary.csproj", "{AED4A94A-A19E-4625-8037-4F5D9489E04C}"
EndProject
Project("{FAE04EC0-301F-11D3-BF4B-00C04F79EFBC}") = "IitOtdrLibrary", "RTU\IitOtdrLibrary\IitOtdrLibrary.csproj", "{E9122BBB-B015-4710-BDD3-03243EE8CBCD}"
EndProject
Project("{FAE04EC0-301F-11D3-BF4B-00C04F79EFBC}") = "RtuManagement", "RTU\RtuManagement\RtuManagement.csproj", "{277C2787-8886-4B77-B81C-6FC8526803DC}"
	ProjectSection(ProjectDependencies) = postProject
		{EC01DBCB-BD59-4E30-A6C3-F8DDBB6E45F9} = {EC01DBCB-BD59-4E30-A6C3-F8DDBB6E45F9}
	EndProjectSection
EndProject
Project("{FAE04EC0-301F-11D3-BF4B-00C04F79EFBC}") = "RtuService", "RTU\RtuService\RtuService.csproj", "{922C03AE-B0D7-4007-8788-D16FFAB89F05}"
	ProjectSection(ProjectDependencies) = postProject
		{EC01DBCB-BD59-4E30-A6C3-F8DDBB6E45F9} = {EC01DBCB-BD59-4E30-A6C3-F8DDBB6E45F9}
	EndProjectSection
EndProject
Project("{FAE04EC0-301F-11D3-BF4B-00C04F79EFBC}") = "RtuWatchdog", "RTU\RtuWatchdog\RtuWatchdog.csproj", "{521CB593-76D9-40A5-A5AD-C8845BDF103B}"
EndProject
Project("{FAE04EC0-301F-11D3-BF4B-00C04F79EFBC}") = "RtuWcfServiceLibrary", "RTU\RtuWcfServiceLibrary\RtuWcfServiceLibrary.csproj", "{D7C82E5D-E536-4684-B18F-9E1A341324D6}"
EndProject
Project("{2150E333-8FDC-42A3-9474-1A3956D46DE8}") = "DataCenter", "DataCenter", "{8D9C27AA-A0E9-4F25-A8F9-EC180BACC347}"
EndProject
Project("{FAE04EC0-301F-11D3-BF4B-00C04F79EFBC}") = "DataCenterService", "Server\DataCenterService\DataCenterService.csproj", "{BCA77A87-7253-464B-9721-14673268BA42}"
EndProject
Project("{FAE04EC0-301F-11D3-BF4B-00C04F79EFBC}") = "DataCenterCore", "Server\DataCenterCore\DataCenterCore.csproj", "{6BA3EA08-6BDB-4B2D-8729-409E136D4D74}"
EndProject
Project("{2150E333-8FDC-42A3-9474-1A3956D46DE8}") = "Shared", "Shared", "{B846E623-4E4F-4781-B4A4-D598397CF672}"
EndProject
Project("{FAE04EC0-301F-11D3-BF4B-00C04F79EFBC}") = "Dto", "SharedLibs\Dto\Dto.csproj", "{86A00748-2A4E-4180-B04E-0E1F6A62A258}"
EndProject
Project("{FAE04EC0-301F-11D3-BF4B-00C04F79EFBC}") = "Utils35", "SharedLibs\Utils35\Utils35.csproj", "{716240FF-D1E8-4BD3-9E63-431382617398}"
EndProject
Project("{FAE04EC0-301F-11D3-BF4B-00C04F79EFBC}") = "StringResources", "SharedLibs\StringResources\StringResources.csproj", "{0CB0EA37-4A27-45F0-BB01-4C0E064E8962}"
EndProject
Project("{FAE04EC0-301F-11D3-BF4B-00C04F79EFBC}") = "WcfServiceForClient", "Server\WcfServiceForClient\WcfServiceForClient.csproj", "{72F6524C-E7EE-4DFD-8AE2-15A4E5225D3B}"
EndProject
Project("{FAE04EC0-301F-11D3-BF4B-00C04F79EFBC}") = "WcfServiceForRtu", "Server\WcfServiceForRtu\WcfServiceForRtu.csproj", "{EC01DBCB-BD59-4E30-A6C3-F8DDBB6E45F9}"
EndProject
Project("{FAE04EC0-301F-11D3-BF4B-00C04F79EFBC}") = "WcfTestBench", "Client\WcfTestBench\WcfTestBench.csproj", "{55D80640-0934-4C89-BE1D-442D484A17C9}"
	ProjectSection(ProjectDependencies) = postProject
		{72F6524C-E7EE-4DFD-8AE2-15A4E5225D3B} = {72F6524C-E7EE-4DFD-8AE2-15A4E5225D3B}
	EndProjectSection
EndProject
Global
	GlobalSection(SolutionConfigurationPlatforms) = preSolution
		Debug|Any CPU = Debug|Any CPU
		Debug|x86 = Debug|x86
		ForRtuXP|Any CPU = ForRtuXP|Any CPU
		ForRtuXP|x86 = ForRtuXP|x86
		Release|Any CPU = Release|Any CPU
		Release|x86 = Release|x86
		v4.0-Debug|Any CPU = v4.0-Debug|Any CPU
		v4.0-Debug|x86 = v4.0-Debug|x86
		v4.0-Release|Any CPU = v4.0-Release|Any CPU
		v4.0-Release|x86 = v4.0-Release|x86
	EndGlobalSection
	GlobalSection(ProjectConfigurationPlatforms) = postSolution
		{D0C39D9D-BED0-418B-9A5E-713176CAF40C}.Debug|Any CPU.ActiveCfg = Debug|Any CPU
		{D0C39D9D-BED0-418B-9A5E-713176CAF40C}.Debug|Any CPU.Build.0 = Debug|Any CPU
		{D0C39D9D-BED0-418B-9A5E-713176CAF40C}.Debug|x86.ActiveCfg = Debug|Any CPU
		{D0C39D9D-BED0-418B-9A5E-713176CAF40C}.Debug|x86.Build.0 = Debug|Any CPU
		{D0C39D9D-BED0-418B-9A5E-713176CAF40C}.ForRtuXP|Any CPU.ActiveCfg = ForRtuXP|Any CPU
		{D0C39D9D-BED0-418B-9A5E-713176CAF40C}.ForRtuXP|Any CPU.Build.0 = ForRtuXP|Any CPU
		{D0C39D9D-BED0-418B-9A5E-713176CAF40C}.ForRtuXP|x86.ActiveCfg = Release|Any CPU
		{D0C39D9D-BED0-418B-9A5E-713176CAF40C}.ForRtuXP|x86.Build.0 = Release|Any CPU
		{D0C39D9D-BED0-418B-9A5E-713176CAF40C}.Release|Any CPU.ActiveCfg = Release|Any CPU
		{D0C39D9D-BED0-418B-9A5E-713176CAF40C}.Release|Any CPU.Build.0 = Release|Any CPU
		{D0C39D9D-BED0-418B-9A5E-713176CAF40C}.Release|x86.ActiveCfg = Release|Any CPU
		{D0C39D9D-BED0-418B-9A5E-713176CAF40C}.Release|x86.Build.0 = Release|Any CPU
		{D0C39D9D-BED0-418B-9A5E-713176CAF40C}.v4.0-Debug|Any CPU.ActiveCfg = v4.0-Debug|Any CPU
		{D0C39D9D-BED0-418B-9A5E-713176CAF40C}.v4.0-Debug|Any CPU.Build.0 = v4.0-Debug|Any CPU
		{D0C39D9D-BED0-418B-9A5E-713176CAF40C}.v4.0-Debug|x86.ActiveCfg = v4.0-Debug|Any CPU
		{D0C39D9D-BED0-418B-9A5E-713176CAF40C}.v4.0-Debug|x86.Build.0 = v4.0-Debug|Any CPU
		{D0C39D9D-BED0-418B-9A5E-713176CAF40C}.v4.0-Release|Any CPU.ActiveCfg = v4.0-Release|Any CPU
		{D0C39D9D-BED0-418B-9A5E-713176CAF40C}.v4.0-Release|Any CPU.Build.0 = v4.0-Release|Any CPU
		{D0C39D9D-BED0-418B-9A5E-713176CAF40C}.v4.0-Release|x86.ActiveCfg = v4.0-Release|Any CPU
		{D0C39D9D-BED0-418B-9A5E-713176CAF40C}.v4.0-Release|x86.Build.0 = v4.0-Release|Any CPU
		{644FE7D4-0184-400F-B2D7-99CB41360658}.Debug|Any CPU.ActiveCfg = Debug|Any CPU
		{644FE7D4-0184-400F-B2D7-99CB41360658}.Debug|Any CPU.Build.0 = Debug|Any CPU
		{644FE7D4-0184-400F-B2D7-99CB41360658}.Debug|x86.ActiveCfg = Debug|Any CPU
		{644FE7D4-0184-400F-B2D7-99CB41360658}.Debug|x86.Build.0 = Debug|Any CPU
		{644FE7D4-0184-400F-B2D7-99CB41360658}.ForRtuXP|Any CPU.ActiveCfg = ForRtuXP|Any CPU
		{644FE7D4-0184-400F-B2D7-99CB41360658}.ForRtuXP|Any CPU.Build.0 = ForRtuXP|Any CPU
		{644FE7D4-0184-400F-B2D7-99CB41360658}.ForRtuXP|x86.ActiveCfg = Release|Any CPU
		{644FE7D4-0184-400F-B2D7-99CB41360658}.ForRtuXP|x86.Build.0 = Release|Any CPU
		{644FE7D4-0184-400F-B2D7-99CB41360658}.Release|Any CPU.ActiveCfg = Release|Any CPU
		{644FE7D4-0184-400F-B2D7-99CB41360658}.Release|Any CPU.Build.0 = Release|Any CPU
		{644FE7D4-0184-400F-B2D7-99CB41360658}.Release|x86.ActiveCfg = Release|Any CPU
		{644FE7D4-0184-400F-B2D7-99CB41360658}.Release|x86.Build.0 = Release|Any CPU
		{644FE7D4-0184-400F-B2D7-99CB41360658}.v4.0-Debug|Any CPU.ActiveCfg = v4.0-Debug|Any CPU
		{644FE7D4-0184-400F-B2D7-99CB41360658}.v4.0-Debug|Any CPU.Build.0 = v4.0-Debug|Any CPU
		{644FE7D4-0184-400F-B2D7-99CB41360658}.v4.0-Debug|x86.ActiveCfg = v4.0-Debug|Any CPU
		{644FE7D4-0184-400F-B2D7-99CB41360658}.v4.0-Debug|x86.Build.0 = v4.0-Debug|Any CPU
		{644FE7D4-0184-400F-B2D7-99CB41360658}.v4.0-Release|Any CPU.ActiveCfg = v4.0-Release|Any CPU
		{644FE7D4-0184-400F-B2D7-99CB41360658}.v4.0-Release|Any CPU.Build.0 = v4.0-Release|Any CPU
		{644FE7D4-0184-400F-B2D7-99CB41360658}.v4.0-Release|x86.ActiveCfg = v4.0-Release|Any CPU
		{644FE7D4-0184-400F-B2D7-99CB41360658}.v4.0-Release|x86.Build.0 = v4.0-Release|Any CPU
		{A734876E-977B-4DDA-B6A4-AD1DD525C6D1}.Debug|Any CPU.ActiveCfg = Debug|Any CPU
		{A734876E-977B-4DDA-B6A4-AD1DD525C6D1}.Debug|Any CPU.Build.0 = Debug|Any CPU
		{A734876E-977B-4DDA-B6A4-AD1DD525C6D1}.Debug|x86.ActiveCfg = Debug|Any CPU
		{A734876E-977B-4DDA-B6A4-AD1DD525C6D1}.Debug|x86.Build.0 = Debug|Any CPU
		{A734876E-977B-4DDA-B6A4-AD1DD525C6D1}.ForRtuXP|Any CPU.ActiveCfg = ForRtuXP|Any CPU
		{A734876E-977B-4DDA-B6A4-AD1DD525C6D1}.ForRtuXP|Any CPU.Build.0 = ForRtuXP|Any CPU
		{A734876E-977B-4DDA-B6A4-AD1DD525C6D1}.ForRtuXP|x86.ActiveCfg = ForRtuXP|Any CPU
		{A734876E-977B-4DDA-B6A4-AD1DD525C6D1}.ForRtuXP|x86.Build.0 = ForRtuXP|Any CPU
		{A734876E-977B-4DDA-B6A4-AD1DD525C6D1}.Release|Any CPU.ActiveCfg = Release|Any CPU
		{A734876E-977B-4DDA-B6A4-AD1DD525C6D1}.Release|Any CPU.Build.0 = Release|Any CPU
		{A734876E-977B-4DDA-B6A4-AD1DD525C6D1}.Release|x86.ActiveCfg = Release|Any CPU
		{A734876E-977B-4DDA-B6A4-AD1DD525C6D1}.Release|x86.Build.0 = Release|Any CPU
		{A734876E-977B-4DDA-B6A4-AD1DD525C6D1}.v4.0-Debug|Any CPU.ActiveCfg = Debug|Any CPU
		{A734876E-977B-4DDA-B6A4-AD1DD525C6D1}.v4.0-Debug|Any CPU.Build.0 = Debug|Any CPU
		{A734876E-977B-4DDA-B6A4-AD1DD525C6D1}.v4.0-Debug|x86.ActiveCfg = Debug|Any CPU
		{A734876E-977B-4DDA-B6A4-AD1DD525C6D1}.v4.0-Debug|x86.Build.0 = Debug|Any CPU
		{A734876E-977B-4DDA-B6A4-AD1DD525C6D1}.v4.0-Release|Any CPU.ActiveCfg = Release|Any CPU
		{A734876E-977B-4DDA-B6A4-AD1DD525C6D1}.v4.0-Release|Any CPU.Build.0 = Release|Any CPU
		{A734876E-977B-4DDA-B6A4-AD1DD525C6D1}.v4.0-Release|x86.ActiveCfg = Release|Any CPU
		{A734876E-977B-4DDA-B6A4-AD1DD525C6D1}.v4.0-Release|x86.Build.0 = Release|Any CPU
		{456F0424-B6BD-452C-A4B9-53DEB92E829C}.Debug|Any CPU.ActiveCfg = Debug|Any CPU
		{456F0424-B6BD-452C-A4B9-53DEB92E829C}.Debug|Any CPU.Build.0 = Debug|Any CPU
		{456F0424-B6BD-452C-A4B9-53DEB92E829C}.Debug|x86.ActiveCfg = Debug|Any CPU
		{456F0424-B6BD-452C-A4B9-53DEB92E829C}.Debug|x86.Build.0 = Debug|Any CPU
		{456F0424-B6BD-452C-A4B9-53DEB92E829C}.ForRtuXP|Any CPU.ActiveCfg = ForRtuXP|Any CPU
		{456F0424-B6BD-452C-A4B9-53DEB92E829C}.ForRtuXP|Any CPU.Build.0 = ForRtuXP|Any CPU
		{456F0424-B6BD-452C-A4B9-53DEB92E829C}.ForRtuXP|x86.ActiveCfg = ForRtuXP|Any CPU
		{456F0424-B6BD-452C-A4B9-53DEB92E829C}.ForRtuXP|x86.Build.0 = ForRtuXP|Any CPU
		{456F0424-B6BD-452C-A4B9-53DEB92E829C}.Release|Any CPU.ActiveCfg = Release|Any CPU
		{456F0424-B6BD-452C-A4B9-53DEB92E829C}.Release|Any CPU.Build.0 = Release|Any CPU
		{456F0424-B6BD-452C-A4B9-53DEB92E829C}.Release|x86.ActiveCfg = Release|Any CPU
		{456F0424-B6BD-452C-A4B9-53DEB92E829C}.Release|x86.Build.0 = Release|Any CPU
		{456F0424-B6BD-452C-A4B9-53DEB92E829C}.v4.0-Debug|Any CPU.ActiveCfg = Debug|Any CPU
		{456F0424-B6BD-452C-A4B9-53DEB92E829C}.v4.0-Debug|Any CPU.Build.0 = Debug|Any CPU
		{456F0424-B6BD-452C-A4B9-53DEB92E829C}.v4.0-Debug|x86.ActiveCfg = Debug|Any CPU
		{456F0424-B6BD-452C-A4B9-53DEB92E829C}.v4.0-Debug|x86.Build.0 = Debug|Any CPU
		{456F0424-B6BD-452C-A4B9-53DEB92E829C}.v4.0-Release|Any CPU.ActiveCfg = Release|Any CPU
		{456F0424-B6BD-452C-A4B9-53DEB92E829C}.v4.0-Release|Any CPU.Build.0 = Release|Any CPU
		{456F0424-B6BD-452C-A4B9-53DEB92E829C}.v4.0-Release|x86.ActiveCfg = Release|Any CPU
		{456F0424-B6BD-452C-A4B9-53DEB92E829C}.v4.0-Release|x86.Build.0 = Release|Any CPU
		{D6F60608-8A8F-40AE-BD7F-8B3ACE247CA7}.Debug|Any CPU.ActiveCfg = Debug|Any CPU
		{D6F60608-8A8F-40AE-BD7F-8B3ACE247CA7}.Debug|Any CPU.Build.0 = Debug|Any CPU
		{D6F60608-8A8F-40AE-BD7F-8B3ACE247CA7}.Debug|x86.ActiveCfg = Debug|Any CPU
		{D6F60608-8A8F-40AE-BD7F-8B3ACE247CA7}.Debug|x86.Build.0 = Debug|Any CPU
		{D6F60608-8A8F-40AE-BD7F-8B3ACE247CA7}.ForRtuXP|Any CPU.ActiveCfg = ForRtuXP|Any CPU
		{D6F60608-8A8F-40AE-BD7F-8B3ACE247CA7}.ForRtuXP|Any CPU.Build.0 = ForRtuXP|Any CPU
		{D6F60608-8A8F-40AE-BD7F-8B3ACE247CA7}.ForRtuXP|x86.ActiveCfg = ForRtuXP|Any CPU
		{D6F60608-8A8F-40AE-BD7F-8B3ACE247CA7}.ForRtuXP|x86.Build.0 = ForRtuXP|Any CPU
		{D6F60608-8A8F-40AE-BD7F-8B3ACE247CA7}.Release|Any CPU.ActiveCfg = Release|Any CPU
		{D6F60608-8A8F-40AE-BD7F-8B3ACE247CA7}.Release|Any CPU.Build.0 = Release|Any CPU
		{D6F60608-8A8F-40AE-BD7F-8B3ACE247CA7}.Release|x86.ActiveCfg = Release|Any CPU
		{D6F60608-8A8F-40AE-BD7F-8B3ACE247CA7}.Release|x86.Build.0 = Release|Any CPU
		{D6F60608-8A8F-40AE-BD7F-8B3ACE247CA7}.v4.0-Debug|Any CPU.ActiveCfg = Debug|Any CPU
		{D6F60608-8A8F-40AE-BD7F-8B3ACE247CA7}.v4.0-Debug|Any CPU.Build.0 = Debug|Any CPU
		{D6F60608-8A8F-40AE-BD7F-8B3ACE247CA7}.v4.0-Debug|x86.ActiveCfg = Debug|Any CPU
		{D6F60608-8A8F-40AE-BD7F-8B3ACE247CA7}.v4.0-Debug|x86.Build.0 = Debug|Any CPU
		{D6F60608-8A8F-40AE-BD7F-8B3ACE247CA7}.v4.0-Release|Any CPU.ActiveCfg = Release|Any CPU
		{D6F60608-8A8F-40AE-BD7F-8B3ACE247CA7}.v4.0-Release|Any CPU.Build.0 = Release|Any CPU
		{D6F60608-8A8F-40AE-BD7F-8B3ACE247CA7}.v4.0-Release|x86.ActiveCfg = Release|Any CPU
		{D6F60608-8A8F-40AE-BD7F-8B3ACE247CA7}.v4.0-Release|x86.Build.0 = Release|Any CPU
		{0A6DFC12-DC4A-4C44-923F-CEE3DD6B3521}.Debug|Any CPU.ActiveCfg = Debug|Any CPU
		{0A6DFC12-DC4A-4C44-923F-CEE3DD6B3521}.Debug|Any CPU.Build.0 = Debug|Any CPU
		{0A6DFC12-DC4A-4C44-923F-CEE3DD6B3521}.Debug|x86.ActiveCfg = Debug|Any CPU
		{0A6DFC12-DC4A-4C44-923F-CEE3DD6B3521}.Debug|x86.Build.0 = Debug|Any CPU
		{0A6DFC12-DC4A-4C44-923F-CEE3DD6B3521}.ForRtuXP|Any CPU.ActiveCfg = ForRtuXP|Any CPU
		{0A6DFC12-DC4A-4C44-923F-CEE3DD6B3521}.ForRtuXP|Any CPU.Build.0 = ForRtuXP|Any CPU
		{0A6DFC12-DC4A-4C44-923F-CEE3DD6B3521}.ForRtuXP|x86.ActiveCfg = ForRtuXP|Any CPU
		{0A6DFC12-DC4A-4C44-923F-CEE3DD6B3521}.ForRtuXP|x86.Build.0 = ForRtuXP|Any CPU
		{0A6DFC12-DC4A-4C44-923F-CEE3DD6B3521}.Release|Any CPU.ActiveCfg = Release|Any CPU
		{0A6DFC12-DC4A-4C44-923F-CEE3DD6B3521}.Release|Any CPU.Build.0 = Release|Any CPU
		{0A6DFC12-DC4A-4C44-923F-CEE3DD6B3521}.Release|x86.ActiveCfg = Release|Any CPU
		{0A6DFC12-DC4A-4C44-923F-CEE3DD6B3521}.Release|x86.Build.0 = Release|Any CPU
		{0A6DFC12-DC4A-4C44-923F-CEE3DD6B3521}.v4.0-Debug|Any CPU.ActiveCfg = Debug|Any CPU
		{0A6DFC12-DC4A-4C44-923F-CEE3DD6B3521}.v4.0-Debug|Any CPU.Build.0 = Debug|Any CPU
		{0A6DFC12-DC4A-4C44-923F-CEE3DD6B3521}.v4.0-Debug|x86.ActiveCfg = Debug|Any CPU
		{0A6DFC12-DC4A-4C44-923F-CEE3DD6B3521}.v4.0-Debug|x86.Build.0 = Debug|Any CPU
		{0A6DFC12-DC4A-4C44-923F-CEE3DD6B3521}.v4.0-Release|Any CPU.ActiveCfg = Release|Any CPU
		{0A6DFC12-DC4A-4C44-923F-CEE3DD6B3521}.v4.0-Release|Any CPU.Build.0 = Release|Any CPU
		{0A6DFC12-DC4A-4C44-923F-CEE3DD6B3521}.v4.0-Release|x86.ActiveCfg = Release|Any CPU
		{0A6DFC12-DC4A-4C44-923F-CEE3DD6B3521}.v4.0-Release|x86.Build.0 = Release|Any CPU
		{4A0D2396-FFD3-4E2A-82D8-35F2C46DF6F9}.Debug|Any CPU.ActiveCfg = Debug|Any CPU
		{4A0D2396-FFD3-4E2A-82D8-35F2C46DF6F9}.Debug|Any CPU.Build.0 = Debug|Any CPU
		{4A0D2396-FFD3-4E2A-82D8-35F2C46DF6F9}.Debug|x86.ActiveCfg = Debug|x86
		{4A0D2396-FFD3-4E2A-82D8-35F2C46DF6F9}.Debug|x86.Build.0 = Debug|x86
		{4A0D2396-FFD3-4E2A-82D8-35F2C46DF6F9}.ForRtuXP|Any CPU.ActiveCfg = ForRtuXP|Any CPU
		{4A0D2396-FFD3-4E2A-82D8-35F2C46DF6F9}.ForRtuXP|Any CPU.Build.0 = ForRtuXP|Any CPU
		{4A0D2396-FFD3-4E2A-82D8-35F2C46DF6F9}.ForRtuXP|x86.ActiveCfg = ForRtuXP|x86
		{4A0D2396-FFD3-4E2A-82D8-35F2C46DF6F9}.ForRtuXP|x86.Build.0 = ForRtuXP|x86
		{4A0D2396-FFD3-4E2A-82D8-35F2C46DF6F9}.Release|Any CPU.ActiveCfg = Release|Any CPU
		{4A0D2396-FFD3-4E2A-82D8-35F2C46DF6F9}.Release|Any CPU.Build.0 = Release|Any CPU
		{4A0D2396-FFD3-4E2A-82D8-35F2C46DF6F9}.Release|x86.ActiveCfg = Release|x86
		{4A0D2396-FFD3-4E2A-82D8-35F2C46DF6F9}.Release|x86.Build.0 = Release|x86
		{4A0D2396-FFD3-4E2A-82D8-35F2C46DF6F9}.v4.0-Debug|Any CPU.ActiveCfg = Debug|Any CPU
		{4A0D2396-FFD3-4E2A-82D8-35F2C46DF6F9}.v4.0-Debug|Any CPU.Build.0 = Debug|Any CPU
		{4A0D2396-FFD3-4E2A-82D8-35F2C46DF6F9}.v4.0-Debug|x86.ActiveCfg = Debug|Any CPU
		{4A0D2396-FFD3-4E2A-82D8-35F2C46DF6F9}.v4.0-Debug|x86.Build.0 = Debug|Any CPU
		{4A0D2396-FFD3-4E2A-82D8-35F2C46DF6F9}.v4.0-Release|Any CPU.ActiveCfg = Release|Any CPU
		{4A0D2396-FFD3-4E2A-82D8-35F2C46DF6F9}.v4.0-Release|Any CPU.Build.0 = Release|Any CPU
		{4A0D2396-FFD3-4E2A-82D8-35F2C46DF6F9}.v4.0-Release|x86.ActiveCfg = Release|Any CPU
		{4A0D2396-FFD3-4E2A-82D8-35F2C46DF6F9}.v4.0-Release|x86.Build.0 = Release|Any CPU
		{E98E6CC5-94E4-44B7-AF5C-7F4F74746467}.Debug|Any CPU.ActiveCfg = Debug|Any CPU
		{E98E6CC5-94E4-44B7-AF5C-7F4F74746467}.Debug|Any CPU.Build.0 = Debug|Any CPU
		{E98E6CC5-94E4-44B7-AF5C-7F4F74746467}.Debug|x86.ActiveCfg = Debug|Any CPU
		{E98E6CC5-94E4-44B7-AF5C-7F4F74746467}.Debug|x86.Build.0 = Debug|Any CPU
		{E98E6CC5-94E4-44B7-AF5C-7F4F74746467}.ForRtuXP|Any CPU.ActiveCfg = ForRtuXP|Any CPU
		{E98E6CC5-94E4-44B7-AF5C-7F4F74746467}.ForRtuXP|Any CPU.Build.0 = ForRtuXP|Any CPU
		{E98E6CC5-94E4-44B7-AF5C-7F4F74746467}.ForRtuXP|x86.ActiveCfg = ForRtuXP|Any CPU
		{E98E6CC5-94E4-44B7-AF5C-7F4F74746467}.ForRtuXP|x86.Build.0 = ForRtuXP|Any CPU
		{E98E6CC5-94E4-44B7-AF5C-7F4F74746467}.Release|Any CPU.ActiveCfg = Release|Any CPU
		{E98E6CC5-94E4-44B7-AF5C-7F4F74746467}.Release|Any CPU.Build.0 = Release|Any CPU
		{E98E6CC5-94E4-44B7-AF5C-7F4F74746467}.Release|x86.ActiveCfg = Release|Any CPU
		{E98E6CC5-94E4-44B7-AF5C-7F4F74746467}.Release|x86.Build.0 = Release|Any CPU
		{E98E6CC5-94E4-44B7-AF5C-7F4F74746467}.v4.0-Debug|Any CPU.ActiveCfg = Debug|Any CPU
		{E98E6CC5-94E4-44B7-AF5C-7F4F74746467}.v4.0-Debug|Any CPU.Build.0 = Debug|Any CPU
		{E98E6CC5-94E4-44B7-AF5C-7F4F74746467}.v4.0-Debug|x86.ActiveCfg = Debug|Any CPU
		{E98E6CC5-94E4-44B7-AF5C-7F4F74746467}.v4.0-Debug|x86.Build.0 = Debug|Any CPU
		{E98E6CC5-94E4-44B7-AF5C-7F4F74746467}.v4.0-Release|Any CPU.ActiveCfg = Release|Any CPU
		{E98E6CC5-94E4-44B7-AF5C-7F4F74746467}.v4.0-Release|Any CPU.Build.0 = Release|Any CPU
		{E98E6CC5-94E4-44B7-AF5C-7F4F74746467}.v4.0-Release|x86.ActiveCfg = Release|Any CPU
		{E98E6CC5-94E4-44B7-AF5C-7F4F74746467}.v4.0-Release|x86.Build.0 = Release|Any CPU
		{1822C528-4719-4C53-877E-BC57DBF6D7FF}.Debug|Any CPU.ActiveCfg = Debug|Any CPU
		{1822C528-4719-4C53-877E-BC57DBF6D7FF}.Debug|Any CPU.Build.0 = Debug|Any CPU
		{1822C528-4719-4C53-877E-BC57DBF6D7FF}.Debug|x86.ActiveCfg = Debug|Any CPU
		{1822C528-4719-4C53-877E-BC57DBF6D7FF}.Debug|x86.Build.0 = Debug|Any CPU
		{1822C528-4719-4C53-877E-BC57DBF6D7FF}.ForRtuXP|Any CPU.ActiveCfg = Release|Any CPU
		{1822C528-4719-4C53-877E-BC57DBF6D7FF}.ForRtuXP|Any CPU.Build.0 = Release|Any CPU
		{1822C528-4719-4C53-877E-BC57DBF6D7FF}.ForRtuXP|x86.ActiveCfg = Release|Any CPU
		{1822C528-4719-4C53-877E-BC57DBF6D7FF}.ForRtuXP|x86.Build.0 = Release|Any CPU
		{1822C528-4719-4C53-877E-BC57DBF6D7FF}.Release|Any CPU.ActiveCfg = Release|Any CPU
		{1822C528-4719-4C53-877E-BC57DBF6D7FF}.Release|Any CPU.Build.0 = Release|Any CPU
		{1822C528-4719-4C53-877E-BC57DBF6D7FF}.Release|x86.ActiveCfg = Release|Any CPU
		{1822C528-4719-4C53-877E-BC57DBF6D7FF}.Release|x86.Build.0 = Release|Any CPU
		{1822C528-4719-4C53-877E-BC57DBF6D7FF}.v4.0-Debug|Any CPU.ActiveCfg = Debug|Any CPU
		{1822C528-4719-4C53-877E-BC57DBF6D7FF}.v4.0-Debug|Any CPU.Build.0 = Debug|Any CPU
		{1822C528-4719-4C53-877E-BC57DBF6D7FF}.v4.0-Debug|x86.ActiveCfg = Debug|Any CPU
		{1822C528-4719-4C53-877E-BC57DBF6D7FF}.v4.0-Debug|x86.Build.0 = Debug|Any CPU
		{1822C528-4719-4C53-877E-BC57DBF6D7FF}.v4.0-Release|Any CPU.ActiveCfg = Release|Any CPU
		{1822C528-4719-4C53-877E-BC57DBF6D7FF}.v4.0-Release|Any CPU.Build.0 = Release|Any CPU
		{1822C528-4719-4C53-877E-BC57DBF6D7FF}.v4.0-Release|x86.ActiveCfg = Release|Any CPU
		{1822C528-4719-4C53-877E-BC57DBF6D7FF}.v4.0-Release|x86.Build.0 = Release|Any CPU
		{2C3F5F07-366E-4418-BB55-98454EE95145}.Debug|Any CPU.ActiveCfg = Debug|Any CPU
		{2C3F5F07-366E-4418-BB55-98454EE95145}.Debug|Any CPU.Build.0 = Debug|Any CPU
		{2C3F5F07-366E-4418-BB55-98454EE95145}.Debug|x86.ActiveCfg = Debug|x86
		{2C3F5F07-366E-4418-BB55-98454EE95145}.Debug|x86.Build.0 = Debug|x86
		{2C3F5F07-366E-4418-BB55-98454EE95145}.ForRtuXP|Any CPU.ActiveCfg = ForRtuXP|Any CPU
		{2C3F5F07-366E-4418-BB55-98454EE95145}.ForRtuXP|Any CPU.Build.0 = ForRtuXP|Any CPU
		{2C3F5F07-366E-4418-BB55-98454EE95145}.ForRtuXP|x86.ActiveCfg = ForRtuXP|x86
		{2C3F5F07-366E-4418-BB55-98454EE95145}.ForRtuXP|x86.Build.0 = ForRtuXP|x86
		{2C3F5F07-366E-4418-BB55-98454EE95145}.Release|Any CPU.ActiveCfg = Release|Any CPU
		{2C3F5F07-366E-4418-BB55-98454EE95145}.Release|Any CPU.Build.0 = Release|Any CPU
		{2C3F5F07-366E-4418-BB55-98454EE95145}.Release|x86.ActiveCfg = Release|x86
		{2C3F5F07-366E-4418-BB55-98454EE95145}.Release|x86.Build.0 = Release|x86
		{2C3F5F07-366E-4418-BB55-98454EE95145}.v4.0-Debug|Any CPU.ActiveCfg = Debug|Any CPU
		{2C3F5F07-366E-4418-BB55-98454EE95145}.v4.0-Debug|Any CPU.Build.0 = Debug|Any CPU
		{2C3F5F07-366E-4418-BB55-98454EE95145}.v4.0-Debug|x86.ActiveCfg = Debug|x86
		{2C3F5F07-366E-4418-BB55-98454EE95145}.v4.0-Debug|x86.Build.0 = Debug|x86
		{2C3F5F07-366E-4418-BB55-98454EE95145}.v4.0-Release|Any CPU.ActiveCfg = Release|Any CPU
		{2C3F5F07-366E-4418-BB55-98454EE95145}.v4.0-Release|Any CPU.Build.0 = Release|Any CPU
		{2C3F5F07-366E-4418-BB55-98454EE95145}.v4.0-Release|x86.ActiveCfg = Release|x86
		{2C3F5F07-366E-4418-BB55-98454EE95145}.v4.0-Release|x86.Build.0 = Release|x86
		{AED4A94A-A19E-4625-8037-4F5D9489E04C}.Debug|Any CPU.ActiveCfg = Debug|Any CPU
		{AED4A94A-A19E-4625-8037-4F5D9489E04C}.Debug|Any CPU.Build.0 = Debug|Any CPU
		{AED4A94A-A19E-4625-8037-4F5D9489E04C}.Debug|x86.ActiveCfg = Debug|x86
		{AED4A94A-A19E-4625-8037-4F5D9489E04C}.Debug|x86.Build.0 = Debug|x86
		{AED4A94A-A19E-4625-8037-4F5D9489E04C}.ForRtuXP|Any CPU.ActiveCfg = ForRtuXP|Any CPU
		{AED4A94A-A19E-4625-8037-4F5D9489E04C}.ForRtuXP|Any CPU.Build.0 = ForRtuXP|Any CPU
		{AED4A94A-A19E-4625-8037-4F5D9489E04C}.ForRtuXP|x86.ActiveCfg = ForRtuXP|x86
		{AED4A94A-A19E-4625-8037-4F5D9489E04C}.ForRtuXP|x86.Build.0 = ForRtuXP|x86
		{AED4A94A-A19E-4625-8037-4F5D9489E04C}.Release|Any CPU.ActiveCfg = Release|Any CPU
		{AED4A94A-A19E-4625-8037-4F5D9489E04C}.Release|Any CPU.Build.0 = Release|Any CPU
		{AED4A94A-A19E-4625-8037-4F5D9489E04C}.Release|x86.ActiveCfg = Release|x86
		{AED4A94A-A19E-4625-8037-4F5D9489E04C}.Release|x86.Build.0 = Release|x86
		{AED4A94A-A19E-4625-8037-4F5D9489E04C}.v4.0-Debug|Any CPU.ActiveCfg = Debug|Any CPU
		{AED4A94A-A19E-4625-8037-4F5D9489E04C}.v4.0-Debug|Any CPU.Build.0 = Debug|Any CPU
		{AED4A94A-A19E-4625-8037-4F5D9489E04C}.v4.0-Debug|x86.ActiveCfg = Debug|x86
		{AED4A94A-A19E-4625-8037-4F5D9489E04C}.v4.0-Debug|x86.Build.0 = Debug|x86
		{AED4A94A-A19E-4625-8037-4F5D9489E04C}.v4.0-Release|Any CPU.ActiveCfg = Release|Any CPU
		{AED4A94A-A19E-4625-8037-4F5D9489E04C}.v4.0-Release|Any CPU.Build.0 = Release|Any CPU
		{AED4A94A-A19E-4625-8037-4F5D9489E04C}.v4.0-Release|x86.ActiveCfg = Release|x86
		{AED4A94A-A19E-4625-8037-4F5D9489E04C}.v4.0-Release|x86.Build.0 = Release|x86
		{E9122BBB-B015-4710-BDD3-03243EE8CBCD}.Debug|Any CPU.ActiveCfg = Debug|Any CPU
		{E9122BBB-B015-4710-BDD3-03243EE8CBCD}.Debug|Any CPU.Build.0 = Debug|Any CPU
		{E9122BBB-B015-4710-BDD3-03243EE8CBCD}.Debug|x86.ActiveCfg = Debug|x86
		{E9122BBB-B015-4710-BDD3-03243EE8CBCD}.Debug|x86.Build.0 = Debug|x86
		{E9122BBB-B015-4710-BDD3-03243EE8CBCD}.ForRtuXP|Any CPU.ActiveCfg = ForRtuXP|Any CPU
		{E9122BBB-B015-4710-BDD3-03243EE8CBCD}.ForRtuXP|Any CPU.Build.0 = ForRtuXP|Any CPU
		{E9122BBB-B015-4710-BDD3-03243EE8CBCD}.ForRtuXP|x86.ActiveCfg = ForRtuXP|x86
		{E9122BBB-B015-4710-BDD3-03243EE8CBCD}.ForRtuXP|x86.Build.0 = ForRtuXP|x86
		{E9122BBB-B015-4710-BDD3-03243EE8CBCD}.Release|Any CPU.ActiveCfg = Release|Any CPU
		{E9122BBB-B015-4710-BDD3-03243EE8CBCD}.Release|Any CPU.Build.0 = Release|Any CPU
		{E9122BBB-B015-4710-BDD3-03243EE8CBCD}.Release|x86.ActiveCfg = Release|x86
		{E9122BBB-B015-4710-BDD3-03243EE8CBCD}.Release|x86.Build.0 = Release|x86
		{E9122BBB-B015-4710-BDD3-03243EE8CBCD}.v4.0-Debug|Any CPU.ActiveCfg = Debug|Any CPU
		{E9122BBB-B015-4710-BDD3-03243EE8CBCD}.v4.0-Debug|Any CPU.Build.0 = Debug|Any CPU
		{E9122BBB-B015-4710-BDD3-03243EE8CBCD}.v4.0-Debug|x86.ActiveCfg = Debug|x86
		{E9122BBB-B015-4710-BDD3-03243EE8CBCD}.v4.0-Debug|x86.Build.0 = Debug|x86
		{E9122BBB-B015-4710-BDD3-03243EE8CBCD}.v4.0-Release|Any CPU.ActiveCfg = Release|Any CPU
		{E9122BBB-B015-4710-BDD3-03243EE8CBCD}.v4.0-Release|Any CPU.Build.0 = Release|Any CPU
		{E9122BBB-B015-4710-BDD3-03243EE8CBCD}.v4.0-Release|x86.ActiveCfg = Release|x86
		{E9122BBB-B015-4710-BDD3-03243EE8CBCD}.v4.0-Release|x86.Build.0 = Release|x86
		{277C2787-8886-4B77-B81C-6FC8526803DC}.Debug|Any CPU.ActiveCfg = Debug|Any CPU
		{277C2787-8886-4B77-B81C-6FC8526803DC}.Debug|Any CPU.Build.0 = Debug|Any CPU
		{277C2787-8886-4B77-B81C-6FC8526803DC}.Debug|x86.ActiveCfg = Debug|x86
		{277C2787-8886-4B77-B81C-6FC8526803DC}.Debug|x86.Build.0 = Debug|x86
		{277C2787-8886-4B77-B81C-6FC8526803DC}.ForRtuXP|Any CPU.ActiveCfg = ForRtuXP|Any CPU
		{277C2787-8886-4B77-B81C-6FC8526803DC}.ForRtuXP|Any CPU.Build.0 = ForRtuXP|Any CPU
		{277C2787-8886-4B77-B81C-6FC8526803DC}.ForRtuXP|x86.ActiveCfg = ForRtuXP|x86
		{277C2787-8886-4B77-B81C-6FC8526803DC}.ForRtuXP|x86.Build.0 = ForRtuXP|x86
		{277C2787-8886-4B77-B81C-6FC8526803DC}.Release|Any CPU.ActiveCfg = Release|Any CPU
		{277C2787-8886-4B77-B81C-6FC8526803DC}.Release|Any CPU.Build.0 = Release|Any CPU
		{277C2787-8886-4B77-B81C-6FC8526803DC}.Release|x86.ActiveCfg = Release|x86
		{277C2787-8886-4B77-B81C-6FC8526803DC}.Release|x86.Build.0 = Release|x86
		{277C2787-8886-4B77-B81C-6FC8526803DC}.v4.0-Debug|Any CPU.ActiveCfg = Debug|Any CPU
		{277C2787-8886-4B77-B81C-6FC8526803DC}.v4.0-Debug|Any CPU.Build.0 = Debug|Any CPU
		{277C2787-8886-4B77-B81C-6FC8526803DC}.v4.0-Debug|x86.ActiveCfg = Debug|x86
		{277C2787-8886-4B77-B81C-6FC8526803DC}.v4.0-Debug|x86.Build.0 = Debug|x86
		{277C2787-8886-4B77-B81C-6FC8526803DC}.v4.0-Release|Any CPU.ActiveCfg = Release|Any CPU
		{277C2787-8886-4B77-B81C-6FC8526803DC}.v4.0-Release|Any CPU.Build.0 = Release|Any CPU
		{277C2787-8886-4B77-B81C-6FC8526803DC}.v4.0-Release|x86.ActiveCfg = Release|x86
		{277C2787-8886-4B77-B81C-6FC8526803DC}.v4.0-Release|x86.Build.0 = Release|x86
		{922C03AE-B0D7-4007-8788-D16FFAB89F05}.Debug|Any CPU.ActiveCfg = Debug|Any CPU
		{922C03AE-B0D7-4007-8788-D16FFAB89F05}.Debug|Any CPU.Build.0 = Debug|Any CPU
		{922C03AE-B0D7-4007-8788-D16FFAB89F05}.Debug|x86.ActiveCfg = Debug|x86
		{922C03AE-B0D7-4007-8788-D16FFAB89F05}.Debug|x86.Build.0 = Debug|x86
		{922C03AE-B0D7-4007-8788-D16FFAB89F05}.ForRtuXP|Any CPU.ActiveCfg = ForRtuXP|Any CPU
		{922C03AE-B0D7-4007-8788-D16FFAB89F05}.ForRtuXP|Any CPU.Build.0 = ForRtuXP|Any CPU
		{922C03AE-B0D7-4007-8788-D16FFAB89F05}.ForRtuXP|x86.ActiveCfg = ForRtuXP|x86
		{922C03AE-B0D7-4007-8788-D16FFAB89F05}.ForRtuXP|x86.Build.0 = ForRtuXP|x86
		{922C03AE-B0D7-4007-8788-D16FFAB89F05}.Release|Any CPU.ActiveCfg = Release|Any CPU
		{922C03AE-B0D7-4007-8788-D16FFAB89F05}.Release|Any CPU.Build.0 = Release|Any CPU
		{922C03AE-B0D7-4007-8788-D16FFAB89F05}.Release|x86.ActiveCfg = Release|x86
		{922C03AE-B0D7-4007-8788-D16FFAB89F05}.Release|x86.Build.0 = Release|x86
		{922C03AE-B0D7-4007-8788-D16FFAB89F05}.v4.0-Debug|Any CPU.ActiveCfg = Debug|Any CPU
		{922C03AE-B0D7-4007-8788-D16FFAB89F05}.v4.0-Debug|Any CPU.Build.0 = Debug|Any CPU
		{922C03AE-B0D7-4007-8788-D16FFAB89F05}.v4.0-Debug|x86.ActiveCfg = Debug|x86
		{922C03AE-B0D7-4007-8788-D16FFAB89F05}.v4.0-Debug|x86.Build.0 = Debug|x86
		{922C03AE-B0D7-4007-8788-D16FFAB89F05}.v4.0-Release|Any CPU.ActiveCfg = Release|Any CPU
		{922C03AE-B0D7-4007-8788-D16FFAB89F05}.v4.0-Release|Any CPU.Build.0 = Release|Any CPU
		{922C03AE-B0D7-4007-8788-D16FFAB89F05}.v4.0-Release|x86.ActiveCfg = Release|x86
		{922C03AE-B0D7-4007-8788-D16FFAB89F05}.v4.0-Release|x86.Build.0 = Release|x86
		{521CB593-76D9-40A5-A5AD-C8845BDF103B}.Debug|Any CPU.ActiveCfg = Debug|Any CPU
		{521CB593-76D9-40A5-A5AD-C8845BDF103B}.Debug|Any CPU.Build.0 = Debug|Any CPU
		{521CB593-76D9-40A5-A5AD-C8845BDF103B}.Debug|x86.ActiveCfg = Debug|Any CPU
		{521CB593-76D9-40A5-A5AD-C8845BDF103B}.Debug|x86.Build.0 = Debug|Any CPU
		{521CB593-76D9-40A5-A5AD-C8845BDF103B}.ForRtuXP|Any CPU.ActiveCfg = Release|Any CPU
		{521CB593-76D9-40A5-A5AD-C8845BDF103B}.ForRtuXP|Any CPU.Build.0 = Release|Any CPU
		{521CB593-76D9-40A5-A5AD-C8845BDF103B}.ForRtuXP|x86.ActiveCfg = Release|Any CPU
		{521CB593-76D9-40A5-A5AD-C8845BDF103B}.ForRtuXP|x86.Build.0 = Release|Any CPU
		{521CB593-76D9-40A5-A5AD-C8845BDF103B}.Release|Any CPU.ActiveCfg = Release|Any CPU
		{521CB593-76D9-40A5-A5AD-C8845BDF103B}.Release|Any CPU.Build.0 = Release|Any CPU
		{521CB593-76D9-40A5-A5AD-C8845BDF103B}.Release|x86.ActiveCfg = Release|Any CPU
		{521CB593-76D9-40A5-A5AD-C8845BDF103B}.Release|x86.Build.0 = Release|Any CPU
		{521CB593-76D9-40A5-A5AD-C8845BDF103B}.v4.0-Debug|Any CPU.ActiveCfg = Debug|Any CPU
		{521CB593-76D9-40A5-A5AD-C8845BDF103B}.v4.0-Debug|Any CPU.Build.0 = Debug|Any CPU
		{521CB593-76D9-40A5-A5AD-C8845BDF103B}.v4.0-Debug|x86.ActiveCfg = Debug|Any CPU
		{521CB593-76D9-40A5-A5AD-C8845BDF103B}.v4.0-Debug|x86.Build.0 = Debug|Any CPU
		{521CB593-76D9-40A5-A5AD-C8845BDF103B}.v4.0-Release|Any CPU.ActiveCfg = Release|Any CPU
		{521CB593-76D9-40A5-A5AD-C8845BDF103B}.v4.0-Release|Any CPU.Build.0 = Release|Any CPU
		{521CB593-76D9-40A5-A5AD-C8845BDF103B}.v4.0-Release|x86.ActiveCfg = Release|Any CPU
		{521CB593-76D9-40A5-A5AD-C8845BDF103B}.v4.0-Release|x86.Build.0 = Release|Any CPU
		{D7C82E5D-E536-4684-B18F-9E1A341324D6}.Debug|Any CPU.ActiveCfg = Debug|Any CPU
		{D7C82E5D-E536-4684-B18F-9E1A341324D6}.Debug|Any CPU.Build.0 = Debug|Any CPU
		{D7C82E5D-E536-4684-B18F-9E1A341324D6}.Debug|x86.ActiveCfg = Debug|x86
		{D7C82E5D-E536-4684-B18F-9E1A341324D6}.Debug|x86.Build.0 = Debug|x86
		{D7C82E5D-E536-4684-B18F-9E1A341324D6}.ForRtuXP|Any CPU.ActiveCfg = ForRtuXP|Any CPU
		{D7C82E5D-E536-4684-B18F-9E1A341324D6}.ForRtuXP|Any CPU.Build.0 = ForRtuXP|Any CPU
		{D7C82E5D-E536-4684-B18F-9E1A341324D6}.ForRtuXP|x86.ActiveCfg = ForRtuXP|x86
		{D7C82E5D-E536-4684-B18F-9E1A341324D6}.ForRtuXP|x86.Build.0 = ForRtuXP|x86
		{D7C82E5D-E536-4684-B18F-9E1A341324D6}.Release|Any CPU.ActiveCfg = Release|Any CPU
		{D7C82E5D-E536-4684-B18F-9E1A341324D6}.Release|Any CPU.Build.0 = Release|Any CPU
		{D7C82E5D-E536-4684-B18F-9E1A341324D6}.Release|x86.ActiveCfg = Release|x86
		{D7C82E5D-E536-4684-B18F-9E1A341324D6}.Release|x86.Build.0 = Release|x86
		{D7C82E5D-E536-4684-B18F-9E1A341324D6}.v4.0-Debug|Any CPU.ActiveCfg = Debug|Any CPU
		{D7C82E5D-E536-4684-B18F-9E1A341324D6}.v4.0-Debug|Any CPU.Build.0 = Debug|Any CPU
		{D7C82E5D-E536-4684-B18F-9E1A341324D6}.v4.0-Debug|x86.ActiveCfg = Debug|x86
		{D7C82E5D-E536-4684-B18F-9E1A341324D6}.v4.0-Debug|x86.Build.0 = Debug|x86
		{D7C82E5D-E536-4684-B18F-9E1A341324D6}.v4.0-Release|Any CPU.ActiveCfg = Release|Any CPU
		{D7C82E5D-E536-4684-B18F-9E1A341324D6}.v4.0-Release|Any CPU.Build.0 = Release|Any CPU
		{D7C82E5D-E536-4684-B18F-9E1A341324D6}.v4.0-Release|x86.ActiveCfg = Release|x86
		{D7C82E5D-E536-4684-B18F-9E1A341324D6}.v4.0-Release|x86.Build.0 = Release|x86
		{BCA77A87-7253-464B-9721-14673268BA42}.Debug|Any CPU.ActiveCfg = Debug|Any CPU
		{BCA77A87-7253-464B-9721-14673268BA42}.Debug|Any CPU.Build.0 = Debug|Any CPU
		{BCA77A87-7253-464B-9721-14673268BA42}.Debug|x86.ActiveCfg = Debug|Any CPU
		{BCA77A87-7253-464B-9721-14673268BA42}.Debug|x86.Build.0 = Debug|Any CPU
		{BCA77A87-7253-464B-9721-14673268BA42}.ForRtuXP|Any CPU.ActiveCfg = Release|Any CPU
		{BCA77A87-7253-464B-9721-14673268BA42}.ForRtuXP|Any CPU.Build.0 = Release|Any CPU
		{BCA77A87-7253-464B-9721-14673268BA42}.ForRtuXP|x86.ActiveCfg = Release|Any CPU
		{BCA77A87-7253-464B-9721-14673268BA42}.ForRtuXP|x86.Build.0 = Release|Any CPU
		{BCA77A87-7253-464B-9721-14673268BA42}.Release|Any CPU.ActiveCfg = Release|Any CPU
		{BCA77A87-7253-464B-9721-14673268BA42}.Release|Any CPU.Build.0 = Release|Any CPU
		{BCA77A87-7253-464B-9721-14673268BA42}.Release|x86.ActiveCfg = Release|Any CPU
		{BCA77A87-7253-464B-9721-14673268BA42}.Release|x86.Build.0 = Release|Any CPU
		{BCA77A87-7253-464B-9721-14673268BA42}.v4.0-Debug|Any CPU.ActiveCfg = Debug|Any CPU
		{BCA77A87-7253-464B-9721-14673268BA42}.v4.0-Debug|Any CPU.Build.0 = Debug|Any CPU
		{BCA77A87-7253-464B-9721-14673268BA42}.v4.0-Debug|x86.ActiveCfg = Debug|Any CPU
		{BCA77A87-7253-464B-9721-14673268BA42}.v4.0-Debug|x86.Build.0 = Debug|Any CPU
		{BCA77A87-7253-464B-9721-14673268BA42}.v4.0-Release|Any CPU.ActiveCfg = Release|Any CPU
		{BCA77A87-7253-464B-9721-14673268BA42}.v4.0-Release|Any CPU.Build.0 = Release|Any CPU
		{BCA77A87-7253-464B-9721-14673268BA42}.v4.0-Release|x86.ActiveCfg = Release|Any CPU
		{BCA77A87-7253-464B-9721-14673268BA42}.v4.0-Release|x86.Build.0 = Release|Any CPU
		{6BA3EA08-6BDB-4B2D-8729-409E136D4D74}.Debug|Any CPU.ActiveCfg = Debug|Any CPU
		{6BA3EA08-6BDB-4B2D-8729-409E136D4D74}.Debug|Any CPU.Build.0 = Debug|Any CPU
		{6BA3EA08-6BDB-4B2D-8729-409E136D4D74}.Debug|x86.ActiveCfg = Debug|Any CPU
		{6BA3EA08-6BDB-4B2D-8729-409E136D4D74}.Debug|x86.Build.0 = Debug|Any CPU
		{6BA3EA08-6BDB-4B2D-8729-409E136D4D74}.ForRtuXP|Any CPU.ActiveCfg = Release|Any CPU
		{6BA3EA08-6BDB-4B2D-8729-409E136D4D74}.ForRtuXP|Any CPU.Build.0 = Release|Any CPU
		{6BA3EA08-6BDB-4B2D-8729-409E136D4D74}.ForRtuXP|x86.ActiveCfg = Release|Any CPU
		{6BA3EA08-6BDB-4B2D-8729-409E136D4D74}.ForRtuXP|x86.Build.0 = Release|Any CPU
		{6BA3EA08-6BDB-4B2D-8729-409E136D4D74}.Release|Any CPU.ActiveCfg = Release|Any CPU
		{6BA3EA08-6BDB-4B2D-8729-409E136D4D74}.Release|Any CPU.Build.0 = Release|Any CPU
		{6BA3EA08-6BDB-4B2D-8729-409E136D4D74}.Release|x86.ActiveCfg = Release|Any CPU
		{6BA3EA08-6BDB-4B2D-8729-409E136D4D74}.Release|x86.Build.0 = Release|Any CPU
		{6BA3EA08-6BDB-4B2D-8729-409E136D4D74}.v4.0-Debug|Any CPU.ActiveCfg = Debug|Any CPU
		{6BA3EA08-6BDB-4B2D-8729-409E136D4D74}.v4.0-Debug|Any CPU.Build.0 = Debug|Any CPU
		{6BA3EA08-6BDB-4B2D-8729-409E136D4D74}.v4.0-Debug|x86.ActiveCfg = Debug|Any CPU
		{6BA3EA08-6BDB-4B2D-8729-409E136D4D74}.v4.0-Debug|x86.Build.0 = Debug|Any CPU
		{6BA3EA08-6BDB-4B2D-8729-409E136D4D74}.v4.0-Release|Any CPU.ActiveCfg = Release|Any CPU
		{6BA3EA08-6BDB-4B2D-8729-409E136D4D74}.v4.0-Release|Any CPU.Build.0 = Release|Any CPU
		{6BA3EA08-6BDB-4B2D-8729-409E136D4D74}.v4.0-Release|x86.ActiveCfg = Release|Any CPU
		{6BA3EA08-6BDB-4B2D-8729-409E136D4D74}.v4.0-Release|x86.Build.0 = Release|Any CPU
		{86A00748-2A4E-4180-B04E-0E1F6A62A258}.Debug|Any CPU.ActiveCfg = Debug|Any CPU
		{86A00748-2A4E-4180-B04E-0E1F6A62A258}.Debug|Any CPU.Build.0 = Debug|Any CPU
		{86A00748-2A4E-4180-B04E-0E1F6A62A258}.Debug|x86.ActiveCfg = Debug|Any CPU
		{86A00748-2A4E-4180-B04E-0E1F6A62A258}.Debug|x86.Build.0 = Debug|Any CPU
		{86A00748-2A4E-4180-B04E-0E1F6A62A258}.ForRtuXP|Any CPU.ActiveCfg = Release|Any CPU
		{86A00748-2A4E-4180-B04E-0E1F6A62A258}.ForRtuXP|Any CPU.Build.0 = Release|Any CPU
		{86A00748-2A4E-4180-B04E-0E1F6A62A258}.ForRtuXP|x86.ActiveCfg = Release|Any CPU
		{86A00748-2A4E-4180-B04E-0E1F6A62A258}.ForRtuXP|x86.Build.0 = Release|Any CPU
		{86A00748-2A4E-4180-B04E-0E1F6A62A258}.Release|Any CPU.ActiveCfg = Release|Any CPU
		{86A00748-2A4E-4180-B04E-0E1F6A62A258}.Release|Any CPU.Build.0 = Release|Any CPU
		{86A00748-2A4E-4180-B04E-0E1F6A62A258}.Release|x86.ActiveCfg = Release|Any CPU
		{86A00748-2A4E-4180-B04E-0E1F6A62A258}.Release|x86.Build.0 = Release|Any CPU
		{86A00748-2A4E-4180-B04E-0E1F6A62A258}.v4.0-Debug|Any CPU.ActiveCfg = Debug|Any CPU
		{86A00748-2A4E-4180-B04E-0E1F6A62A258}.v4.0-Debug|Any CPU.Build.0 = Debug|Any CPU
		{86A00748-2A4E-4180-B04E-0E1F6A62A258}.v4.0-Debug|x86.ActiveCfg = Debug|Any CPU
		{86A00748-2A4E-4180-B04E-0E1F6A62A258}.v4.0-Debug|x86.Build.0 = Debug|Any CPU
		{86A00748-2A4E-4180-B04E-0E1F6A62A258}.v4.0-Release|Any CPU.ActiveCfg = Release|Any CPU
		{86A00748-2A4E-4180-B04E-0E1F6A62A258}.v4.0-Release|Any CPU.Build.0 = Release|Any CPU
		{86A00748-2A4E-4180-B04E-0E1F6A62A258}.v4.0-Release|x86.ActiveCfg = Release|Any CPU
		{86A00748-2A4E-4180-B04E-0E1F6A62A258}.v4.0-Release|x86.Build.0 = Release|Any CPU
		{716240FF-D1E8-4BD3-9E63-431382617398}.Debug|Any CPU.ActiveCfg = Debug|Any CPU
		{716240FF-D1E8-4BD3-9E63-431382617398}.Debug|Any CPU.Build.0 = Debug|Any CPU
		{716240FF-D1E8-4BD3-9E63-431382617398}.Debug|x86.ActiveCfg = Debug|x86
		{716240FF-D1E8-4BD3-9E63-431382617398}.Debug|x86.Build.0 = Debug|x86
		{716240FF-D1E8-4BD3-9E63-431382617398}.ForRtuXP|Any CPU.ActiveCfg = ForRtuXP|Any CPU
		{716240FF-D1E8-4BD3-9E63-431382617398}.ForRtuXP|Any CPU.Build.0 = ForRtuXP|Any CPU
		{716240FF-D1E8-4BD3-9E63-431382617398}.ForRtuXP|x86.ActiveCfg = ForRtuXP|x86
		{716240FF-D1E8-4BD3-9E63-431382617398}.ForRtuXP|x86.Build.0 = ForRtuXP|x86
		{716240FF-D1E8-4BD3-9E63-431382617398}.Release|Any CPU.ActiveCfg = Release|Any CPU
		{716240FF-D1E8-4BD3-9E63-431382617398}.Release|Any CPU.Build.0 = Release|Any CPU
		{716240FF-D1E8-4BD3-9E63-431382617398}.Release|x86.ActiveCfg = Release|x86
		{716240FF-D1E8-4BD3-9E63-431382617398}.Release|x86.Build.0 = Release|x86
		{716240FF-D1E8-4BD3-9E63-431382617398}.v4.0-Debug|Any CPU.ActiveCfg = Debug|Any CPU
		{716240FF-D1E8-4BD3-9E63-431382617398}.v4.0-Debug|Any CPU.Build.0 = Debug|Any CPU
		{716240FF-D1E8-4BD3-9E63-431382617398}.v4.0-Debug|x86.ActiveCfg = Debug|x86
		{716240FF-D1E8-4BD3-9E63-431382617398}.v4.0-Debug|x86.Build.0 = Debug|x86
		{716240FF-D1E8-4BD3-9E63-431382617398}.v4.0-Release|Any CPU.ActiveCfg = Release|Any CPU
		{716240FF-D1E8-4BD3-9E63-431382617398}.v4.0-Release|Any CPU.Build.0 = Release|Any CPU
		{716240FF-D1E8-4BD3-9E63-431382617398}.v4.0-Release|x86.ActiveCfg = Release|x86
		{716240FF-D1E8-4BD3-9E63-431382617398}.v4.0-Release|x86.Build.0 = Release|x86
		{0CB0EA37-4A27-45F0-BB01-4C0E064E8962}.Debug|Any CPU.ActiveCfg = Debug|Any CPU
		{0CB0EA37-4A27-45F0-BB01-4C0E064E8962}.Debug|Any CPU.Build.0 = Debug|Any CPU
		{0CB0EA37-4A27-45F0-BB01-4C0E064E8962}.Debug|x86.ActiveCfg = Debug|x86
		{0CB0EA37-4A27-45F0-BB01-4C0E064E8962}.Debug|x86.Build.0 = Debug|x86
		{0CB0EA37-4A27-45F0-BB01-4C0E064E8962}.ForRtuXP|Any CPU.ActiveCfg = ForRtuXP|Any CPU
		{0CB0EA37-4A27-45F0-BB01-4C0E064E8962}.ForRtuXP|Any CPU.Build.0 = ForRtuXP|Any CPU
		{0CB0EA37-4A27-45F0-BB01-4C0E064E8962}.ForRtuXP|x86.ActiveCfg = ForRtuXP|x86
		{0CB0EA37-4A27-45F0-BB01-4C0E064E8962}.ForRtuXP|x86.Build.0 = ForRtuXP|x86
		{0CB0EA37-4A27-45F0-BB01-4C0E064E8962}.Release|Any CPU.ActiveCfg = Release|Any CPU
		{0CB0EA37-4A27-45F0-BB01-4C0E064E8962}.Release|Any CPU.Build.0 = Release|Any CPU
		{0CB0EA37-4A27-45F0-BB01-4C0E064E8962}.Release|x86.ActiveCfg = Release|x86
		{0CB0EA37-4A27-45F0-BB01-4C0E064E8962}.Release|x86.Build.0 = Release|x86
		{0CB0EA37-4A27-45F0-BB01-4C0E064E8962}.v4.0-Debug|Any CPU.ActiveCfg = Debug|Any CPU
		{0CB0EA37-4A27-45F0-BB01-4C0E064E8962}.v4.0-Debug|Any CPU.Build.0 = Debug|Any CPU
		{0CB0EA37-4A27-45F0-BB01-4C0E064E8962}.v4.0-Debug|x86.ActiveCfg = Debug|x86
		{0CB0EA37-4A27-45F0-BB01-4C0E064E8962}.v4.0-Debug|x86.Build.0 = Debug|x86
		{0CB0EA37-4A27-45F0-BB01-4C0E064E8962}.v4.0-Release|Any CPU.ActiveCfg = Release|Any CPU
		{0CB0EA37-4A27-45F0-BB01-4C0E064E8962}.v4.0-Release|Any CPU.Build.0 = Release|Any CPU
		{0CB0EA37-4A27-45F0-BB01-4C0E064E8962}.v4.0-Release|x86.ActiveCfg = Release|x86
		{0CB0EA37-4A27-45F0-BB01-4C0E064E8962}.v4.0-Release|x86.Build.0 = Release|x86
		{72F6524C-E7EE-4DFD-8AE2-15A4E5225D3B}.Debug|Any CPU.ActiveCfg = Debug|Any CPU
		{72F6524C-E7EE-4DFD-8AE2-15A4E5225D3B}.Debug|Any CPU.Build.0 = Debug|Any CPU
		{72F6524C-E7EE-4DFD-8AE2-15A4E5225D3B}.Debug|x86.ActiveCfg = Debug|Any CPU
		{72F6524C-E7EE-4DFD-8AE2-15A4E5225D3B}.Debug|x86.Build.0 = Debug|Any CPU
		{72F6524C-E7EE-4DFD-8AE2-15A4E5225D3B}.ForRtuXP|Any CPU.ActiveCfg = Release|Any CPU
		{72F6524C-E7EE-4DFD-8AE2-15A4E5225D3B}.ForRtuXP|Any CPU.Build.0 = Release|Any CPU
		{72F6524C-E7EE-4DFD-8AE2-15A4E5225D3B}.ForRtuXP|x86.ActiveCfg = Release|Any CPU
		{72F6524C-E7EE-4DFD-8AE2-15A4E5225D3B}.ForRtuXP|x86.Build.0 = Release|Any CPU
		{72F6524C-E7EE-4DFD-8AE2-15A4E5225D3B}.Release|Any CPU.ActiveCfg = Release|Any CPU
		{72F6524C-E7EE-4DFD-8AE2-15A4E5225D3B}.Release|Any CPU.Build.0 = Release|Any CPU
		{72F6524C-E7EE-4DFD-8AE2-15A4E5225D3B}.Release|x86.ActiveCfg = Release|Any CPU
		{72F6524C-E7EE-4DFD-8AE2-15A4E5225D3B}.Release|x86.Build.0 = Release|Any CPU
		{72F6524C-E7EE-4DFD-8AE2-15A4E5225D3B}.v4.0-Debug|Any CPU.ActiveCfg = Debug|Any CPU
		{72F6524C-E7EE-4DFD-8AE2-15A4E5225D3B}.v4.0-Debug|Any CPU.Build.0 = Debug|Any CPU
		{72F6524C-E7EE-4DFD-8AE2-15A4E5225D3B}.v4.0-Debug|x86.ActiveCfg = Debug|Any CPU
		{72F6524C-E7EE-4DFD-8AE2-15A4E5225D3B}.v4.0-Debug|x86.Build.0 = Debug|Any CPU
		{72F6524C-E7EE-4DFD-8AE2-15A4E5225D3B}.v4.0-Release|Any CPU.ActiveCfg = Release|Any CPU
		{72F6524C-E7EE-4DFD-8AE2-15A4E5225D3B}.v4.0-Release|Any CPU.Build.0 = Release|Any CPU
		{72F6524C-E7EE-4DFD-8AE2-15A4E5225D3B}.v4.0-Release|x86.ActiveCfg = Release|Any CPU
		{72F6524C-E7EE-4DFD-8AE2-15A4E5225D3B}.v4.0-Release|x86.Build.0 = Release|Any CPU
		{EC01DBCB-BD59-4E30-A6C3-F8DDBB6E45F9}.Debug|Any CPU.ActiveCfg = Debug|Any CPU
		{EC01DBCB-BD59-4E30-A6C3-F8DDBB6E45F9}.Debug|Any CPU.Build.0 = Debug|Any CPU
		{EC01DBCB-BD59-4E30-A6C3-F8DDBB6E45F9}.Debug|x86.ActiveCfg = Debug|x86
		{EC01DBCB-BD59-4E30-A6C3-F8DDBB6E45F9}.Debug|x86.Build.0 = Debug|x86
		{EC01DBCB-BD59-4E30-A6C3-F8DDBB6E45F9}.ForRtuXP|Any CPU.ActiveCfg = Release|Any CPU
		{EC01DBCB-BD59-4E30-A6C3-F8DDBB6E45F9}.ForRtuXP|Any CPU.Build.0 = Release|Any CPU
		{EC01DBCB-BD59-4E30-A6C3-F8DDBB6E45F9}.ForRtuXP|x86.ActiveCfg = Release|x86
		{EC01DBCB-BD59-4E30-A6C3-F8DDBB6E45F9}.ForRtuXP|x86.Build.0 = Release|x86
		{EC01DBCB-BD59-4E30-A6C3-F8DDBB6E45F9}.Release|Any CPU.ActiveCfg = Release|Any CPU
		{EC01DBCB-BD59-4E30-A6C3-F8DDBB6E45F9}.Release|Any CPU.Build.0 = Release|Any CPU
		{EC01DBCB-BD59-4E30-A6C3-F8DDBB6E45F9}.Release|x86.ActiveCfg = Release|x86
		{EC01DBCB-BD59-4E30-A6C3-F8DDBB6E45F9}.Release|x86.Build.0 = Release|x86
		{EC01DBCB-BD59-4E30-A6C3-F8DDBB6E45F9}.v4.0-Debug|Any CPU.ActiveCfg = Debug|Any CPU
		{EC01DBCB-BD59-4E30-A6C3-F8DDBB6E45F9}.v4.0-Debug|Any CPU.Build.0 = Debug|Any CPU
		{EC01DBCB-BD59-4E30-A6C3-F8DDBB6E45F9}.v4.0-Debug|x86.ActiveCfg = Debug|x86
		{EC01DBCB-BD59-4E30-A6C3-F8DDBB6E45F9}.v4.0-Debug|x86.Build.0 = Debug|x86
		{EC01DBCB-BD59-4E30-A6C3-F8DDBB6E45F9}.v4.0-Release|Any CPU.ActiveCfg = Release|Any CPU
		{EC01DBCB-BD59-4E30-A6C3-F8DDBB6E45F9}.v4.0-Release|Any CPU.Build.0 = Release|Any CPU
		{EC01DBCB-BD59-4E30-A6C3-F8DDBB6E45F9}.v4.0-Release|x86.ActiveCfg = Release|x86
		{EC01DBCB-BD59-4E30-A6C3-F8DDBB6E45F9}.v4.0-Release|x86.Build.0 = Release|x86
		{55D80640-0934-4C89-BE1D-442D484A17C9}.Debug|Any CPU.ActiveCfg = Debug|Any CPU
		{55D80640-0934-4C89-BE1D-442D484A17C9}.Debug|Any CPU.Build.0 = Debug|Any CPU
		{55D80640-0934-4C89-BE1D-442D484A17C9}.Debug|x86.ActiveCfg = Debug|Any CPU
		{55D80640-0934-4C89-BE1D-442D484A17C9}.Debug|x86.Build.0 = Debug|Any CPU
		{55D80640-0934-4C89-BE1D-442D484A17C9}.ForRtuXP|Any CPU.ActiveCfg = Release|Any CPU
		{55D80640-0934-4C89-BE1D-442D484A17C9}.ForRtuXP|Any CPU.Build.0 = Release|Any CPU
		{55D80640-0934-4C89-BE1D-442D484A17C9}.ForRtuXP|x86.ActiveCfg = Release|Any CPU
		{55D80640-0934-4C89-BE1D-442D484A17C9}.ForRtuXP|x86.Build.0 = Release|Any CPU
		{55D80640-0934-4C89-BE1D-442D484A17C9}.Release|Any CPU.ActiveCfg = Release|Any CPU
		{55D80640-0934-4C89-BE1D-442D484A17C9}.Release|Any CPU.Build.0 = Release|Any CPU
		{55D80640-0934-4C89-BE1D-442D484A17C9}.Release|x86.ActiveCfg = Release|Any CPU
		{55D80640-0934-4C89-BE1D-442D484A17C9}.Release|x86.Build.0 = Release|Any CPU
		{55D80640-0934-4C89-BE1D-442D484A17C9}.v4.0-Debug|Any CPU.ActiveCfg = Debug|Any CPU
		{55D80640-0934-4C89-BE1D-442D484A17C9}.v4.0-Debug|Any CPU.Build.0 = Debug|Any CPU
		{55D80640-0934-4C89-BE1D-442D484A17C9}.v4.0-Debug|x86.ActiveCfg = Debug|Any CPU
		{55D80640-0934-4C89-BE1D-442D484A17C9}.v4.0-Debug|x86.Build.0 = Debug|Any CPU
		{55D80640-0934-4C89-BE1D-442D484A17C9}.v4.0-Release|Any CPU.ActiveCfg = Release|Any CPU
		{55D80640-0934-4C89-BE1D-442D484A17C9}.v4.0-Release|Any CPU.Build.0 = Release|Any CPU
		{55D80640-0934-4C89-BE1D-442D484A17C9}.v4.0-Release|x86.ActiveCfg = Release|Any CPU
		{55D80640-0934-4C89-BE1D-442D484A17C9}.v4.0-Release|x86.Build.0 = Release|Any CPU
	EndGlobalSection
	GlobalSection(SolutionProperties) = preSolution
		HideSolutionNode = FALSE
	EndGlobalSection
	GlobalSection(NestedProjects) = preSolution
		{1822C528-4719-4C53-877E-BC57DBF6D7FF} = {30F780F4-2EC3-46E4-B4A5-285511FA269D}
		{2C3F5F07-366E-4418-BB55-98454EE95145} = {42AA9301-85D4-4443-8326-367AAEC4A258}
		{AED4A94A-A19E-4625-8037-4F5D9489E04C} = {42AA9301-85D4-4443-8326-367AAEC4A258}
		{E9122BBB-B015-4710-BDD3-03243EE8CBCD} = {42AA9301-85D4-4443-8326-367AAEC4A258}
		{277C2787-8886-4B77-B81C-6FC8526803DC} = {42AA9301-85D4-4443-8326-367AAEC4A258}
		{922C03AE-B0D7-4007-8788-D16FFAB89F05} = {42AA9301-85D4-4443-8326-367AAEC4A258}
		{521CB593-76D9-40A5-A5AD-C8845BDF103B} = {42AA9301-85D4-4443-8326-367AAEC4A258}
		{D7C82E5D-E536-4684-B18F-9E1A341324D6} = {42AA9301-85D4-4443-8326-367AAEC4A258}
		{BCA77A87-7253-464B-9721-14673268BA42} = {8D9C27AA-A0E9-4F25-A8F9-EC180BACC347}
		{6BA3EA08-6BDB-4B2D-8729-409E136D4D74} = {8D9C27AA-A0E9-4F25-A8F9-EC180BACC347}
		{86A00748-2A4E-4180-B04E-0E1F6A62A258} = {B846E623-4E4F-4781-B4A4-D598397CF672}
		{716240FF-D1E8-4BD3-9E63-431382617398} = {B846E623-4E4F-4781-B4A4-D598397CF672}
		{0CB0EA37-4A27-45F0-BB01-4C0E064E8962} = {B846E623-4E4F-4781-B4A4-D598397CF672}
		{72F6524C-E7EE-4DFD-8AE2-15A4E5225D3B} = {8D9C27AA-A0E9-4F25-A8F9-EC180BACC347}
		{EC01DBCB-BD59-4E30-A6C3-F8DDBB6E45F9} = {8D9C27AA-A0E9-4F25-A8F9-EC180BACC347}
		{55D80640-0934-4C89-BE1D-442D484A17C9} = {30F780F4-2EC3-46E4-B4A5-285511FA269D}
	EndGlobalSection
EndGlobal
